
Microsoft Visual Studio Solution File, Format Version 12.00
# Visual Studio 15
VisualStudioVersion = 15.0.27703.2026
MinimumVisualStudioVersion = 10.0.40219.1
Project("{2150E333-8FDC-42A3-9474-1A3956D46DE8}") = "Core", "Core", "{9863FCB3-BFA4-4B9C-B8F6-302BA5F660B8}"
EndProject
Project("{9A19103F-16F7-4668-BE54-9A1E7A4F7556}") = "JDCloudSDK.Core", "src\Core\JDCloudSDK.Core.csproj", "{BB7CA472-E6B5-4C2E-8E83-47ECF3A89E82}"
EndProject
Project("{2150E333-8FDC-42A3-9474-1A3956D46DE8}") = "Services", "Services", "{939EC5C2-8345-43E2-8F97-72EEEBEEA0AB}"
EndProject
Project("{2150E333-8FDC-42A3-9474-1A3956D46DE8}") = "Kms", "Kms", "{A41D5EB1-92EF-4DF2-A45C-1EEFDB7A4A39}"
EndProject
Project("{9A19103F-16F7-4668-BE54-9A1E7A4F7556}") = "JDCloudSDK.Kms", "src\Service\Kms\JDCloudSDK.Kms.csproj", "{098EB967-1665-4BD7-8328-9566B0434238}"
EndProject
Project("{2150E333-8FDC-42A3-9474-1A3956D46DE8}") = "Streamcomputer", "Streamcomputer", "{F5EC6485-B831-451E-A119-7AA956FC2089}"
EndProject
Project("{9A19103F-16F7-4668-BE54-9A1E7A4F7556}") = "JDCloudSDK.Streamcomputer", "src\Service\Streamcomputer\JDCloudSDK.Streamcomputer.csproj", "{9FC42A2D-8B36-40C2-894C-84FA2ADE6C61}"
EndProject
Project("{2150E333-8FDC-42A3-9474-1A3956D46DE8}") = "Datastar", "Datastar", "{B565BE52-5281-4E9E-BB1E-2E5367779679}"
EndProject
Project("{9A19103F-16F7-4668-BE54-9A1E7A4F7556}") = "JDCloudSDK.Datastar", "src\Service\Datastar\JDCloudSDK.Datastar.csproj", "{1ECAC61F-072E-42E7-8E62-5D83CAF9D02E}"
EndProject
Project("{2150E333-8FDC-42A3-9474-1A3956D46DE8}") = "Common", "Common", "{AE72B47B-4FF6-4C41-98B4-0351AE474776}"
EndProject
Project("{9A19103F-16F7-4668-BE54-9A1E7A4F7556}") = "JDCloudSDK.Common", "src\Service\Common\JDCloudSDK.Common.csproj", "{FD2DD93E-657F-4286-A213-C396C0902391}"
EndProject
Project("{2150E333-8FDC-42A3-9474-1A3956D46DE8}") = "Oss", "Oss", "{CF3809F1-A28C-4A6B-A3E0-14F7060D00E5}"
EndProject
Project("{9A19103F-16F7-4668-BE54-9A1E7A4F7556}") = "JDCloudSDK.Oss", "src\Service\Oss\JDCloudSDK.Oss.csproj", "{5C155AC1-99C3-41F4-A5C4-F963DBC71876}"
EndProject
Project("{2150E333-8FDC-42A3-9474-1A3956D46DE8}") = "Containerregistry", "Containerregistry", "{D6133686-12EA-47AE-9B74-83AB7B4F1D86}"
EndProject
Project("{9A19103F-16F7-4668-BE54-9A1E7A4F7556}") = "JDCloudSDK.Containerregistry", "src\Service\Containerregistry\JDCloudSDK.Containerregistry.csproj", "{2F38E281-728D-4E02-9D95-8B72360890E7}"
EndProject
Project("{2150E333-8FDC-42A3-9474-1A3956D46DE8}") = "Vm", "Vm", "{2277E5FA-858A-4821-B789-5BF96488EB2C}"
EndProject
Project("{9A19103F-16F7-4668-BE54-9A1E7A4F7556}") = "JDCloudSDK.Vm", "src\Service\Vm\JDCloudSDK.Vm.csproj", "{8BF9EE52-B0BA-4260-9E2A-CD9F77E5A7D0}"
EndProject
Project("{2150E333-8FDC-42A3-9474-1A3956D46DE8}") = "Sop", "Sop", "{BCA0E82A-93FC-4C10-8172-2462BF70F8A1}"
EndProject
Project("{9A19103F-16F7-4668-BE54-9A1E7A4F7556}") = "JDCloudSDK.Sop", "src\Service\Sop\JDCloudSDK.Sop.csproj", "{46F50F01-BA66-47DC-957C-A76125B9377B}"
EndProject
Project("{2150E333-8FDC-42A3-9474-1A3956D46DE8}") = "Jke", "Jke", "{823749B6-C403-4E38-AC06-E26BC36F155E}"
EndProject
Project("{9A19103F-16F7-4668-BE54-9A1E7A4F7556}") = "JDCloudSDK.Jke", "src\Service\Jke\JDCloudSDK.Jke.csproj", "{6F716D6D-379D-465D-B4B9-6A3BDE4111F3}"
EndProject
Project("{2150E333-8FDC-42A3-9474-1A3956D46DE8}") = "Iam", "Iam", "{F289A54C-F429-4159-9E58-2EFC510F43C4}"
EndProject
Project("{9A19103F-16F7-4668-BE54-9A1E7A4F7556}") = "JDCloudSDK.Iam", "src\Service\Iam\JDCloudSDK.Iam.csproj", "{5660FD68-B556-46FE-822D-9B8F6CEFFC39}"
EndProject
Project("{2150E333-8FDC-42A3-9474-1A3956D46DE8}") = "Streambus", "Streambus", "{1CFA5AA3-CEFF-498C-8E32-607E1F348A82}"
EndProject
Project("{9A19103F-16F7-4668-BE54-9A1E7A4F7556}") = "JDCloudSDK.Streambus", "src\Service\Streambus\JDCloudSDK.Streambus.csproj", "{9E7E4277-4AED-40EB-A478-589F2D9CA66A}"
EndProject
Project("{2150E333-8FDC-42A3-9474-1A3956D46DE8}") = "Mongodb", "Mongodb", "{CE56D138-4C59-458D-92A8-619B7BEBA5D6}"
EndProject
Project("{9A19103F-16F7-4668-BE54-9A1E7A4F7556}") = "JDCloudSDK.Mongodb", "src\Service\Mongodb\JDCloudSDK.Mongodb.csproj", "{DD0FA887-4417-4F8F-A009-72DB7831D476}"
EndProject
Project("{2150E333-8FDC-42A3-9474-1A3956D46DE8}") = "Rms", "Rms", "{6DB8903D-DD03-4889-898B-998134891855}"
EndProject
Project("{9A19103F-16F7-4668-BE54-9A1E7A4F7556}") = "JDCloudSDK.Rms", "src\Service\Rms\JDCloudSDK.Rms.csproj", "{E8E9753F-9797-463B-A290-19CBB35860DB}"
EndProject
Project("{2150E333-8FDC-42A3-9474-1A3956D46DE8}") = "Portal", "Portal", "{F1C129FD-4A63-496A-902D-C495E25EBFEC}"
EndProject
Project("{9A19103F-16F7-4668-BE54-9A1E7A4F7556}") = "JDCloudSDK.Portal", "src\Service\Portal\JDCloudSDK.Portal.csproj", "{11E36AB5-F8FA-485E-9BBD-B10E010AE846}"
EndProject
Project("{2150E333-8FDC-42A3-9474-1A3956D46DE8}") = "Baseanti", "Baseanti", "{A3F39358-463F-42B5-BEBD-260B605DD91A}"
EndProject
Project("{9A19103F-16F7-4668-BE54-9A1E7A4F7556}") = "JDCloudSDK.Baseanti", "src\Service\Baseanti\JDCloudSDK.Baseanti.csproj", "{FD9F2C3F-1858-4C3C-AC8C-D50DAD5C9741}"
EndProject
Project("{2150E333-8FDC-42A3-9474-1A3956D46DE8}") = "Cdn", "Cdn", "{4255D337-6DDE-4D36-A376-CB3A0B61B7A4}"
EndProject
Project("{9A19103F-16F7-4668-BE54-9A1E7A4F7556}") = "JDCloudSDK.Cdn", "src\Service\Cdn\JDCloudSDK.Cdn.csproj", "{7F968E88-4932-4764-9B4A-1E463DF0764D}"
EndProject
Project("{2150E333-8FDC-42A3-9474-1A3956D46DE8}") = "Partner", "Partner", "{B91C80F1-CBED-4891-86A4-DCF27359256B}"
EndProject
Project("{9A19103F-16F7-4668-BE54-9A1E7A4F7556}") = "JDCloudSDK.Partner", "src\Service\Partner\JDCloudSDK.Partner.csproj", "{27B9CB40-C86A-45A3-9E28-2DC3013D19D2}"
EndProject
Project("{2150E333-8FDC-42A3-9474-1A3956D46DE8}") = "Zfs", "Zfs", "{76E0914A-F93B-498B-9332-D7F0DA00F5B4}"
EndProject
Project("{9A19103F-16F7-4668-BE54-9A1E7A4F7556}") = "JDCloudSDK.Zfs", "src\Service\Zfs\JDCloudSDK.Zfs.csproj", "{264110F1-B57D-4818-B35B-DCF5F745BA40}"
EndProject
Project("{2150E333-8FDC-42A3-9474-1A3956D46DE8}") = "Jdro", "Jdro", "{02F29E74-2EE5-458C-AEF5-1B0202FC3CF7}"
EndProject
Project("{9A19103F-16F7-4668-BE54-9A1E7A4F7556}") = "JDCloudSDK.Jdro", "src\Service\Jdro\JDCloudSDK.Jdro.csproj", "{B73C2337-705E-4EDA-A5C9-CA89ED9614E9}"
EndProject
Project("{2150E333-8FDC-42A3-9474-1A3956D46DE8}") = "Jcq", "Jcq", "{85F2F8E0-F755-4F95-B8DE-FB267746D78F}"
EndProject
Project("{9A19103F-16F7-4668-BE54-9A1E7A4F7556}") = "JDCloudSDK.Jcq", "src\Service\Jcq\JDCloudSDK.Jcq.csproj", "{28289AAC-2702-4431-8500-6324065DD35B}"
EndProject
Project("{2150E333-8FDC-42A3-9474-1A3956D46DE8}") = "Rds", "Rds", "{3B326A6E-6DF9-4D6A-AEE0-959117F8D0A9}"
EndProject
Project("{9A19103F-16F7-4668-BE54-9A1E7A4F7556}") = "JDCloudSDK.Rds", "src\Service\Rds\JDCloudSDK.Rds.csproj", "{28244996-2A15-407C-A739-9FF7D4770CA6}"
EndProject
Project("{2150E333-8FDC-42A3-9474-1A3956D46DE8}") = "Ipanti", "Ipanti", "{CE65765A-65B0-4E48-BED6-31C17176FB13}"
EndProject
Project("{9A19103F-16F7-4668-BE54-9A1E7A4F7556}") = "JDCloudSDK.Ipanti", "src\Service\Ipanti\JDCloudSDK.Ipanti.csproj", "{70278639-97F6-4976-9975-C7B2E37233B4}"
EndProject
Project("{2150E333-8FDC-42A3-9474-1A3956D46DE8}") = "Jdfusion", "Jdfusion", "{B47F2155-8421-4688-9B07-FCD12CE3F1B5}"
EndProject
Project("{9A19103F-16F7-4668-BE54-9A1E7A4F7556}") = "JDCloudSDK.Jdfusion", "src\Service\Jdfusion\JDCloudSDK.Jdfusion.csproj", "{DCDEA443-2EDC-422F-A38D-FB32B2AA3F96}"
EndProject
Project("{2150E333-8FDC-42A3-9474-1A3956D46DE8}") = "Ams", "Ams", "{6A3CBA87-A2A2-4A23-91FC-A12D5D9407CF}"
EndProject
Project("{9A19103F-16F7-4668-BE54-9A1E7A4F7556}") = "JDCloudSDK.Ams", "src\Service\Ams\JDCloudSDK.Ams.csproj", "{2CECA7BF-4E3D-4011-8B48-CE30F4571D0A}"
EndProject
Project("{2150E333-8FDC-42A3-9474-1A3956D46DE8}") = "Function", "Function", "{7D111FB8-141C-46BA-86C4-AEB74AC3DA7D}"
EndProject
Project("{9A19103F-16F7-4668-BE54-9A1E7A4F7556}") = "JDCloudSDK.Function", "src\Service\Function\JDCloudSDK.Function.csproj", "{7D697F85-6F4B-46BF-A385-C533CD5D3D04}"
EndProject
Project("{2150E333-8FDC-42A3-9474-1A3956D46DE8}") = "Iothub", "Iothub", "{5CF1BE1D-9E2E-40DE-8D39-074E400F14E3}"
EndProject
Project("{9A19103F-16F7-4668-BE54-9A1E7A4F7556}") = "JDCloudSDK.Iothub", "src\Service\Iothub\JDCloudSDK.Iothub.csproj", "{3B5ACFD9-B846-41A9-9E7D-83DF15E9AF1A}"
EndProject
Project("{2150E333-8FDC-42A3-9474-1A3956D46DE8}") = "Billing", "Billing", "{29417C86-AA12-4A36-AAFA-4B4EE890AE07}"
EndProject
Project("{9A19103F-16F7-4668-BE54-9A1E7A4F7556}") = "JDCloudSDK.Billing", "src\Service\Billing\JDCloudSDK.Billing.csproj", "{9BB1C144-F5D7-45FD-9A45-3ADD493AF481}"
EndProject
Project("{2150E333-8FDC-42A3-9474-1A3956D46DE8}") = "Cps", "Cps", "{01BEB7CE-6CF9-4D58-BB67-3746110BB938}"
EndProject
Project("{9A19103F-16F7-4668-BE54-9A1E7A4F7556}") = "JDCloudSDK.Cps", "src\Service\Cps\JDCloudSDK.Cps.csproj", "{3B514CEB-D522-4491-B401-B8E205DCF91E}"
EndProject
Project("{2150E333-8FDC-42A3-9474-1A3956D46DE8}") = "Elite", "Elite", "{24EBD0AD-C4A3-4F8D-B09A-0E9EB2685887}"
EndProject
Project("{9A19103F-16F7-4668-BE54-9A1E7A4F7556}") = "JDCloudSDK.Elite", "src\Service\Elite\JDCloudSDK.Elite.csproj", "{E4EF509F-09A2-45B0-820B-E82C6CE5803F}"
EndProject
Project("{2150E333-8FDC-42A3-9474-1A3956D46DE8}") = "Jdw", "Jdw", "{EEDE1698-BCED-4BF4-8FCF-13075433B999}"
EndProject
Project("{9A19103F-16F7-4668-BE54-9A1E7A4F7556}") = "JDCloudSDK.Jdw", "src\Service\Jdw\JDCloudSDK.Jdw.csproj", "{85581CC1-E6DD-420F-BBA4-5017F7E37DFE}"
EndProject
Project("{2150E333-8FDC-42A3-9474-1A3956D46DE8}") = "Kubernetes", "Kubernetes", "{F9EFFDE6-7588-4595-BAA6-C22BEDC0AA95}"
EndProject
Project("{9A19103F-16F7-4668-BE54-9A1E7A4F7556}") = "JDCloudSDK.Kubernetes", "src\Service\Kubernetes\JDCloudSDK.Kubernetes.csproj", "{0FE68861-7520-4994-B86E-2E79A9ACE497}"
EndProject
Project("{2150E333-8FDC-42A3-9474-1A3956D46DE8}") = "Monitor", "Monitor", "{B4ED4047-4D70-4ACA-97CA-E4FBD487C241}"
EndProject
Project("{9A19103F-16F7-4668-BE54-9A1E7A4F7556}") = "JDCloudSDK.Monitor", "src\Service\Monitor\JDCloudSDK.Monitor.csproj", "{35D33F9C-F5DE-4565-B7F3-3FDD5A0ED743}"
EndProject
Project("{2150E333-8FDC-42A3-9474-1A3956D46DE8}") = "Vpc", "Vpc", "{71B24A64-6814-454B-842E-8C76A15853E1}"
EndProject
Project("{9A19103F-16F7-4668-BE54-9A1E7A4F7556}") = "JDCloudSDK.Vpc", "src\Service\Vpc\JDCloudSDK.Vpc.csproj", "{F93893B9-02BF-4F54-AC26-5059B4BAC985}"
EndProject
Project("{2150E333-8FDC-42A3-9474-1A3956D46DE8}") = "Deploy", "Deploy", "{8E26A354-DAB7-4AD9-B572-6C03273FB01F}"
EndProject
Project("{9A19103F-16F7-4668-BE54-9A1E7A4F7556}") = "JDCloudSDK.Deploy", "src\Service\Deploy\JDCloudSDK.Deploy.csproj", "{19E1C296-CEAF-457E-8FAA-9133945B9147}"
EndProject
Project("{2150E333-8FDC-42A3-9474-1A3956D46DE8}") = "Ossopenapi", "Ossopenapi", "{86CDD8B2-A269-4ED0-906A-0268A0C13A87}"
EndProject
Project("{9A19103F-16F7-4668-BE54-9A1E7A4F7556}") = "JDCloudSDK.Ossopenapi", "src\Service\Ossopenapi\JDCloudSDK.Ossopenapi.csproj", "{25F8E1D1-C7DB-4346-B731-BE3F6DB73D3D}"
EndProject
Project("{2150E333-8FDC-42A3-9474-1A3956D46DE8}") = "Mps", "Mps", "{45AF6B33-5251-4B11-B6DC-C3184019B8C4}"
EndProject
Project("{9A19103F-16F7-4668-BE54-9A1E7A4F7556}") = "JDCloudSDK.Mps", "src\Service\Mps\JDCloudSDK.Mps.csproj", "{AC0DD856-EF77-42F1-AA3F-1BC9912B29A2}"
EndProject
Project("{2150E333-8FDC-42A3-9474-1A3956D46DE8}") = "Charge", "Charge", "{1B418B87-A2A2-45EC-A7F6-284A9D57FEC3}"
EndProject
Project("{9A19103F-16F7-4668-BE54-9A1E7A4F7556}") = "JDCloudSDK.Charge", "src\Service\Charge\JDCloudSDK.Charge.csproj", "{9B10A858-F55E-46EA-8365-5DE52125C2EA}"
EndProject
Project("{2150E333-8FDC-42A3-9474-1A3956D46DE8}") = "Cr", "Cr", "{596C6633-3B70-4738-BAF2-1A32F3E90B38}"
EndProject
Project("{9A19103F-16F7-4668-BE54-9A1E7A4F7556}") = "JDCloudSDK.Cr", "src\Service\Cr\JDCloudSDK.Cr.csproj", "{28203422-F8E5-40C4-AE34-8D64511524F1}"
EndProject
Project("{2150E333-8FDC-42A3-9474-1A3956D46DE8}") = "Ias", "Ias", "{65BC8370-87BE-405B-882D-81A5ABE1F6DB}"
EndProject
Project("{9A19103F-16F7-4668-BE54-9A1E7A4F7556}") = "JDCloudSDK.Ias", "src\Service\Ias\JDCloudSDK.Ias.csproj", "{5E1583C4-424F-44E7-BF82-DDDAC0738632}"
EndProject
Project("{2150E333-8FDC-42A3-9474-1A3956D46DE8}") = "Xdata", "Xdata", "{DD0B88D3-6286-4500-B346-221D20C6E990}"
EndProject
Project("{9A19103F-16F7-4668-BE54-9A1E7A4F7556}") = "JDCloudSDK.Xdata", "src\Service\Xdata\JDCloudSDK.Xdata.csproj", "{20AE0F67-1C74-440D-82A5-ADFE34583A50}"
EndProject
Project("{2150E333-8FDC-42A3-9474-1A3956D46DE8}") = "Pod", "Pod", "{B2798550-BCF2-4375-9BFA-B987AFAA071B}"
EndProject
Project("{9A19103F-16F7-4668-BE54-9A1E7A4F7556}") = "JDCloudSDK.Pod", "src\Service\Pod\JDCloudSDK.Pod.csproj", "{F93AE49A-8E8A-4270-B458-D05ED764758F}"
EndProject
Project("{2150E333-8FDC-42A3-9474-1A3956D46DE8}") = "Live", "Live", "{7893CBB5-6FDD-4D97-B97A-EDA0369BBFBF}"
EndProject
Project("{9A19103F-16F7-4668-BE54-9A1E7A4F7556}") = "JDCloudSDK.Live", "src\Service\Live\JDCloudSDK.Live.csproj", "{71F7D3E7-59CD-4E65-B1B8-4DA24ADDD06B}"
EndProject
Project("{2150E333-8FDC-42A3-9474-1A3956D46DE8}") = "Httpdns", "Httpdns", "{3D409F8B-A21F-4DCF-942C-7B863E24A502}"
EndProject
Project("{9A19103F-16F7-4668-BE54-9A1E7A4F7556}") = "JDCloudSDK.Httpdns", "src\Service\Httpdns\JDCloudSDK.Httpdns.csproj", "{2C05379D-957C-49C2-93E8-130B30002371}"
EndProject
Project("{2150E333-8FDC-42A3-9474-1A3956D46DE8}") = "Nc", "Nc", "{58FE5591-E3CB-4779-B594-23D6A07F4365}"
EndProject
Project("{9A19103F-16F7-4668-BE54-9A1E7A4F7556}") = "JDCloudSDK.Nc", "src\Service\Nc\JDCloudSDK.Nc.csproj", "{FFE42C69-6B2B-48A8-8EDC-89BBF0A51AFA}"
EndProject
Project("{2150E333-8FDC-42A3-9474-1A3956D46DE8}") = "Redis", "Redis", "{2422D400-8DBC-45C8-84AD-C5FFF7CD970D}"
EndProject
Project("{9A19103F-16F7-4668-BE54-9A1E7A4F7556}") = "JDCloudSDK.Redis", "src\Service\Redis\JDCloudSDK.Redis.csproj", "{510A7CB5-7936-48DD-BCE9-0F7DA36C5C9E}"
EndProject
Project("{2150E333-8FDC-42A3-9474-1A3956D46DE8}") = "Vod", "Vod", "{11030A18-833B-4797-97DF-A09EA27D9823}"
EndProject
Project("{9A19103F-16F7-4668-BE54-9A1E7A4F7556}") = "JDCloudSDK.Vod", "src\Service\Vod\JDCloudSDK.Vod.csproj", "{CB59839D-B3CF-445F-92C9-4B66141311F4}"
EndProject
Project("{2150E333-8FDC-42A3-9474-1A3956D46DE8}") = "Disk", "Disk", "{1C6D3A6D-DF4C-4846-8895-428115EF234C}"
EndProject
Project("{9A19103F-16F7-4668-BE54-9A1E7A4F7556}") = "JDCloudSDK.Disk", "src\Service\Disk\JDCloudSDK.Disk.csproj", "{4F0C00F0-B8E7-4985-B8F9-3E4FF54BB59D}"
EndProject
Project("{2150E333-8FDC-42A3-9474-1A3956D46DE8}") = "Clouddnsservice", "Clouddnsservice", "{A31FBC03-C503-4D78-96BF-1A5F1B2661CC}"
EndProject
Project("{9A19103F-16F7-4668-BE54-9A1E7A4F7556}") = "JDCloudSDK.Clouddnsservice", "src\Service\Clouddnsservice\JDCloudSDK.Clouddnsservice.csproj", "{5F0542D5-E955-4005-9970-B4732C190045}"
EndProject
Project("{2150E333-8FDC-42A3-9474-1A3956D46DE8}") = "Examples", "Examples", "{7FFC27FB-A2E6-40DC-8086-7F80AC667248}"
EndProject
Project("{2150E333-8FDC-42A3-9474-1A3956D46DE8}") = "Standard2", "Standard2", "{30CBBF49-25AE-4EAB-B0F1-B4D186C1C07E}"
EndProject
Project("{2150E333-8FDC-42A3-9474-1A3956D46DE8}") = "Net45", "Net45", "{8CF3969A-8BCD-4D7C-A6AB-E3FF9BE45358}"
EndProject
Project("{2150E333-8FDC-42A3-9474-1A3956D46DE8}") = "Net40", "Net40", "{4AEA9A58-AF75-41B1-9DF3-1BFD94BC4E86}"
EndProject
Project("{2150E333-8FDC-42A3-9474-1A3956D46DE8}") = "Net35", "Net35", "{82A5228C-AA79-4F67-BBE9-13ACD4E14157}"
EndProject
Project("{9A19103F-16F7-4668-BE54-9A1E7A4F7556}") = "JDCloudSDK.Test.Standard2", "src\Examples\Standard2\JDCloudSDK.Test.Standard2.csproj", "{91505A4E-5349-4AD0-A873-E72A6E8111B4}"
EndProject
Project("{FAE04EC0-301F-11D3-BF4B-00C04F79EFBC}") = "JDCloudSDK.Test.NET45", "src\Examples\NET45\JDCloudSDK.Test.NET45.csproj", "{8EDF4429-251A-416D-BB68-93F227191BCF}"
EndProject
Project("{FAE04EC0-301F-11D3-BF4B-00C04F79EFBC}") = "JDCloudSDK.Test.NET40", "src\Examples\NET40\JDCloudSDK.Test.NET40.csproj", "{EFBC4DF7-C1FD-4D3C-A0F3-4D301585DCD3}"
EndProject
Project("{FAE04EC0-301F-11D3-BF4B-00C04F79EFBC}") = "JDCloudSDK.Test.NET35", "src\Examples\NET35\JDCloudSDK.Test.NET35.csproj", "{394A2075-7991-44C6-8C41-D9B9FE4EA893}"
EndProject
Global
	GlobalSection(SolutionConfigurationPlatforms) = preSolution
		Debug|Any CPU = Debug|Any CPU
		Release|Any CPU = Release|Any CPU
	EndGlobalSection
	GlobalSection(ProjectConfigurationPlatforms) = postSolution
		{BB7CA472-E6B5-4C2E-8E83-47ECF3A89E82}.Debug|Any CPU.ActiveCfg = Debug|Any CPU
		{BB7CA472-E6B5-4C2E-8E83-47ECF3A89E82}.Debug|Any CPU.Build.0 = Debug|Any CPU
		{BB7CA472-E6B5-4C2E-8E83-47ECF3A89E82}.Release|Any CPU.ActiveCfg = Release|Any CPU
		{BB7CA472-E6B5-4C2E-8E83-47ECF3A89E82}.Release|Any CPU.Build.0 = Release|Any CPU
		{098EB967-1665-4BD7-8328-9566B0434238}.Debug|Any CPU.ActiveCfg = Debug|Any CPU
		{098EB967-1665-4BD7-8328-9566B0434238}.Debug|Any CPU.Build.0 = Debug|Any CPU
		{098EB967-1665-4BD7-8328-9566B0434238}.Release|Any CPU.ActiveCfg = Release|Any CPU
		{098EB967-1665-4BD7-8328-9566B0434238}.Release|Any CPU.Build.0 = Release|Any CPU
		{9FC42A2D-8B36-40C2-894C-84FA2ADE6C61}.Debug|Any CPU.ActiveCfg = Debug|Any CPU
		{9FC42A2D-8B36-40C2-894C-84FA2ADE6C61}.Debug|Any CPU.Build.0 = Debug|Any CPU
		{9FC42A2D-8B36-40C2-894C-84FA2ADE6C61}.Release|Any CPU.ActiveCfg = Release|Any CPU
		{9FC42A2D-8B36-40C2-894C-84FA2ADE6C61}.Release|Any CPU.Build.0 = Release|Any CPU
		{1ECAC61F-072E-42E7-8E62-5D83CAF9D02E}.Debug|Any CPU.ActiveCfg = Debug|Any CPU
		{1ECAC61F-072E-42E7-8E62-5D83CAF9D02E}.Debug|Any CPU.Build.0 = Debug|Any CPU
		{1ECAC61F-072E-42E7-8E62-5D83CAF9D02E}.Release|Any CPU.ActiveCfg = Release|Any CPU
		{1ECAC61F-072E-42E7-8E62-5D83CAF9D02E}.Release|Any CPU.Build.0 = Release|Any CPU
		{FD2DD93E-657F-4286-A213-C396C0902391}.Debug|Any CPU.ActiveCfg = Debug|Any CPU
		{FD2DD93E-657F-4286-A213-C396C0902391}.Debug|Any CPU.Build.0 = Debug|Any CPU
		{FD2DD93E-657F-4286-A213-C396C0902391}.Release|Any CPU.ActiveCfg = Release|Any CPU
		{FD2DD93E-657F-4286-A213-C396C0902391}.Release|Any CPU.Build.0 = Release|Any CPU
		{5C155AC1-99C3-41F4-A5C4-F963DBC71876}.Debug|Any CPU.ActiveCfg = Debug|Any CPU
		{5C155AC1-99C3-41F4-A5C4-F963DBC71876}.Debug|Any CPU.Build.0 = Debug|Any CPU
		{5C155AC1-99C3-41F4-A5C4-F963DBC71876}.Release|Any CPU.ActiveCfg = Release|Any CPU
		{5C155AC1-99C3-41F4-A5C4-F963DBC71876}.Release|Any CPU.Build.0 = Release|Any CPU
		{2F38E281-728D-4E02-9D95-8B72360890E7}.Debug|Any CPU.ActiveCfg = Debug|Any CPU
		{2F38E281-728D-4E02-9D95-8B72360890E7}.Debug|Any CPU.Build.0 = Debug|Any CPU
		{2F38E281-728D-4E02-9D95-8B72360890E7}.Release|Any CPU.ActiveCfg = Release|Any CPU
		{2F38E281-728D-4E02-9D95-8B72360890E7}.Release|Any CPU.Build.0 = Release|Any CPU
		{8BF9EE52-B0BA-4260-9E2A-CD9F77E5A7D0}.Debug|Any CPU.ActiveCfg = Debug|Any CPU
		{8BF9EE52-B0BA-4260-9E2A-CD9F77E5A7D0}.Debug|Any CPU.Build.0 = Debug|Any CPU
		{8BF9EE52-B0BA-4260-9E2A-CD9F77E5A7D0}.Release|Any CPU.ActiveCfg = Release|Any CPU
		{8BF9EE52-B0BA-4260-9E2A-CD9F77E5A7D0}.Release|Any CPU.Build.0 = Release|Any CPU
		{46F50F01-BA66-47DC-957C-A76125B9377B}.Debug|Any CPU.ActiveCfg = Debug|Any CPU
		{46F50F01-BA66-47DC-957C-A76125B9377B}.Debug|Any CPU.Build.0 = Debug|Any CPU
		{46F50F01-BA66-47DC-957C-A76125B9377B}.Release|Any CPU.ActiveCfg = Release|Any CPU
		{46F50F01-BA66-47DC-957C-A76125B9377B}.Release|Any CPU.Build.0 = Release|Any CPU
		{6F716D6D-379D-465D-B4B9-6A3BDE4111F3}.Debug|Any CPU.ActiveCfg = Debug|Any CPU
		{6F716D6D-379D-465D-B4B9-6A3BDE4111F3}.Debug|Any CPU.Build.0 = Debug|Any CPU
		{6F716D6D-379D-465D-B4B9-6A3BDE4111F3}.Release|Any CPU.ActiveCfg = Release|Any CPU
		{6F716D6D-379D-465D-B4B9-6A3BDE4111F3}.Release|Any CPU.Build.0 = Release|Any CPU
		{5660FD68-B556-46FE-822D-9B8F6CEFFC39}.Debug|Any CPU.ActiveCfg = Debug|Any CPU
		{5660FD68-B556-46FE-822D-9B8F6CEFFC39}.Debug|Any CPU.Build.0 = Debug|Any CPU
		{5660FD68-B556-46FE-822D-9B8F6CEFFC39}.Release|Any CPU.ActiveCfg = Release|Any CPU
		{5660FD68-B556-46FE-822D-9B8F6CEFFC39}.Release|Any CPU.Build.0 = Release|Any CPU
		{9E7E4277-4AED-40EB-A478-589F2D9CA66A}.Debug|Any CPU.ActiveCfg = Debug|Any CPU
		{9E7E4277-4AED-40EB-A478-589F2D9CA66A}.Debug|Any CPU.Build.0 = Debug|Any CPU
		{9E7E4277-4AED-40EB-A478-589F2D9CA66A}.Release|Any CPU.ActiveCfg = Release|Any CPU
		{9E7E4277-4AED-40EB-A478-589F2D9CA66A}.Release|Any CPU.Build.0 = Release|Any CPU
		{DD0FA887-4417-4F8F-A009-72DB7831D476}.Debug|Any CPU.ActiveCfg = Debug|Any CPU
		{DD0FA887-4417-4F8F-A009-72DB7831D476}.Debug|Any CPU.Build.0 = Debug|Any CPU
		{DD0FA887-4417-4F8F-A009-72DB7831D476}.Release|Any CPU.ActiveCfg = Release|Any CPU
		{DD0FA887-4417-4F8F-A009-72DB7831D476}.Release|Any CPU.Build.0 = Release|Any CPU
		{E8E9753F-9797-463B-A290-19CBB35860DB}.Debug|Any CPU.ActiveCfg = Debug|Any CPU
		{E8E9753F-9797-463B-A290-19CBB35860DB}.Debug|Any CPU.Build.0 = Debug|Any CPU
		{E8E9753F-9797-463B-A290-19CBB35860DB}.Release|Any CPU.ActiveCfg = Release|Any CPU
		{E8E9753F-9797-463B-A290-19CBB35860DB}.Release|Any CPU.Build.0 = Release|Any CPU
		{11E36AB5-F8FA-485E-9BBD-B10E010AE846}.Debug|Any CPU.ActiveCfg = Debug|Any CPU
		{11E36AB5-F8FA-485E-9BBD-B10E010AE846}.Debug|Any CPU.Build.0 = Debug|Any CPU
		{11E36AB5-F8FA-485E-9BBD-B10E010AE846}.Release|Any CPU.ActiveCfg = Release|Any CPU
		{11E36AB5-F8FA-485E-9BBD-B10E010AE846}.Release|Any CPU.Build.0 = Release|Any CPU
		{FD9F2C3F-1858-4C3C-AC8C-D50DAD5C9741}.Debug|Any CPU.ActiveCfg = Debug|Any CPU
		{FD9F2C3F-1858-4C3C-AC8C-D50DAD5C9741}.Debug|Any CPU.Build.0 = Debug|Any CPU
		{FD9F2C3F-1858-4C3C-AC8C-D50DAD5C9741}.Release|Any CPU.ActiveCfg = Release|Any CPU
		{FD9F2C3F-1858-4C3C-AC8C-D50DAD5C9741}.Release|Any CPU.Build.0 = Release|Any CPU
		{7F968E88-4932-4764-9B4A-1E463DF0764D}.Debug|Any CPU.ActiveCfg = Debug|Any CPU
		{7F968E88-4932-4764-9B4A-1E463DF0764D}.Debug|Any CPU.Build.0 = Debug|Any CPU
		{7F968E88-4932-4764-9B4A-1E463DF0764D}.Release|Any CPU.ActiveCfg = Release|Any CPU
		{7F968E88-4932-4764-9B4A-1E463DF0764D}.Release|Any CPU.Build.0 = Release|Any CPU
		{27B9CB40-C86A-45A3-9E28-2DC3013D19D2}.Debug|Any CPU.ActiveCfg = Debug|Any CPU
		{27B9CB40-C86A-45A3-9E28-2DC3013D19D2}.Debug|Any CPU.Build.0 = Debug|Any CPU
		{27B9CB40-C86A-45A3-9E28-2DC3013D19D2}.Release|Any CPU.ActiveCfg = Release|Any CPU
		{27B9CB40-C86A-45A3-9E28-2DC3013D19D2}.Release|Any CPU.Build.0 = Release|Any CPU
		{264110F1-B57D-4818-B35B-DCF5F745BA40}.Debug|Any CPU.ActiveCfg = Debug|Any CPU
		{264110F1-B57D-4818-B35B-DCF5F745BA40}.Debug|Any CPU.Build.0 = Debug|Any CPU
		{264110F1-B57D-4818-B35B-DCF5F745BA40}.Release|Any CPU.ActiveCfg = Release|Any CPU
		{264110F1-B57D-4818-B35B-DCF5F745BA40}.Release|Any CPU.Build.0 = Release|Any CPU
		{B73C2337-705E-4EDA-A5C9-CA89ED9614E9}.Debug|Any CPU.ActiveCfg = Debug|Any CPU
		{B73C2337-705E-4EDA-A5C9-CA89ED9614E9}.Debug|Any CPU.Build.0 = Debug|Any CPU
		{B73C2337-705E-4EDA-A5C9-CA89ED9614E9}.Release|Any CPU.ActiveCfg = Release|Any CPU
		{B73C2337-705E-4EDA-A5C9-CA89ED9614E9}.Release|Any CPU.Build.0 = Release|Any CPU
		{28289AAC-2702-4431-8500-6324065DD35B}.Debug|Any CPU.ActiveCfg = Debug|Any CPU
		{28289AAC-2702-4431-8500-6324065DD35B}.Debug|Any CPU.Build.0 = Debug|Any CPU
		{28289AAC-2702-4431-8500-6324065DD35B}.Release|Any CPU.ActiveCfg = Release|Any CPU
		{28289AAC-2702-4431-8500-6324065DD35B}.Release|Any CPU.Build.0 = Release|Any CPU
		{28244996-2A15-407C-A739-9FF7D4770CA6}.Debug|Any CPU.ActiveCfg = Debug|Any CPU
		{28244996-2A15-407C-A739-9FF7D4770CA6}.Debug|Any CPU.Build.0 = Debug|Any CPU
		{28244996-2A15-407C-A739-9FF7D4770CA6}.Release|Any CPU.ActiveCfg = Release|Any CPU
		{28244996-2A15-407C-A739-9FF7D4770CA6}.Release|Any CPU.Build.0 = Release|Any CPU
		{70278639-97F6-4976-9975-C7B2E37233B4}.Debug|Any CPU.ActiveCfg = Debug|Any CPU
		{70278639-97F6-4976-9975-C7B2E37233B4}.Debug|Any CPU.Build.0 = Debug|Any CPU
		{70278639-97F6-4976-9975-C7B2E37233B4}.Release|Any CPU.ActiveCfg = Release|Any CPU
		{70278639-97F6-4976-9975-C7B2E37233B4}.Release|Any CPU.Build.0 = Release|Any CPU
		{DCDEA443-2EDC-422F-A38D-FB32B2AA3F96}.Debug|Any CPU.ActiveCfg = Debug|Any CPU
		{DCDEA443-2EDC-422F-A38D-FB32B2AA3F96}.Debug|Any CPU.Build.0 = Debug|Any CPU
		{DCDEA443-2EDC-422F-A38D-FB32B2AA3F96}.Release|Any CPU.ActiveCfg = Release|Any CPU
		{DCDEA443-2EDC-422F-A38D-FB32B2AA3F96}.Release|Any CPU.Build.0 = Release|Any CPU
		{2CECA7BF-4E3D-4011-8B48-CE30F4571D0A}.Debug|Any CPU.ActiveCfg = Debug|Any CPU
		{2CECA7BF-4E3D-4011-8B48-CE30F4571D0A}.Debug|Any CPU.Build.0 = Debug|Any CPU
		{2CECA7BF-4E3D-4011-8B48-CE30F4571D0A}.Release|Any CPU.ActiveCfg = Release|Any CPU
		{2CECA7BF-4E3D-4011-8B48-CE30F4571D0A}.Release|Any CPU.Build.0 = Release|Any CPU
		{7D697F85-6F4B-46BF-A385-C533CD5D3D04}.Debug|Any CPU.ActiveCfg = Debug|Any CPU
		{7D697F85-6F4B-46BF-A385-C533CD5D3D04}.Debug|Any CPU.Build.0 = Debug|Any CPU
		{7D697F85-6F4B-46BF-A385-C533CD5D3D04}.Release|Any CPU.ActiveCfg = Release|Any CPU
		{7D697F85-6F4B-46BF-A385-C533CD5D3D04}.Release|Any CPU.Build.0 = Release|Any CPU
		{3B5ACFD9-B846-41A9-9E7D-83DF15E9AF1A}.Debug|Any CPU.ActiveCfg = Debug|Any CPU
		{3B5ACFD9-B846-41A9-9E7D-83DF15E9AF1A}.Debug|Any CPU.Build.0 = Debug|Any CPU
		{3B5ACFD9-B846-41A9-9E7D-83DF15E9AF1A}.Release|Any CPU.ActiveCfg = Release|Any CPU
		{3B5ACFD9-B846-41A9-9E7D-83DF15E9AF1A}.Release|Any CPU.Build.0 = Release|Any CPU
		{9BB1C144-F5D7-45FD-9A45-3ADD493AF481}.Debug|Any CPU.ActiveCfg = Debug|Any CPU
		{9BB1C144-F5D7-45FD-9A45-3ADD493AF481}.Debug|Any CPU.Build.0 = Debug|Any CPU
		{9BB1C144-F5D7-45FD-9A45-3ADD493AF481}.Release|Any CPU.ActiveCfg = Release|Any CPU
		{9BB1C144-F5D7-45FD-9A45-3ADD493AF481}.Release|Any CPU.Build.0 = Release|Any CPU
		{3B514CEB-D522-4491-B401-B8E205DCF91E}.Debug|Any CPU.ActiveCfg = Debug|Any CPU
		{3B514CEB-D522-4491-B401-B8E205DCF91E}.Debug|Any CPU.Build.0 = Debug|Any CPU
		{3B514CEB-D522-4491-B401-B8E205DCF91E}.Release|Any CPU.ActiveCfg = Release|Any CPU
		{3B514CEB-D522-4491-B401-B8E205DCF91E}.Release|Any CPU.Build.0 = Release|Any CPU
		{E4EF509F-09A2-45B0-820B-E82C6CE5803F}.Debug|Any CPU.ActiveCfg = Debug|Any CPU
		{E4EF509F-09A2-45B0-820B-E82C6CE5803F}.Debug|Any CPU.Build.0 = Debug|Any CPU
		{E4EF509F-09A2-45B0-820B-E82C6CE5803F}.Release|Any CPU.ActiveCfg = Release|Any CPU
		{E4EF509F-09A2-45B0-820B-E82C6CE5803F}.Release|Any CPU.Build.0 = Release|Any CPU
		{85581CC1-E6DD-420F-BBA4-5017F7E37DFE}.Debug|Any CPU.ActiveCfg = Debug|Any CPU
		{85581CC1-E6DD-420F-BBA4-5017F7E37DFE}.Debug|Any CPU.Build.0 = Debug|Any CPU
		{85581CC1-E6DD-420F-BBA4-5017F7E37DFE}.Release|Any CPU.ActiveCfg = Release|Any CPU
		{85581CC1-E6DD-420F-BBA4-5017F7E37DFE}.Release|Any CPU.Build.0 = Release|Any CPU
		{0FE68861-7520-4994-B86E-2E79A9ACE497}.Debug|Any CPU.ActiveCfg = Debug|Any CPU
		{0FE68861-7520-4994-B86E-2E79A9ACE497}.Debug|Any CPU.Build.0 = Debug|Any CPU
		{0FE68861-7520-4994-B86E-2E79A9ACE497}.Release|Any CPU.ActiveCfg = Release|Any CPU
		{0FE68861-7520-4994-B86E-2E79A9ACE497}.Release|Any CPU.Build.0 = Release|Any CPU
		{35D33F9C-F5DE-4565-B7F3-3FDD5A0ED743}.Debug|Any CPU.ActiveCfg = Debug|Any CPU
		{35D33F9C-F5DE-4565-B7F3-3FDD5A0ED743}.Debug|Any CPU.Build.0 = Debug|Any CPU
		{35D33F9C-F5DE-4565-B7F3-3FDD5A0ED743}.Release|Any CPU.ActiveCfg = Release|Any CPU
		{35D33F9C-F5DE-4565-B7F3-3FDD5A0ED743}.Release|Any CPU.Build.0 = Release|Any CPU
		{F93893B9-02BF-4F54-AC26-5059B4BAC985}.Debug|Any CPU.ActiveCfg = Debug|Any CPU
		{F93893B9-02BF-4F54-AC26-5059B4BAC985}.Debug|Any CPU.Build.0 = Debug|Any CPU
		{F93893B9-02BF-4F54-AC26-5059B4BAC985}.Release|Any CPU.ActiveCfg = Release|Any CPU
		{F93893B9-02BF-4F54-AC26-5059B4BAC985}.Release|Any CPU.Build.0 = Release|Any CPU
		{19E1C296-CEAF-457E-8FAA-9133945B9147}.Debug|Any CPU.ActiveCfg = Debug|Any CPU
		{19E1C296-CEAF-457E-8FAA-9133945B9147}.Debug|Any CPU.Build.0 = Debug|Any CPU
		{19E1C296-CEAF-457E-8FAA-9133945B9147}.Release|Any CPU.ActiveCfg = Release|Any CPU
		{19E1C296-CEAF-457E-8FAA-9133945B9147}.Release|Any CPU.Build.0 = Release|Any CPU
		{25F8E1D1-C7DB-4346-B731-BE3F6DB73D3D}.Debug|Any CPU.ActiveCfg = Debug|Any CPU
		{25F8E1D1-C7DB-4346-B731-BE3F6DB73D3D}.Debug|Any CPU.Build.0 = Debug|Any CPU
		{25F8E1D1-C7DB-4346-B731-BE3F6DB73D3D}.Release|Any CPU.ActiveCfg = Release|Any CPU
		{25F8E1D1-C7DB-4346-B731-BE3F6DB73D3D}.Release|Any CPU.Build.0 = Release|Any CPU
		{AC0DD856-EF77-42F1-AA3F-1BC9912B29A2}.Debug|Any CPU.ActiveCfg = Debug|Any CPU
		{AC0DD856-EF77-42F1-AA3F-1BC9912B29A2}.Debug|Any CPU.Build.0 = Debug|Any CPU
		{AC0DD856-EF77-42F1-AA3F-1BC9912B29A2}.Release|Any CPU.ActiveCfg = Release|Any CPU
		{AC0DD856-EF77-42F1-AA3F-1BC9912B29A2}.Release|Any CPU.Build.0 = Release|Any CPU
		{9B10A858-F55E-46EA-8365-5DE52125C2EA}.Debug|Any CPU.ActiveCfg = Debug|Any CPU
		{9B10A858-F55E-46EA-8365-5DE52125C2EA}.Debug|Any CPU.Build.0 = Debug|Any CPU
		{9B10A858-F55E-46EA-8365-5DE52125C2EA}.Release|Any CPU.ActiveCfg = Release|Any CPU
		{9B10A858-F55E-46EA-8365-5DE52125C2EA}.Release|Any CPU.Build.0 = Release|Any CPU
		{28203422-F8E5-40C4-AE34-8D64511524F1}.Debug|Any CPU.ActiveCfg = Debug|Any CPU
		{28203422-F8E5-40C4-AE34-8D64511524F1}.Debug|Any CPU.Build.0 = Debug|Any CPU
		{28203422-F8E5-40C4-AE34-8D64511524F1}.Release|Any CPU.ActiveCfg = Release|Any CPU
		{28203422-F8E5-40C4-AE34-8D64511524F1}.Release|Any CPU.Build.0 = Release|Any CPU
		{5E1583C4-424F-44E7-BF82-DDDAC0738632}.Debug|Any CPU.ActiveCfg = Debug|Any CPU
		{5E1583C4-424F-44E7-BF82-DDDAC0738632}.Debug|Any CPU.Build.0 = Debug|Any CPU
		{5E1583C4-424F-44E7-BF82-DDDAC0738632}.Release|Any CPU.ActiveCfg = Release|Any CPU
		{5E1583C4-424F-44E7-BF82-DDDAC0738632}.Release|Any CPU.Build.0 = Release|Any CPU
		{20AE0F67-1C74-440D-82A5-ADFE34583A50}.Debug|Any CPU.ActiveCfg = Debug|Any CPU
		{20AE0F67-1C74-440D-82A5-ADFE34583A50}.Debug|Any CPU.Build.0 = Debug|Any CPU
		{20AE0F67-1C74-440D-82A5-ADFE34583A50}.Release|Any CPU.ActiveCfg = Release|Any CPU
		{20AE0F67-1C74-440D-82A5-ADFE34583A50}.Release|Any CPU.Build.0 = Release|Any CPU
		{F93AE49A-8E8A-4270-B458-D05ED764758F}.Debug|Any CPU.ActiveCfg = Debug|Any CPU
		{F93AE49A-8E8A-4270-B458-D05ED764758F}.Debug|Any CPU.Build.0 = Debug|Any CPU
		{F93AE49A-8E8A-4270-B458-D05ED764758F}.Release|Any CPU.ActiveCfg = Release|Any CPU
		{F93AE49A-8E8A-4270-B458-D05ED764758F}.Release|Any CPU.Build.0 = Release|Any CPU
		{71F7D3E7-59CD-4E65-B1B8-4DA24ADDD06B}.Debug|Any CPU.ActiveCfg = Debug|Any CPU
		{71F7D3E7-59CD-4E65-B1B8-4DA24ADDD06B}.Debug|Any CPU.Build.0 = Debug|Any CPU
		{71F7D3E7-59CD-4E65-B1B8-4DA24ADDD06B}.Release|Any CPU.ActiveCfg = Release|Any CPU
		{71F7D3E7-59CD-4E65-B1B8-4DA24ADDD06B}.Release|Any CPU.Build.0 = Release|Any CPU
		{2C05379D-957C-49C2-93E8-130B30002371}.Debug|Any CPU.ActiveCfg = Debug|Any CPU
		{2C05379D-957C-49C2-93E8-130B30002371}.Debug|Any CPU.Build.0 = Debug|Any CPU
		{2C05379D-957C-49C2-93E8-130B30002371}.Release|Any CPU.ActiveCfg = Release|Any CPU
		{2C05379D-957C-49C2-93E8-130B30002371}.Release|Any CPU.Build.0 = Release|Any CPU
		{FFE42C69-6B2B-48A8-8EDC-89BBF0A51AFA}.Debug|Any CPU.ActiveCfg = Debug|Any CPU
		{FFE42C69-6B2B-48A8-8EDC-89BBF0A51AFA}.Debug|Any CPU.Build.0 = Debug|Any CPU
		{FFE42C69-6B2B-48A8-8EDC-89BBF0A51AFA}.Release|Any CPU.ActiveCfg = Release|Any CPU
		{FFE42C69-6B2B-48A8-8EDC-89BBF0A51AFA}.Release|Any CPU.Build.0 = Release|Any CPU
		{510A7CB5-7936-48DD-BCE9-0F7DA36C5C9E}.Debug|Any CPU.ActiveCfg = Debug|Any CPU
		{510A7CB5-7936-48DD-BCE9-0F7DA36C5C9E}.Debug|Any CPU.Build.0 = Debug|Any CPU
		{510A7CB5-7936-48DD-BCE9-0F7DA36C5C9E}.Release|Any CPU.ActiveCfg = Release|Any CPU
		{510A7CB5-7936-48DD-BCE9-0F7DA36C5C9E}.Release|Any CPU.Build.0 = Release|Any CPU
		{CB59839D-B3CF-445F-92C9-4B66141311F4}.Debug|Any CPU.ActiveCfg = Debug|Any CPU
		{CB59839D-B3CF-445F-92C9-4B66141311F4}.Debug|Any CPU.Build.0 = Debug|Any CPU
		{CB59839D-B3CF-445F-92C9-4B66141311F4}.Release|Any CPU.ActiveCfg = Release|Any CPU
		{CB59839D-B3CF-445F-92C9-4B66141311F4}.Release|Any CPU.Build.0 = Release|Any CPU
		{4F0C00F0-B8E7-4985-B8F9-3E4FF54BB59D}.Debug|Any CPU.ActiveCfg = Debug|Any CPU
		{4F0C00F0-B8E7-4985-B8F9-3E4FF54BB59D}.Debug|Any CPU.Build.0 = Debug|Any CPU
		{4F0C00F0-B8E7-4985-B8F9-3E4FF54BB59D}.Release|Any CPU.ActiveCfg = Release|Any CPU
		{4F0C00F0-B8E7-4985-B8F9-3E4FF54BB59D}.Release|Any CPU.Build.0 = Release|Any CPU
		{5F0542D5-E955-4005-9970-B4732C190045}.Debug|Any CPU.ActiveCfg = Debug|Any CPU
		{5F0542D5-E955-4005-9970-B4732C190045}.Debug|Any CPU.Build.0 = Debug|Any CPU
		{5F0542D5-E955-4005-9970-B4732C190045}.Release|Any CPU.ActiveCfg = Release|Any CPU
		{5F0542D5-E955-4005-9970-B4732C190045}.Release|Any CPU.Build.0 = Release|Any CPU
		{91505A4E-5349-4AD0-A873-E72A6E8111B4}.Debug|Any CPU.ActiveCfg = Debug|Any CPU
		{91505A4E-5349-4AD0-A873-E72A6E8111B4}.Debug|Any CPU.Build.0 = Debug|Any CPU
		{91505A4E-5349-4AD0-A873-E72A6E8111B4}.Release|Any CPU.ActiveCfg = Release|Any CPU
		{91505A4E-5349-4AD0-A873-E72A6E8111B4}.Release|Any CPU.Build.0 = Release|Any CPU
		{8EDF4429-251A-416D-BB68-93F227191BCF}.Debug|Any CPU.ActiveCfg = Debug|Any CPU
		{8EDF4429-251A-416D-BB68-93F227191BCF}.Debug|Any CPU.Build.0 = Debug|Any CPU
		{8EDF4429-251A-416D-BB68-93F227191BCF}.Release|Any CPU.ActiveCfg = Release|Any CPU
		{8EDF4429-251A-416D-BB68-93F227191BCF}.Release|Any CPU.Build.0 = Release|Any CPU
		{EFBC4DF7-C1FD-4D3C-A0F3-4D301585DCD3}.Debug|Any CPU.ActiveCfg = Debug|Any CPU
		{EFBC4DF7-C1FD-4D3C-A0F3-4D301585DCD3}.Debug|Any CPU.Build.0 = Debug|Any CPU
		{EFBC4DF7-C1FD-4D3C-A0F3-4D301585DCD3}.Release|Any CPU.ActiveCfg = Release|Any CPU
		{EFBC4DF7-C1FD-4D3C-A0F3-4D301585DCD3}.Release|Any CPU.Build.0 = Release|Any CPU
		{394A2075-7991-44C6-8C41-D9B9FE4EA893}.Debug|Any CPU.ActiveCfg = Debug|Any CPU
		{394A2075-7991-44C6-8C41-D9B9FE4EA893}.Debug|Any CPU.Build.0 = Debug|Any CPU
		{394A2075-7991-44C6-8C41-D9B9FE4EA893}.Release|Any CPU.ActiveCfg = Release|Any CPU
		{394A2075-7991-44C6-8C41-D9B9FE4EA893}.Release|Any CPU.Build.0 = Release|Any CPU
	EndGlobalSection
	GlobalSection(SolutionProperties) = preSolution
		HideSolutionNode = FALSE
	EndGlobalSection
	GlobalSection(NestedProjects) = preSolution
		{BB7CA472-E6B5-4C2E-8E83-47ECF3A89E82} = {9863FCB3-BFA4-4B9C-B8F6-302BA5F660B8}
		{A41D5EB1-92EF-4DF2-A45C-1EEFDB7A4A39} = {939EC5C2-8345-43E2-8F97-72EEEBEEA0AB}
		{098EB967-1665-4BD7-8328-9566B0434238} = {A41D5EB1-92EF-4DF2-A45C-1EEFDB7A4A39}
		{F5EC6485-B831-451E-A119-7AA956FC2089} = {939EC5C2-8345-43E2-8F97-72EEEBEEA0AB}
		{9FC42A2D-8B36-40C2-894C-84FA2ADE6C61} = {F5EC6485-B831-451E-A119-7AA956FC2089}
		{B565BE52-5281-4E9E-BB1E-2E5367779679} = {939EC5C2-8345-43E2-8F97-72EEEBEEA0AB}
		{1ECAC61F-072E-42E7-8E62-5D83CAF9D02E} = {B565BE52-5281-4E9E-BB1E-2E5367779679}
		{AE72B47B-4FF6-4C41-98B4-0351AE474776} = {939EC5C2-8345-43E2-8F97-72EEEBEEA0AB}
		{FD2DD93E-657F-4286-A213-C396C0902391} = {AE72B47B-4FF6-4C41-98B4-0351AE474776}
		{CF3809F1-A28C-4A6B-A3E0-14F7060D00E5} = {939EC5C2-8345-43E2-8F97-72EEEBEEA0AB}
		{5C155AC1-99C3-41F4-A5C4-F963DBC71876} = {CF3809F1-A28C-4A6B-A3E0-14F7060D00E5}
		{D6133686-12EA-47AE-9B74-83AB7B4F1D86} = {939EC5C2-8345-43E2-8F97-72EEEBEEA0AB}
		{2F38E281-728D-4E02-9D95-8B72360890E7} = {D6133686-12EA-47AE-9B74-83AB7B4F1D86}
		{2277E5FA-858A-4821-B789-5BF96488EB2C} = {939EC5C2-8345-43E2-8F97-72EEEBEEA0AB}
		{8BF9EE52-B0BA-4260-9E2A-CD9F77E5A7D0} = {2277E5FA-858A-4821-B789-5BF96488EB2C}
		{BCA0E82A-93FC-4C10-8172-2462BF70F8A1} = {939EC5C2-8345-43E2-8F97-72EEEBEEA0AB}
		{46F50F01-BA66-47DC-957C-A76125B9377B} = {BCA0E82A-93FC-4C10-8172-2462BF70F8A1}
		{823749B6-C403-4E38-AC06-E26BC36F155E} = {939EC5C2-8345-43E2-8F97-72EEEBEEA0AB}
		{6F716D6D-379D-465D-B4B9-6A3BDE4111F3} = {823749B6-C403-4E38-AC06-E26BC36F155E}
		{F289A54C-F429-4159-9E58-2EFC510F43C4} = {939EC5C2-8345-43E2-8F97-72EEEBEEA0AB}
		{5660FD68-B556-46FE-822D-9B8F6CEFFC39} = {F289A54C-F429-4159-9E58-2EFC510F43C4}
		{1CFA5AA3-CEFF-498C-8E32-607E1F348A82} = {939EC5C2-8345-43E2-8F97-72EEEBEEA0AB}
		{9E7E4277-4AED-40EB-A478-589F2D9CA66A} = {1CFA5AA3-CEFF-498C-8E32-607E1F348A82}
		{CE56D138-4C59-458D-92A8-619B7BEBA5D6} = {939EC5C2-8345-43E2-8F97-72EEEBEEA0AB}
		{DD0FA887-4417-4F8F-A009-72DB7831D476} = {CE56D138-4C59-458D-92A8-619B7BEBA5D6}
		{6DB8903D-DD03-4889-898B-998134891855} = {939EC5C2-8345-43E2-8F97-72EEEBEEA0AB}
		{E8E9753F-9797-463B-A290-19CBB35860DB} = {6DB8903D-DD03-4889-898B-998134891855}
		{F1C129FD-4A63-496A-902D-C495E25EBFEC} = {939EC5C2-8345-43E2-8F97-72EEEBEEA0AB}
		{11E36AB5-F8FA-485E-9BBD-B10E010AE846} = {F1C129FD-4A63-496A-902D-C495E25EBFEC}
		{A3F39358-463F-42B5-BEBD-260B605DD91A} = {939EC5C2-8345-43E2-8F97-72EEEBEEA0AB}
		{FD9F2C3F-1858-4C3C-AC8C-D50DAD5C9741} = {A3F39358-463F-42B5-BEBD-260B605DD91A}
		{4255D337-6DDE-4D36-A376-CB3A0B61B7A4} = {939EC5C2-8345-43E2-8F97-72EEEBEEA0AB}
		{7F968E88-4932-4764-9B4A-1E463DF0764D} = {4255D337-6DDE-4D36-A376-CB3A0B61B7A4}
		{B91C80F1-CBED-4891-86A4-DCF27359256B} = {939EC5C2-8345-43E2-8F97-72EEEBEEA0AB}
		{27B9CB40-C86A-45A3-9E28-2DC3013D19D2} = {B91C80F1-CBED-4891-86A4-DCF27359256B}
		{76E0914A-F93B-498B-9332-D7F0DA00F5B4} = {939EC5C2-8345-43E2-8F97-72EEEBEEA0AB}
		{264110F1-B57D-4818-B35B-DCF5F745BA40} = {76E0914A-F93B-498B-9332-D7F0DA00F5B4}
		{02F29E74-2EE5-458C-AEF5-1B0202FC3CF7} = {939EC5C2-8345-43E2-8F97-72EEEBEEA0AB}
		{B73C2337-705E-4EDA-A5C9-CA89ED9614E9} = {02F29E74-2EE5-458C-AEF5-1B0202FC3CF7}
		{85F2F8E0-F755-4F95-B8DE-FB267746D78F} = {939EC5C2-8345-43E2-8F97-72EEEBEEA0AB}
		{28289AAC-2702-4431-8500-6324065DD35B} = {85F2F8E0-F755-4F95-B8DE-FB267746D78F}
		{3B326A6E-6DF9-4D6A-AEE0-959117F8D0A9} = {939EC5C2-8345-43E2-8F97-72EEEBEEA0AB}
		{28244996-2A15-407C-A739-9FF7D4770CA6} = {3B326A6E-6DF9-4D6A-AEE0-959117F8D0A9}
		{CE65765A-65B0-4E48-BED6-31C17176FB13} = {939EC5C2-8345-43E2-8F97-72EEEBEEA0AB}
		{70278639-97F6-4976-9975-C7B2E37233B4} = {CE65765A-65B0-4E48-BED6-31C17176FB13}
		{B47F2155-8421-4688-9B07-FCD12CE3F1B5} = {939EC5C2-8345-43E2-8F97-72EEEBEEA0AB}
		{DCDEA443-2EDC-422F-A38D-FB32B2AA3F96} = {B47F2155-8421-4688-9B07-FCD12CE3F1B5}
		{6A3CBA87-A2A2-4A23-91FC-A12D5D9407CF} = {939EC5C2-8345-43E2-8F97-72EEEBEEA0AB}
		{2CECA7BF-4E3D-4011-8B48-CE30F4571D0A} = {6A3CBA87-A2A2-4A23-91FC-A12D5D9407CF}
		{7D111FB8-141C-46BA-86C4-AEB74AC3DA7D} = {939EC5C2-8345-43E2-8F97-72EEEBEEA0AB}
		{7D697F85-6F4B-46BF-A385-C533CD5D3D04} = {7D111FB8-141C-46BA-86C4-AEB74AC3DA7D}
		{5CF1BE1D-9E2E-40DE-8D39-074E400F14E3} = {939EC5C2-8345-43E2-8F97-72EEEBEEA0AB}
		{3B5ACFD9-B846-41A9-9E7D-83DF15E9AF1A} = {5CF1BE1D-9E2E-40DE-8D39-074E400F14E3}
		{29417C86-AA12-4A36-AAFA-4B4EE890AE07} = {939EC5C2-8345-43E2-8F97-72EEEBEEA0AB}
		{9BB1C144-F5D7-45FD-9A45-3ADD493AF481} = {29417C86-AA12-4A36-AAFA-4B4EE890AE07}
		{01BEB7CE-6CF9-4D58-BB67-3746110BB938} = {939EC5C2-8345-43E2-8F97-72EEEBEEA0AB}
		{3B514CEB-D522-4491-B401-B8E205DCF91E} = {01BEB7CE-6CF9-4D58-BB67-3746110BB938}
		{24EBD0AD-C4A3-4F8D-B09A-0E9EB2685887} = {939EC5C2-8345-43E2-8F97-72EEEBEEA0AB}
		{E4EF509F-09A2-45B0-820B-E82C6CE5803F} = {24EBD0AD-C4A3-4F8D-B09A-0E9EB2685887}
		{EEDE1698-BCED-4BF4-8FCF-13075433B999} = {939EC5C2-8345-43E2-8F97-72EEEBEEA0AB}
		{85581CC1-E6DD-420F-BBA4-5017F7E37DFE} = {EEDE1698-BCED-4BF4-8FCF-13075433B999}
		{F9EFFDE6-7588-4595-BAA6-C22BEDC0AA95} = {939EC5C2-8345-43E2-8F97-72EEEBEEA0AB}
		{0FE68861-7520-4994-B86E-2E79A9ACE497} = {F9EFFDE6-7588-4595-BAA6-C22BEDC0AA95}
		{B4ED4047-4D70-4ACA-97CA-E4FBD487C241} = {939EC5C2-8345-43E2-8F97-72EEEBEEA0AB}
		{35D33F9C-F5DE-4565-B7F3-3FDD5A0ED743} = {B4ED4047-4D70-4ACA-97CA-E4FBD487C241}
		{71B24A64-6814-454B-842E-8C76A15853E1} = {939EC5C2-8345-43E2-8F97-72EEEBEEA0AB}
		{F93893B9-02BF-4F54-AC26-5059B4BAC985} = {71B24A64-6814-454B-842E-8C76A15853E1}
		{8E26A354-DAB7-4AD9-B572-6C03273FB01F} = {939EC5C2-8345-43E2-8F97-72EEEBEEA0AB}
		{19E1C296-CEAF-457E-8FAA-9133945B9147} = {8E26A354-DAB7-4AD9-B572-6C03273FB01F}
		{86CDD8B2-A269-4ED0-906A-0268A0C13A87} = {939EC5C2-8345-43E2-8F97-72EEEBEEA0AB}
		{25F8E1D1-C7DB-4346-B731-BE3F6DB73D3D} = {86CDD8B2-A269-4ED0-906A-0268A0C13A87}
		{45AF6B33-5251-4B11-B6DC-C3184019B8C4} = {939EC5C2-8345-43E2-8F97-72EEEBEEA0AB}
		{AC0DD856-EF77-42F1-AA3F-1BC9912B29A2} = {45AF6B33-5251-4B11-B6DC-C3184019B8C4}
		{1B418B87-A2A2-45EC-A7F6-284A9D57FEC3} = {939EC5C2-8345-43E2-8F97-72EEEBEEA0AB}
		{9B10A858-F55E-46EA-8365-5DE52125C2EA} = {1B418B87-A2A2-45EC-A7F6-284A9D57FEC3}
		{596C6633-3B70-4738-BAF2-1A32F3E90B38} = {939EC5C2-8345-43E2-8F97-72EEEBEEA0AB}
		{28203422-F8E5-40C4-AE34-8D64511524F1} = {596C6633-3B70-4738-BAF2-1A32F3E90B38}
		{65BC8370-87BE-405B-882D-81A5ABE1F6DB} = {939EC5C2-8345-43E2-8F97-72EEEBEEA0AB}
		{5E1583C4-424F-44E7-BF82-DDDAC0738632} = {65BC8370-87BE-405B-882D-81A5ABE1F6DB}
		{DD0B88D3-6286-4500-B346-221D20C6E990} = {939EC5C2-8345-43E2-8F97-72EEEBEEA0AB}
		{20AE0F67-1C74-440D-82A5-ADFE34583A50} = {DD0B88D3-6286-4500-B346-221D20C6E990}
		{B2798550-BCF2-4375-9BFA-B987AFAA071B} = {939EC5C2-8345-43E2-8F97-72EEEBEEA0AB}
		{F93AE49A-8E8A-4270-B458-D05ED764758F} = {B2798550-BCF2-4375-9BFA-B987AFAA071B}
		{7893CBB5-6FDD-4D97-B97A-EDA0369BBFBF} = {939EC5C2-8345-43E2-8F97-72EEEBEEA0AB}
		{71F7D3E7-59CD-4E65-B1B8-4DA24ADDD06B} = {7893CBB5-6FDD-4D97-B97A-EDA0369BBFBF}
		{3D409F8B-A21F-4DCF-942C-7B863E24A502} = {939EC5C2-8345-43E2-8F97-72EEEBEEA0AB}
		{2C05379D-957C-49C2-93E8-130B30002371} = {3D409F8B-A21F-4DCF-942C-7B863E24A502}
		{58FE5591-E3CB-4779-B594-23D6A07F4365} = {939EC5C2-8345-43E2-8F97-72EEEBEEA0AB}
		{FFE42C69-6B2B-48A8-8EDC-89BBF0A51AFA} = {58FE5591-E3CB-4779-B594-23D6A07F4365}
		{2422D400-8DBC-45C8-84AD-C5FFF7CD970D} = {939EC5C2-8345-43E2-8F97-72EEEBEEA0AB}
		{510A7CB5-7936-48DD-BCE9-0F7DA36C5C9E} = {2422D400-8DBC-45C8-84AD-C5FFF7CD970D}
		{11030A18-833B-4797-97DF-A09EA27D9823} = {939EC5C2-8345-43E2-8F97-72EEEBEEA0AB}
		{CB59839D-B3CF-445F-92C9-4B66141311F4} = {11030A18-833B-4797-97DF-A09EA27D9823}
		{1C6D3A6D-DF4C-4846-8895-428115EF234C} = {939EC5C2-8345-43E2-8F97-72EEEBEEA0AB}
		{4F0C00F0-B8E7-4985-B8F9-3E4FF54BB59D} = {1C6D3A6D-DF4C-4846-8895-428115EF234C}
		{A31FBC03-C503-4D78-96BF-1A5F1B2661CC} = {939EC5C2-8345-43E2-8F97-72EEEBEEA0AB}
		{5F0542D5-E955-4005-9970-B4732C190045} = {A31FBC03-C503-4D78-96BF-1A5F1B2661CC}
		{30CBBF49-25AE-4EAB-B0F1-B4D186C1C07E} = {7FFC27FB-A2E6-40DC-8086-7F80AC667248}
		{8CF3969A-8BCD-4D7C-A6AB-E3FF9BE45358} = {7FFC27FB-A2E6-40DC-8086-7F80AC667248}
		{4AEA9A58-AF75-41B1-9DF3-1BFD94BC4E86} = {7FFC27FB-A2E6-40DC-8086-7F80AC667248}
		{82A5228C-AA79-4F67-BBE9-13ACD4E14157} = {7FFC27FB-A2E6-40DC-8086-7F80AC667248}
		{91505A4E-5349-4AD0-A873-E72A6E8111B4} = {30CBBF49-25AE-4EAB-B0F1-B4D186C1C07E}
		{8EDF4429-251A-416D-BB68-93F227191BCF} = {8CF3969A-8BCD-4D7C-A6AB-E3FF9BE45358}
		{EFBC4DF7-C1FD-4D3C-A0F3-4D301585DCD3} = {4AEA9A58-AF75-41B1-9DF3-1BFD94BC4E86}
		{394A2075-7991-44C6-8C41-D9B9FE4EA893} = {82A5228C-AA79-4F67-BBE9-13ACD4E14157}
		EndGlobalSection
	GlobalSection(ExtensibilityGlobals) = postSolution
		SolutionGuid = {32A9903E-CBA2-4CFF-8469-12146263387F}
	EndGlobalSection
EndGlobal
