
Microsoft Visual Studio Solution File, Format Version 12.00
# Visual Studio 15
VisualStudioVersion = 15.0.27703.2026
MinimumVisualStudioVersion = 10.0.40219.1
Project("{2150E333-8FDC-42A3-9474-1A3956D46DE8}") = "Core", "Core", "{9863FCB3-BFA4-4B9C-B8F6-302BA5F660B8}"
EndProject
Project("{9A19103F-16F7-4668-BE54-9A1E7A4F7556}") = "JDCloudSDK.Core", "src\Core\JDCloudSDK.Core.csproj", "{BB7CA472-E6B5-4C2E-8E83-47ECF3A89E82}"
EndProject
Project("{2150E333-8FDC-42A3-9474-1A3956D46DE8}") = "Services", "Services", "{939EC5C2-8345-43E2-8F97-72EEEBEEA0AB}"
EndProject
Project("{2150E333-8FDC-42A3-9474-1A3956D46DE8}") = "Mongodb", "Mongodb", "{20C277FC-AD95-47DF-BA4F-52BA5D313BD6}"
EndProject
Project("{9A19103F-16F7-4668-BE54-9A1E7A4F7556}") = "JDCloudSDK.Mongodb", "src\Service\Mongodb\JDCloudSDK.Mongodb.csproj", "{65ECBCB9-F090-4126-850C-A192A6992C7B}"
EndProject
Project("{2150E333-8FDC-42A3-9474-1A3956D46DE8}") = "Disk", "Disk", "{3B9B2982-1AB3-432F-92D3-9C07EFB22A37}"
EndProject
Project("{9A19103F-16F7-4668-BE54-9A1E7A4F7556}") = "JDCloudSDK.Disk", "src\Service\Disk\JDCloudSDK.Disk.csproj", "{160EEE27-EFDA-4BAC-9B80-524060BB0F0F}"
EndProject
Project("{2150E333-8FDC-42A3-9474-1A3956D46DE8}") = "Baseanti", "Baseanti", "{1DD23824-A49E-4A66-9E67-A6BDB33C63AE}"
EndProject
Project("{9A19103F-16F7-4668-BE54-9A1E7A4F7556}") = "JDCloudSDK.Baseanti", "src\Service\Baseanti\JDCloudSDK.Baseanti.csproj", "{3942E617-CC59-4DB4-9726-831192881262}"
EndProject
Project("{2150E333-8FDC-42A3-9474-1A3956D46DE8}") = "Mps", "Mps", "{19EFF93D-D909-4468-B209-022BCF358D11}"
EndProject
Project("{9A19103F-16F7-4668-BE54-9A1E7A4F7556}") = "JDCloudSDK.Mps", "src\Service\Mps\JDCloudSDK.Mps.csproj", "{5D2EE726-9F95-4B74-9AA3-8B7F2BF08F83}"
EndProject
Project("{2150E333-8FDC-42A3-9474-1A3956D46DE8}") = "Streamcomputer", "Streamcomputer", "{BBDF3ED0-489C-40DC-BF37-590BC68C91C0}"
EndProject
Project("{9A19103F-16F7-4668-BE54-9A1E7A4F7556}") = "JDCloudSDK.Streamcomputer", "src\Service\Streamcomputer\JDCloudSDK.Streamcomputer.csproj", "{49707B88-592D-4444-87D7-C1297341A641}"
EndProject
Project("{2150E333-8FDC-42A3-9474-1A3956D46DE8}") = "Cps", "Cps", "{31C79AE8-2DF2-4A09-B0B9-55E8922A7CC5}"
EndProject
Project("{9A19103F-16F7-4668-BE54-9A1E7A4F7556}") = "JDCloudSDK.Cps", "src\Service\Cps\JDCloudSDK.Cps.csproj", "{E184713F-F23E-4654-BA4F-55A73EA9C636}"
EndProject
Project("{2150E333-8FDC-42A3-9474-1A3956D46DE8}") = "Xdata", "Xdata", "{D6D56B64-1163-41D7-9138-10FDA9C76DFE}"
EndProject
Project("{9A19103F-16F7-4668-BE54-9A1E7A4F7556}") = "JDCloudSDK.Xdata", "src\Service\Xdata\JDCloudSDK.Xdata.csproj", "{B2E8E49D-33C9-4C47-8F70-C06A9D8C3241}"
EndProject
Project("{2150E333-8FDC-42A3-9474-1A3956D46DE8}") = "Charge", "Charge", "{75A65C50-F52E-481F-A3B9-D425DA1DF820}"
EndProject
Project("{9A19103F-16F7-4668-BE54-9A1E7A4F7556}") = "JDCloudSDK.Charge", "src\Service\Charge\JDCloudSDK.Charge.csproj", "{4DF497CE-096A-416B-88A0-427597498F0C}"
EndProject
Project("{2150E333-8FDC-42A3-9474-1A3956D46DE8}") = "Cdn", "Cdn", "{2F36AD8A-DCCB-4DD9-83E4-8E7FE5D8631B}"
EndProject
Project("{9A19103F-16F7-4668-BE54-9A1E7A4F7556}") = "JDCloudSDK.Cdn", "src\Service\Cdn\JDCloudSDK.Cdn.csproj", "{003E550C-4A2B-46B5-9B99-5DF8AEDA9F97}"
EndProject
Project("{2150E333-8FDC-42A3-9474-1A3956D46DE8}") = "Clouddnsservice", "Clouddnsservice", "{DCBB64ED-550B-44BB-9976-FFFD4EBE2718}"
EndProject
Project("{9A19103F-16F7-4668-BE54-9A1E7A4F7556}") = "JDCloudSDK.Clouddnsservice", "src\Service\Clouddnsservice\JDCloudSDK.Clouddnsservice.csproj", "{107EFEFB-44CB-4827-B5A4-F14323827E72}"
EndProject
Project("{2150E333-8FDC-42A3-9474-1A3956D46DE8}") = "Ias", "Ias", "{380C0171-3BBF-4850-BA89-70B28343622E}"
EndProject
Project("{9A19103F-16F7-4668-BE54-9A1E7A4F7556}") = "JDCloudSDK.Ias", "src\Service\Ias\JDCloudSDK.Ias.csproj", "{935BD463-6417-4652-A824-38462DC88A71}"
EndProject
Project("{2150E333-8FDC-42A3-9474-1A3956D46DE8}") = "Vpc", "Vpc", "{2EAAFF5D-F678-4A7D-8E81-D9B08B0C3AFE}"
EndProject
Project("{9A19103F-16F7-4668-BE54-9A1E7A4F7556}") = "JDCloudSDK.Vpc", "src\Service\Vpc\JDCloudSDK.Vpc.csproj", "{98F277EB-A17A-44EE-9C28-13244BB8D4C8}"
EndProject
Project("{2150E333-8FDC-42A3-9474-1A3956D46DE8}") = "Jdw", "Jdw", "{366ADBFF-00F7-423E-9788-30DD8C767F21}"
EndProject
Project("{9A19103F-16F7-4668-BE54-9A1E7A4F7556}") = "JDCloudSDK.Jdw", "src\Service\Jdw\JDCloudSDK.Jdw.csproj", "{92C84086-F666-4F13-8F4F-8D1919225B23}"
EndProject
Project("{2150E333-8FDC-42A3-9474-1A3956D46DE8}") = "Kms", "Kms", "{03E5E3F8-E01E-4CC7-991C-8A3177B6F0E1}"
EndProject
Project("{9A19103F-16F7-4668-BE54-9A1E7A4F7556}") = "JDCloudSDK.Kms", "src\Service\Kms\JDCloudSDK.Kms.csproj", "{665F3C74-0D3C-4079-A23C-A79D97B76946}"
EndProject
Project("{2150E333-8FDC-42A3-9474-1A3956D46DE8}") = "Vm", "Vm", "{23F396FB-CF0F-4F77-B798-C3E75FBBD43F}"
EndProject
Project("{9A19103F-16F7-4668-BE54-9A1E7A4F7556}") = "JDCloudSDK.Vm", "src\Service\Vm\JDCloudSDK.Vm.csproj", "{7E1BE4DB-575A-4741-9C6E-B429ED8154DE}"
EndProject
Project("{2150E333-8FDC-42A3-9474-1A3956D46DE8}") = "Billing", "Billing", "{17DB5F90-01D7-428F-A431-B768529759E0}"
EndProject
Project("{9A19103F-16F7-4668-BE54-9A1E7A4F7556}") = "JDCloudSDK.Billing", "src\Service\Billing\JDCloudSDK.Billing.csproj", "{FB6958E8-BDBA-447D-8AA9-278903F45B5E}"
EndProject
Project("{2150E333-8FDC-42A3-9474-1A3956D46DE8}") = "Cr", "Cr", "{F9BBBFB0-FE58-4DF5-8CC9-021054818C03}"
EndProject
Project("{9A19103F-16F7-4668-BE54-9A1E7A4F7556}") = "JDCloudSDK.Cr", "src\Service\Cr\JDCloudSDK.Cr.csproj", "{7D608877-1AC2-4CE2-BC87-E6FB0901266B}"
EndProject
Project("{2150E333-8FDC-42A3-9474-1A3956D46DE8}") = "Sop", "Sop", "{1A1ABCF9-6867-4982-9E2F-9D12B2939C1D}"
EndProject
Project("{9A19103F-16F7-4668-BE54-9A1E7A4F7556}") = "JDCloudSDK.Sop", "src\Service\Sop\JDCloudSDK.Sop.csproj", "{A1303618-9D88-4A93-91EA-FCBF306DAECB}"
EndProject
Project("{2150E333-8FDC-42A3-9474-1A3956D46DE8}") = "Iam", "Iam", "{57C2B4A1-DB88-4617-AFED-8A26E03F51D6}"
EndProject
Project("{9A19103F-16F7-4668-BE54-9A1E7A4F7556}") = "JDCloudSDK.Iam", "src\Service\Iam\JDCloudSDK.Iam.csproj", "{DA813D51-7C37-4426-BAB9-D9DE73DB2BC0}"
EndProject
Project("{2150E333-8FDC-42A3-9474-1A3956D46DE8}") = "Datastar", "Datastar", "{9B5A8BCB-DCF3-4FD3-B2F5-EDD84B3C0FBA}"
EndProject
Project("{9A19103F-16F7-4668-BE54-9A1E7A4F7556}") = "JDCloudSDK.Datastar", "src\Service\Datastar\JDCloudSDK.Datastar.csproj", "{34D14109-2468-41DA-BE84-216384999D15}"
EndProject
Project("{2150E333-8FDC-42A3-9474-1A3956D46DE8}") = "Rds", "Rds", "{03151962-F0D9-45D1-8DB4-3296FF7321CC}"
EndProject
Project("{9A19103F-16F7-4668-BE54-9A1E7A4F7556}") = "JDCloudSDK.Rds", "src\Service\Rds\JDCloudSDK.Rds.csproj", "{70A943FC-A1A5-4B84-9809-F208CD6F3602}"
EndProject
Project("{2150E333-8FDC-42A3-9474-1A3956D46DE8}") = "Ipanti", "Ipanti", "{DCB11FE8-873F-4863-A4AA-D4C4A8886547}"
EndProject
Project("{9A19103F-16F7-4668-BE54-9A1E7A4F7556}") = "JDCloudSDK.Ipanti", "src\Service\Ipanti\JDCloudSDK.Ipanti.csproj", "{26ABEB73-56FC-4B64-AE77-035CC144C573}"
EndProject
Project("{2150E333-8FDC-42A3-9474-1A3956D46DE8}") = "Jke", "Jke", "{8362EDEC-C3DD-46A0-B3FB-6DA560A9A99C}"
EndProject
Project("{9A19103F-16F7-4668-BE54-9A1E7A4F7556}") = "JDCloudSDK.Jke", "src\Service\Jke\JDCloudSDK.Jke.csproj", "{A0C870AB-C392-427C-90EA-BAB838B68407}"
EndProject
Project("{2150E333-8FDC-42A3-9474-1A3956D46DE8}") = "Monitor", "Monitor", "{B7E821BB-6883-4930-A80B-67B29D75793B}"
EndProject
Project("{9A19103F-16F7-4668-BE54-9A1E7A4F7556}") = "JDCloudSDK.Monitor", "src\Service\Monitor\JDCloudSDK.Monitor.csproj", "{3A6FBA73-CAA0-402B-A39D-72466506B1B1}"
EndProject
Project("{2150E333-8FDC-42A3-9474-1A3956D46DE8}") = "Oss", "Oss", "{5B1DE8C0-143D-4F72-931A-D3FAD377141D}"
EndProject
Project("{9A19103F-16F7-4668-BE54-9A1E7A4F7556}") = "JDCloudSDK.Oss", "src\Service\Oss\JDCloudSDK.Oss.csproj", "{105FB6F4-8B19-4B9B-8E69-D9E13B1E0276}"
EndProject
Project("{2150E333-8FDC-42A3-9474-1A3956D46DE8}") = "Nc", "Nc", "{21D8F26A-B14D-4243-929D-713ED37E66F0}"
EndProject
Project("{9A19103F-16F7-4668-BE54-9A1E7A4F7556}") = "JDCloudSDK.Nc", "src\Service\Nc\JDCloudSDK.Nc.csproj", "{3A84C11F-6D2F-4639-AA06-0269BACAC307}"
EndProject
Project("{2150E333-8FDC-42A3-9474-1A3956D46DE8}") = "Common", "Common", "{EFC38F3B-5D30-48EB-9A4F-4D94CBA69459}"
EndProject
Project("{9A19103F-16F7-4668-BE54-9A1E7A4F7556}") = "JDCloudSDK.Common", "src\Service\Common\JDCloudSDK.Common.csproj", "{1166BC0B-7A69-45CD-8639-6B4714E72F89}"
EndProject
Project("{2150E333-8FDC-42A3-9474-1A3956D46DE8}") = "Redis", "Redis", "{7D73A365-DB94-4EE6-AA4B-789B7CDA787D}"
EndProject
Project("{9A19103F-16F7-4668-BE54-9A1E7A4F7556}") = "JDCloudSDK.Redis", "src\Service\Redis\JDCloudSDK.Redis.csproj", "{7DCAA52F-0EEF-4DF9-9D46-058050BD1891}"
EndProject
Project("{2150E333-8FDC-42A3-9474-1A3956D46DE8}") = "Streambus", "Streambus", "{332EA48B-1D9C-4117-AD62-5C7F9BF6876B}"
EndProject
Project("{9A19103F-16F7-4668-BE54-9A1E7A4F7556}") = "JDCloudSDK.Streambus", "src\Service\Streambus\JDCloudSDK.Streambus.csproj", "{6B1CB502-9C88-4320-B064-94CBFF9503DE}"
EndProject
Global
	GlobalSection(SolutionConfigurationPlatforms) = preSolution
		Debug|Any CPU = Debug|Any CPU
		Release|Any CPU = Release|Any CPU
	EndGlobalSection
	GlobalSection(ProjectConfigurationPlatforms) = postSolution
		{BB7CA472-E6B5-4C2E-8E83-47ECF3A89E82}.Debug|Any CPU.ActiveCfg = Debug|Any CPU
		{BB7CA472-E6B5-4C2E-8E83-47ECF3A89E82}.Debug|Any CPU.Build.0 = Debug|Any CPU
		{BB7CA472-E6B5-4C2E-8E83-47ECF3A89E82}.Release|Any CPU.ActiveCfg = Release|Any CPU
		{BB7CA472-E6B5-4C2E-8E83-47ECF3A89E82}.Release|Any CPU.Build.0 = Release|Any CPU
		{65ECBCB9-F090-4126-850C-A192A6992C7B}.Debug|Any CPU.ActiveCfg = Debug|Any CPU
		{65ECBCB9-F090-4126-850C-A192A6992C7B}.Debug|Any CPU.Build.0 = Debug|Any CPU
		{65ECBCB9-F090-4126-850C-A192A6992C7B}.Release|Any CPU.ActiveCfg = Release|Any CPU
		{65ECBCB9-F090-4126-850C-A192A6992C7B}.Release|Any CPU.Build.0 = Release|Any CPU
		{160EEE27-EFDA-4BAC-9B80-524060BB0F0F}.Debug|Any CPU.ActiveCfg = Debug|Any CPU
		{160EEE27-EFDA-4BAC-9B80-524060BB0F0F}.Debug|Any CPU.Build.0 = Debug|Any CPU
		{160EEE27-EFDA-4BAC-9B80-524060BB0F0F}.Release|Any CPU.ActiveCfg = Release|Any CPU
		{160EEE27-EFDA-4BAC-9B80-524060BB0F0F}.Release|Any CPU.Build.0 = Release|Any CPU
		{3942E617-CC59-4DB4-9726-831192881262}.Debug|Any CPU.ActiveCfg = Debug|Any CPU
		{3942E617-CC59-4DB4-9726-831192881262}.Debug|Any CPU.Build.0 = Debug|Any CPU
		{3942E617-CC59-4DB4-9726-831192881262}.Release|Any CPU.ActiveCfg = Release|Any CPU
		{3942E617-CC59-4DB4-9726-831192881262}.Release|Any CPU.Build.0 = Release|Any CPU
		{5D2EE726-9F95-4B74-9AA3-8B7F2BF08F83}.Debug|Any CPU.ActiveCfg = Debug|Any CPU
		{5D2EE726-9F95-4B74-9AA3-8B7F2BF08F83}.Debug|Any CPU.Build.0 = Debug|Any CPU
		{5D2EE726-9F95-4B74-9AA3-8B7F2BF08F83}.Release|Any CPU.ActiveCfg = Release|Any CPU
		{5D2EE726-9F95-4B74-9AA3-8B7F2BF08F83}.Release|Any CPU.Build.0 = Release|Any CPU
		{49707B88-592D-4444-87D7-C1297341A641}.Debug|Any CPU.ActiveCfg = Debug|Any CPU
		{49707B88-592D-4444-87D7-C1297341A641}.Debug|Any CPU.Build.0 = Debug|Any CPU
		{49707B88-592D-4444-87D7-C1297341A641}.Release|Any CPU.ActiveCfg = Release|Any CPU
		{49707B88-592D-4444-87D7-C1297341A641}.Release|Any CPU.Build.0 = Release|Any CPU
		{E184713F-F23E-4654-BA4F-55A73EA9C636}.Debug|Any CPU.ActiveCfg = Debug|Any CPU
		{E184713F-F23E-4654-BA4F-55A73EA9C636}.Debug|Any CPU.Build.0 = Debug|Any CPU
		{E184713F-F23E-4654-BA4F-55A73EA9C636}.Release|Any CPU.ActiveCfg = Release|Any CPU
		{E184713F-F23E-4654-BA4F-55A73EA9C636}.Release|Any CPU.Build.0 = Release|Any CPU
		{B2E8E49D-33C9-4C47-8F70-C06A9D8C3241}.Debug|Any CPU.ActiveCfg = Debug|Any CPU
		{B2E8E49D-33C9-4C47-8F70-C06A9D8C3241}.Debug|Any CPU.Build.0 = Debug|Any CPU
		{B2E8E49D-33C9-4C47-8F70-C06A9D8C3241}.Release|Any CPU.ActiveCfg = Release|Any CPU
		{B2E8E49D-33C9-4C47-8F70-C06A9D8C3241}.Release|Any CPU.Build.0 = Release|Any CPU
		{4DF497CE-096A-416B-88A0-427597498F0C}.Debug|Any CPU.ActiveCfg = Debug|Any CPU
		{4DF497CE-096A-416B-88A0-427597498F0C}.Debug|Any CPU.Build.0 = Debug|Any CPU
		{4DF497CE-096A-416B-88A0-427597498F0C}.Release|Any CPU.ActiveCfg = Release|Any CPU
		{4DF497CE-096A-416B-88A0-427597498F0C}.Release|Any CPU.Build.0 = Release|Any CPU
		{003E550C-4A2B-46B5-9B99-5DF8AEDA9F97}.Debug|Any CPU.ActiveCfg = Debug|Any CPU
		{003E550C-4A2B-46B5-9B99-5DF8AEDA9F97}.Debug|Any CPU.Build.0 = Debug|Any CPU
		{003E550C-4A2B-46B5-9B99-5DF8AEDA9F97}.Release|Any CPU.ActiveCfg = Release|Any CPU
		{003E550C-4A2B-46B5-9B99-5DF8AEDA9F97}.Release|Any CPU.Build.0 = Release|Any CPU
		{107EFEFB-44CB-4827-B5A4-F14323827E72}.Debug|Any CPU.ActiveCfg = Debug|Any CPU
		{107EFEFB-44CB-4827-B5A4-F14323827E72}.Debug|Any CPU.Build.0 = Debug|Any CPU
		{107EFEFB-44CB-4827-B5A4-F14323827E72}.Release|Any CPU.ActiveCfg = Release|Any CPU
		{107EFEFB-44CB-4827-B5A4-F14323827E72}.Release|Any CPU.Build.0 = Release|Any CPU
		{935BD463-6417-4652-A824-38462DC88A71}.Debug|Any CPU.ActiveCfg = Debug|Any CPU
		{935BD463-6417-4652-A824-38462DC88A71}.Debug|Any CPU.Build.0 = Debug|Any CPU
		{935BD463-6417-4652-A824-38462DC88A71}.Release|Any CPU.ActiveCfg = Release|Any CPU
		{935BD463-6417-4652-A824-38462DC88A71}.Release|Any CPU.Build.0 = Release|Any CPU
		{98F277EB-A17A-44EE-9C28-13244BB8D4C8}.Debug|Any CPU.ActiveCfg = Debug|Any CPU
		{98F277EB-A17A-44EE-9C28-13244BB8D4C8}.Debug|Any CPU.Build.0 = Debug|Any CPU
		{98F277EB-A17A-44EE-9C28-13244BB8D4C8}.Release|Any CPU.ActiveCfg = Release|Any CPU
		{98F277EB-A17A-44EE-9C28-13244BB8D4C8}.Release|Any CPU.Build.0 = Release|Any CPU
		{92C84086-F666-4F13-8F4F-8D1919225B23}.Debug|Any CPU.ActiveCfg = Debug|Any CPU
		{92C84086-F666-4F13-8F4F-8D1919225B23}.Debug|Any CPU.Build.0 = Debug|Any CPU
		{92C84086-F666-4F13-8F4F-8D1919225B23}.Release|Any CPU.ActiveCfg = Release|Any CPU
		{92C84086-F666-4F13-8F4F-8D1919225B23}.Release|Any CPU.Build.0 = Release|Any CPU
		{665F3C74-0D3C-4079-A23C-A79D97B76946}.Debug|Any CPU.ActiveCfg = Debug|Any CPU
		{665F3C74-0D3C-4079-A23C-A79D97B76946}.Debug|Any CPU.Build.0 = Debug|Any CPU
		{665F3C74-0D3C-4079-A23C-A79D97B76946}.Release|Any CPU.ActiveCfg = Release|Any CPU
		{665F3C74-0D3C-4079-A23C-A79D97B76946}.Release|Any CPU.Build.0 = Release|Any CPU
		{7E1BE4DB-575A-4741-9C6E-B429ED8154DE}.Debug|Any CPU.ActiveCfg = Debug|Any CPU
		{7E1BE4DB-575A-4741-9C6E-B429ED8154DE}.Debug|Any CPU.Build.0 = Debug|Any CPU
		{7E1BE4DB-575A-4741-9C6E-B429ED8154DE}.Release|Any CPU.ActiveCfg = Release|Any CPU
		{7E1BE4DB-575A-4741-9C6E-B429ED8154DE}.Release|Any CPU.Build.0 = Release|Any CPU
		{FB6958E8-BDBA-447D-8AA9-278903F45B5E}.Debug|Any CPU.ActiveCfg = Debug|Any CPU
		{FB6958E8-BDBA-447D-8AA9-278903F45B5E}.Debug|Any CPU.Build.0 = Debug|Any CPU
		{FB6958E8-BDBA-447D-8AA9-278903F45B5E}.Release|Any CPU.ActiveCfg = Release|Any CPU
		{FB6958E8-BDBA-447D-8AA9-278903F45B5E}.Release|Any CPU.Build.0 = Release|Any CPU
		{7D608877-1AC2-4CE2-BC87-E6FB0901266B}.Debug|Any CPU.ActiveCfg = Debug|Any CPU
		{7D608877-1AC2-4CE2-BC87-E6FB0901266B}.Debug|Any CPU.Build.0 = Debug|Any CPU
		{7D608877-1AC2-4CE2-BC87-E6FB0901266B}.Release|Any CPU.ActiveCfg = Release|Any CPU
		{7D608877-1AC2-4CE2-BC87-E6FB0901266B}.Release|Any CPU.Build.0 = Release|Any CPU
		{A1303618-9D88-4A93-91EA-FCBF306DAECB}.Debug|Any CPU.ActiveCfg = Debug|Any CPU
		{A1303618-9D88-4A93-91EA-FCBF306DAECB}.Debug|Any CPU.Build.0 = Debug|Any CPU
		{A1303618-9D88-4A93-91EA-FCBF306DAECB}.Release|Any CPU.ActiveCfg = Release|Any CPU
		{A1303618-9D88-4A93-91EA-FCBF306DAECB}.Release|Any CPU.Build.0 = Release|Any CPU
		{DA813D51-7C37-4426-BAB9-D9DE73DB2BC0}.Debug|Any CPU.ActiveCfg = Debug|Any CPU
		{DA813D51-7C37-4426-BAB9-D9DE73DB2BC0}.Debug|Any CPU.Build.0 = Debug|Any CPU
		{DA813D51-7C37-4426-BAB9-D9DE73DB2BC0}.Release|Any CPU.ActiveCfg = Release|Any CPU
		{DA813D51-7C37-4426-BAB9-D9DE73DB2BC0}.Release|Any CPU.Build.0 = Release|Any CPU
		{34D14109-2468-41DA-BE84-216384999D15}.Debug|Any CPU.ActiveCfg = Debug|Any CPU
		{34D14109-2468-41DA-BE84-216384999D15}.Debug|Any CPU.Build.0 = Debug|Any CPU
		{34D14109-2468-41DA-BE84-216384999D15}.Release|Any CPU.ActiveCfg = Release|Any CPU
		{34D14109-2468-41DA-BE84-216384999D15}.Release|Any CPU.Build.0 = Release|Any CPU
		{70A943FC-A1A5-4B84-9809-F208CD6F3602}.Debug|Any CPU.ActiveCfg = Debug|Any CPU
		{70A943FC-A1A5-4B84-9809-F208CD6F3602}.Debug|Any CPU.Build.0 = Debug|Any CPU
		{70A943FC-A1A5-4B84-9809-F208CD6F3602}.Release|Any CPU.ActiveCfg = Release|Any CPU
		{70A943FC-A1A5-4B84-9809-F208CD6F3602}.Release|Any CPU.Build.0 = Release|Any CPU
		{26ABEB73-56FC-4B64-AE77-035CC144C573}.Debug|Any CPU.ActiveCfg = Debug|Any CPU
		{26ABEB73-56FC-4B64-AE77-035CC144C573}.Debug|Any CPU.Build.0 = Debug|Any CPU
		{26ABEB73-56FC-4B64-AE77-035CC144C573}.Release|Any CPU.ActiveCfg = Release|Any CPU
		{26ABEB73-56FC-4B64-AE77-035CC144C573}.Release|Any CPU.Build.0 = Release|Any CPU
		{A0C870AB-C392-427C-90EA-BAB838B68407}.Debug|Any CPU.ActiveCfg = Debug|Any CPU
		{A0C870AB-C392-427C-90EA-BAB838B68407}.Debug|Any CPU.Build.0 = Debug|Any CPU
		{A0C870AB-C392-427C-90EA-BAB838B68407}.Release|Any CPU.ActiveCfg = Release|Any CPU
		{A0C870AB-C392-427C-90EA-BAB838B68407}.Release|Any CPU.Build.0 = Release|Any CPU
		{3A6FBA73-CAA0-402B-A39D-72466506B1B1}.Debug|Any CPU.ActiveCfg = Debug|Any CPU
		{3A6FBA73-CAA0-402B-A39D-72466506B1B1}.Debug|Any CPU.Build.0 = Debug|Any CPU
		{3A6FBA73-CAA0-402B-A39D-72466506B1B1}.Release|Any CPU.ActiveCfg = Release|Any CPU
		{3A6FBA73-CAA0-402B-A39D-72466506B1B1}.Release|Any CPU.Build.0 = Release|Any CPU
		{105FB6F4-8B19-4B9B-8E69-D9E13B1E0276}.Debug|Any CPU.ActiveCfg = Debug|Any CPU
		{105FB6F4-8B19-4B9B-8E69-D9E13B1E0276}.Debug|Any CPU.Build.0 = Debug|Any CPU
		{105FB6F4-8B19-4B9B-8E69-D9E13B1E0276}.Release|Any CPU.ActiveCfg = Release|Any CPU
		{105FB6F4-8B19-4B9B-8E69-D9E13B1E0276}.Release|Any CPU.Build.0 = Release|Any CPU
		{3A84C11F-6D2F-4639-AA06-0269BACAC307}.Debug|Any CPU.ActiveCfg = Debug|Any CPU
		{3A84C11F-6D2F-4639-AA06-0269BACAC307}.Debug|Any CPU.Build.0 = Debug|Any CPU
		{3A84C11F-6D2F-4639-AA06-0269BACAC307}.Release|Any CPU.ActiveCfg = Release|Any CPU
		{3A84C11F-6D2F-4639-AA06-0269BACAC307}.Release|Any CPU.Build.0 = Release|Any CPU
		{1166BC0B-7A69-45CD-8639-6B4714E72F89}.Debug|Any CPU.ActiveCfg = Debug|Any CPU
		{1166BC0B-7A69-45CD-8639-6B4714E72F89}.Debug|Any CPU.Build.0 = Debug|Any CPU
		{1166BC0B-7A69-45CD-8639-6B4714E72F89}.Release|Any CPU.ActiveCfg = Release|Any CPU
		{1166BC0B-7A69-45CD-8639-6B4714E72F89}.Release|Any CPU.Build.0 = Release|Any CPU
		{7DCAA52F-0EEF-4DF9-9D46-058050BD1891}.Debug|Any CPU.ActiveCfg = Debug|Any CPU
		{7DCAA52F-0EEF-4DF9-9D46-058050BD1891}.Debug|Any CPU.Build.0 = Debug|Any CPU
		{7DCAA52F-0EEF-4DF9-9D46-058050BD1891}.Release|Any CPU.ActiveCfg = Release|Any CPU
		{7DCAA52F-0EEF-4DF9-9D46-058050BD1891}.Release|Any CPU.Build.0 = Release|Any CPU
		{6B1CB502-9C88-4320-B064-94CBFF9503DE}.Debug|Any CPU.ActiveCfg = Debug|Any CPU
		{6B1CB502-9C88-4320-B064-94CBFF9503DE}.Debug|Any CPU.Build.0 = Debug|Any CPU
		{6B1CB502-9C88-4320-B064-94CBFF9503DE}.Release|Any CPU.ActiveCfg = Release|Any CPU
		{6B1CB502-9C88-4320-B064-94CBFF9503DE}.Release|Any CPU.Build.0 = Release|Any CPU
	EndGlobalSection
	GlobalSection(SolutionProperties) = preSolution
		HideSolutionNode = FALSE
	EndGlobalSection
	GlobalSection(NestedProjects) = preSolution
		{BB7CA472-E6B5-4C2E-8E83-47ECF3A89E82} = {9863FCB3-BFA4-4B9C-B8F6-302BA5F660B8}
		{20C277FC-AD95-47DF-BA4F-52BA5D313BD6} = {939EC5C2-8345-43E2-8F97-72EEEBEEA0AB}
		{65ECBCB9-F090-4126-850C-A192A6992C7B} = {20C277FC-AD95-47DF-BA4F-52BA5D313BD6}
		{3B9B2982-1AB3-432F-92D3-9C07EFB22A37} = {939EC5C2-8345-43E2-8F97-72EEEBEEA0AB}
		{160EEE27-EFDA-4BAC-9B80-524060BB0F0F} = {3B9B2982-1AB3-432F-92D3-9C07EFB22A37}
		{1DD23824-A49E-4A66-9E67-A6BDB33C63AE} = {939EC5C2-8345-43E2-8F97-72EEEBEEA0AB}
		{3942E617-CC59-4DB4-9726-831192881262} = {1DD23824-A49E-4A66-9E67-A6BDB33C63AE}
		{19EFF93D-D909-4468-B209-022BCF358D11} = {939EC5C2-8345-43E2-8F97-72EEEBEEA0AB}
		{5D2EE726-9F95-4B74-9AA3-8B7F2BF08F83} = {19EFF93D-D909-4468-B209-022BCF358D11}
		{BBDF3ED0-489C-40DC-BF37-590BC68C91C0} = {939EC5C2-8345-43E2-8F97-72EEEBEEA0AB}
		{49707B88-592D-4444-87D7-C1297341A641} = {BBDF3ED0-489C-40DC-BF37-590BC68C91C0}
		{31C79AE8-2DF2-4A09-B0B9-55E8922A7CC5} = {939EC5C2-8345-43E2-8F97-72EEEBEEA0AB}
		{E184713F-F23E-4654-BA4F-55A73EA9C636} = {31C79AE8-2DF2-4A09-B0B9-55E8922A7CC5}
		{D6D56B64-1163-41D7-9138-10FDA9C76DFE} = {939EC5C2-8345-43E2-8F97-72EEEBEEA0AB}
		{B2E8E49D-33C9-4C47-8F70-C06A9D8C3241} = {D6D56B64-1163-41D7-9138-10FDA9C76DFE}
		{75A65C50-F52E-481F-A3B9-D425DA1DF820} = {939EC5C2-8345-43E2-8F97-72EEEBEEA0AB}
		{4DF497CE-096A-416B-88A0-427597498F0C} = {75A65C50-F52E-481F-A3B9-D425DA1DF820}
		{2F36AD8A-DCCB-4DD9-83E4-8E7FE5D8631B} = {939EC5C2-8345-43E2-8F97-72EEEBEEA0AB}
		{003E550C-4A2B-46B5-9B99-5DF8AEDA9F97} = {2F36AD8A-DCCB-4DD9-83E4-8E7FE5D8631B}
		{DCBB64ED-550B-44BB-9976-FFFD4EBE2718} = {939EC5C2-8345-43E2-8F97-72EEEBEEA0AB}
		{107EFEFB-44CB-4827-B5A4-F14323827E72} = {DCBB64ED-550B-44BB-9976-FFFD4EBE2718}
		{380C0171-3BBF-4850-BA89-70B28343622E} = {939EC5C2-8345-43E2-8F97-72EEEBEEA0AB}
		{935BD463-6417-4652-A824-38462DC88A71} = {380C0171-3BBF-4850-BA89-70B28343622E}
		{2EAAFF5D-F678-4A7D-8E81-D9B08B0C3AFE} = {939EC5C2-8345-43E2-8F97-72EEEBEEA0AB}
		{98F277EB-A17A-44EE-9C28-13244BB8D4C8} = {2EAAFF5D-F678-4A7D-8E81-D9B08B0C3AFE}
		{366ADBFF-00F7-423E-9788-30DD8C767F21} = {939EC5C2-8345-43E2-8F97-72EEEBEEA0AB}
		{92C84086-F666-4F13-8F4F-8D1919225B23} = {366ADBFF-00F7-423E-9788-30DD8C767F21}
		{03E5E3F8-E01E-4CC7-991C-8A3177B6F0E1} = {939EC5C2-8345-43E2-8F97-72EEEBEEA0AB}
		{665F3C74-0D3C-4079-A23C-A79D97B76946} = {03E5E3F8-E01E-4CC7-991C-8A3177B6F0E1}
		{23F396FB-CF0F-4F77-B798-C3E75FBBD43F} = {939EC5C2-8345-43E2-8F97-72EEEBEEA0AB}
		{7E1BE4DB-575A-4741-9C6E-B429ED8154DE} = {23F396FB-CF0F-4F77-B798-C3E75FBBD43F}
		{17DB5F90-01D7-428F-A431-B768529759E0} = {939EC5C2-8345-43E2-8F97-72EEEBEEA0AB}
		{FB6958E8-BDBA-447D-8AA9-278903F45B5E} = {17DB5F90-01D7-428F-A431-B768529759E0}
		{F9BBBFB0-FE58-4DF5-8CC9-021054818C03} = {939EC5C2-8345-43E2-8F97-72EEEBEEA0AB}
		{7D608877-1AC2-4CE2-BC87-E6FB0901266B} = {F9BBBFB0-FE58-4DF5-8CC9-021054818C03}
		{1A1ABCF9-6867-4982-9E2F-9D12B2939C1D} = {939EC5C2-8345-43E2-8F97-72EEEBEEA0AB}
		{A1303618-9D88-4A93-91EA-FCBF306DAECB} = {1A1ABCF9-6867-4982-9E2F-9D12B2939C1D}
		{57C2B4A1-DB88-4617-AFED-8A26E03F51D6} = {939EC5C2-8345-43E2-8F97-72EEEBEEA0AB}
		{DA813D51-7C37-4426-BAB9-D9DE73DB2BC0} = {57C2B4A1-DB88-4617-AFED-8A26E03F51D6}
		{9B5A8BCB-DCF3-4FD3-B2F5-EDD84B3C0FBA} = {939EC5C2-8345-43E2-8F97-72EEEBEEA0AB}
		{34D14109-2468-41DA-BE84-216384999D15} = {9B5A8BCB-DCF3-4FD3-B2F5-EDD84B3C0FBA}
		{03151962-F0D9-45D1-8DB4-3296FF7321CC} = {939EC5C2-8345-43E2-8F97-72EEEBEEA0AB}
		{70A943FC-A1A5-4B84-9809-F208CD6F3602} = {03151962-F0D9-45D1-8DB4-3296FF7321CC}
		{DCB11FE8-873F-4863-A4AA-D4C4A8886547} = {939EC5C2-8345-43E2-8F97-72EEEBEEA0AB}
		{26ABEB73-56FC-4B64-AE77-035CC144C573} = {DCB11FE8-873F-4863-A4AA-D4C4A8886547}
		{8362EDEC-C3DD-46A0-B3FB-6DA560A9A99C} = {939EC5C2-8345-43E2-8F97-72EEEBEEA0AB}
		{A0C870AB-C392-427C-90EA-BAB838B68407} = {8362EDEC-C3DD-46A0-B3FB-6DA560A9A99C}
		{B7E821BB-6883-4930-A80B-67B29D75793B} = {939EC5C2-8345-43E2-8F97-72EEEBEEA0AB}
		{3A6FBA73-CAA0-402B-A39D-72466506B1B1} = {B7E821BB-6883-4930-A80B-67B29D75793B}
		{5B1DE8C0-143D-4F72-931A-D3FAD377141D} = {939EC5C2-8345-43E2-8F97-72EEEBEEA0AB}
		{105FB6F4-8B19-4B9B-8E69-D9E13B1E0276} = {5B1DE8C0-143D-4F72-931A-D3FAD377141D}
		{21D8F26A-B14D-4243-929D-713ED37E66F0} = {939EC5C2-8345-43E2-8F97-72EEEBEEA0AB}
		{3A84C11F-6D2F-4639-AA06-0269BACAC307} = {21D8F26A-B14D-4243-929D-713ED37E66F0}
		{EFC38F3B-5D30-48EB-9A4F-4D94CBA69459} = {939EC5C2-8345-43E2-8F97-72EEEBEEA0AB}
		{1166BC0B-7A69-45CD-8639-6B4714E72F89} = {EFC38F3B-5D30-48EB-9A4F-4D94CBA69459}
		{7D73A365-DB94-4EE6-AA4B-789B7CDA787D} = {939EC5C2-8345-43E2-8F97-72EEEBEEA0AB}
		{7DCAA52F-0EEF-4DF9-9D46-058050BD1891} = {7D73A365-DB94-4EE6-AA4B-789B7CDA787D}
		{332EA48B-1D9C-4117-AD62-5C7F9BF6876B} = {939EC5C2-8345-43E2-8F97-72EEEBEEA0AB}
		{6B1CB502-9C88-4320-B064-94CBFF9503DE} = {332EA48B-1D9C-4117-AD62-5C7F9BF6876B}
		EndGlobalSection
	GlobalSection(ExtensibilityGlobals) = postSolution
		SolutionGuid = {32A9903E-CBA2-4CFF-8469-12146263387F}
	EndGlobalSection
EndGlobal
