
Microsoft Visual Studio Solution File, Format Version 12.00
# Visual Studio 15
VisualStudioVersion = 15.0.27703.2026
MinimumVisualStudioVersion = 10.0.40219.1
Project("{2150E333-8FDC-42A3-9474-1A3956D46DE8}") = "Core", "Core", "{9863FCB3-BFA4-4B9C-B8F6-302BA5F660B8}"
EndProject
Project("{9A19103F-16F7-4668-BE54-9A1E7A4F7556}") = "JDCloudSDK.Core", "src\Core\JDCloudSDK.Core.csproj", "{BB7CA472-E6B5-4C2E-8E83-47ECF3A89E82}"
EndProject
Project("{2150E333-8FDC-42A3-9474-1A3956D46DE8}") = "Services", "Services", "{939EC5C2-8345-43E2-8F97-72EEEBEEA0AB}"
EndProject
Project("{2150E333-8FDC-42A3-9474-1A3956D46DE8}") = "Disk", "Disk", "{323570C2-0C43-4881-9F39-11E8ED6FC109}"
EndProject
Project("{9A19103F-16F7-4668-BE54-9A1E7A4F7556}") = "JDCloudSDK.Disk", "src\Service\Disk\JDCloudSDK.Disk.csproj", "{EEE4B877-34DD-43D7-AC4C-A543BF9D94F6}"
EndProject
Project("{2150E333-8FDC-42A3-9474-1A3956D46DE8}") = "Iotlink", "Iotlink", "{D6E6175E-23C2-4E11-BC74-16771CA6B396}"
EndProject
Project("{9A19103F-16F7-4668-BE54-9A1E7A4F7556}") = "JDCloudSDK.Iotlink", "src\Service\Iotlink\JDCloudSDK.Iotlink.csproj", "{86852AD8-4A86-4FE9-90A5-C0AC50430403}"
EndProject
Project("{2150E333-8FDC-42A3-9474-1A3956D46DE8}") = "Edcps", "Edcps", "{515433D6-76D4-4C7C-BE0E-B53F786F9FBD}"
EndProject
Project("{9A19103F-16F7-4668-BE54-9A1E7A4F7556}") = "JDCloudSDK.Edcps", "src\Service\Edcps\JDCloudSDK.Edcps.csproj", "{E6A6C582-C7FA-4FEE-A93B-9204C7E99D36}"
EndProject
Project("{2150E333-8FDC-42A3-9474-1A3956D46DE8}") = "Detection", "Detection", "{50052300-1499-427B-B81B-5382311CA117}"
EndProject
Project("{9A19103F-16F7-4668-BE54-9A1E7A4F7556}") = "JDCloudSDK.Detection", "src\Service\Detection\JDCloudSDK.Detection.csproj", "{171848A2-E00B-48AE-8D8C-0E1BAF2D0B8E}"
EndProject
Project("{2150E333-8FDC-42A3-9474-1A3956D46DE8}") = "Portal", "Portal", "{32D4D50C-F5B5-4236-A3E8-EF599B04E6E9}"
EndProject
Project("{9A19103F-16F7-4668-BE54-9A1E7A4F7556}") = "JDCloudSDK.Portal", "src\Service\Portal\JDCloudSDK.Portal.csproj", "{0D8509F0-A28C-4730-9123-6C332AF16D0B}"
EndProject
Project("{2150E333-8FDC-42A3-9474-1A3956D46DE8}") = "Partner", "Partner", "{E039ACFA-B869-4B1C-806D-20B4B4720FFE}"
EndProject
Project("{9A19103F-16F7-4668-BE54-9A1E7A4F7556}") = "JDCloudSDK.Partner", "src\Service\Partner\JDCloudSDK.Partner.csproj", "{AF311846-096B-47C3-A75D-DC6D59D06AC2}"
EndProject
Project("{2150E333-8FDC-42A3-9474-1A3956D46DE8}") = "Vm", "Vm", "{E3AC6E0F-8B6F-44AD-B3E4-4708375A4A02}"
EndProject
Project("{9A19103F-16F7-4668-BE54-9A1E7A4F7556}") = "JDCloudSDK.Vm", "src\Service\Vm\JDCloudSDK.Vm.csproj", "{45115598-03DD-4C46-9932-C63856DD6662}"
EndProject
Project("{2150E333-8FDC-42A3-9474-1A3956D46DE8}") = "Iam", "Iam", "{8DE1047D-A7C2-40E4-AD8F-944BE1C73171}"
EndProject
Project("{9A19103F-16F7-4668-BE54-9A1E7A4F7556}") = "JDCloudSDK.Iam", "src\Service\Iam\JDCloudSDK.Iam.csproj", "{0BAF7B8F-7103-4E3C-A322-FF534DF1A553}"
EndProject
Project("{2150E333-8FDC-42A3-9474-1A3956D46DE8}") = "Ams", "Ams", "{FF5E2D23-7E15-4B5E-BEDF-763EE06B8ED8}"
EndProject
Project("{9A19103F-16F7-4668-BE54-9A1E7A4F7556}") = "JDCloudSDK.Ams", "src\Service\Ams\JDCloudSDK.Ams.csproj", "{5AEFE18A-A2A2-422C-9FD0-6A452F142E78}"
EndProject
Project("{2150E333-8FDC-42A3-9474-1A3956D46DE8}") = "Kubernetes", "Kubernetes", "{F29ACF45-F658-4D34-A6AF-CD60662B314D}"
EndProject
Project("{9A19103F-16F7-4668-BE54-9A1E7A4F7556}") = "JDCloudSDK.Kubernetes", "src\Service\Kubernetes\JDCloudSDK.Kubernetes.csproj", "{0B9266F1-F1D6-4098-AAAE-68D5D0B8A44A}"
EndProject
Project("{2150E333-8FDC-42A3-9474-1A3956D46DE8}") = "Nativecontainer", "Nativecontainer", "{7812DF68-0811-49F1-8583-1D2E060AD6EC}"
EndProject
Project("{9A19103F-16F7-4668-BE54-9A1E7A4F7556}") = "JDCloudSDK.Nativecontainer", "src\Service\Nativecontainer\JDCloudSDK.Nativecontainer.csproj", "{F6A7D2C0-FC0E-4ABE-89E1-D6B9379800C3}"
EndProject
Project("{2150E333-8FDC-42A3-9474-1A3956D46DE8}") = "Ssl", "Ssl", "{A766CA47-B366-439E-8CEB-5AB5B3EEF05A}"
EndProject
Project("{9A19103F-16F7-4668-BE54-9A1E7A4F7556}") = "JDCloudSDK.Ssl", "src\Service\Ssl\JDCloudSDK.Ssl.csproj", "{3C2EFE7B-08DB-4FF5-914B-5C177E033398}"
EndProject
Project("{2150E333-8FDC-42A3-9474-1A3956D46DE8}") = "Zfs", "Zfs", "{CCA37BB5-0486-4845-AF74-49A827C7E1FB}"
EndProject
Project("{9A19103F-16F7-4668-BE54-9A1E7A4F7556}") = "JDCloudSDK.Zfs", "src\Service\Zfs\JDCloudSDK.Zfs.csproj", "{0F52C8E6-DF94-44F6-8B38-7EFC6D91639C}"
EndProject
Project("{2150E333-8FDC-42A3-9474-1A3956D46DE8}") = "Sms", "Sms", "{1A2600A0-3042-4527-AD59-1FBF0EE81E50}"
EndProject
Project("{9A19103F-16F7-4668-BE54-9A1E7A4F7556}") = "JDCloudSDK.Sms", "src\Service\Sms\JDCloudSDK.Sms.csproj", "{9CE6B4EF-586E-47F2-8674-2F4B1D8A1061}"
EndProject
Project("{2150E333-8FDC-42A3-9474-1A3956D46DE8}") = "Common", "Common", "{A0A2BB8C-EB50-4A0C-BBC4-D0B4B8FF631C}"
EndProject
Project("{9A19103F-16F7-4668-BE54-9A1E7A4F7556}") = "JDCloudSDK.Common", "src\Service\Common\JDCloudSDK.Common.csproj", "{94CFB216-3FD4-4326-884F-37861CC299FA}"
EndProject
Project("{2150E333-8FDC-42A3-9474-1A3956D46DE8}") = "Pipeline", "Pipeline", "{0E0E53D6-FF1A-4C98-8A31-06CF2384CEE8}"
EndProject
Project("{9A19103F-16F7-4668-BE54-9A1E7A4F7556}") = "JDCloudSDK.Pipeline", "src\Service\Pipeline\JDCloudSDK.Pipeline.csproj", "{0F8DC9A3-3836-4A34-BBBE-89275024860E}"
EndProject
Project("{2150E333-8FDC-42A3-9474-1A3956D46DE8}") = "Iothub", "Iothub", "{13F7A3D4-A2CB-4AA6-9A93-C950BDD05F04}"
EndProject
Project("{9A19103F-16F7-4668-BE54-9A1E7A4F7556}") = "JDCloudSDK.Iothub", "src\Service\Iothub\JDCloudSDK.Iothub.csproj", "{AC35975F-7E99-49A6-B043-8A19003CD8A2}"
EndProject
Project("{2150E333-8FDC-42A3-9474-1A3956D46DE8}") = "Vod", "Vod", "{25AA39DB-2B8B-4FA0-BC17-798087140BF4}"
EndProject
Project("{9A19103F-16F7-4668-BE54-9A1E7A4F7556}") = "JDCloudSDK.Vod", "src\Service\Vod\JDCloudSDK.Vod.csproj", "{3E8E9ECB-2BD8-4CC0-BE1F-3482FB343687}"
EndProject
Project("{2150E333-8FDC-42A3-9474-1A3956D46DE8}") = "Billing", "Billing", "{FA35ED38-DAC9-4A98-9709-C91272B28C07}"
EndProject
Project("{9A19103F-16F7-4668-BE54-9A1E7A4F7556}") = "JDCloudSDK.Billing", "src\Service\Billing\JDCloudSDK.Billing.csproj", "{AD67059A-E084-4EA3-923D-5C1092901354}"
EndProject
Project("{2150E333-8FDC-42A3-9474-1A3956D46DE8}") = "Kms", "Kms", "{37472DD7-C7F9-40E9-BAA4-86B7C4FAB58D}"
EndProject
Project("{9A19103F-16F7-4668-BE54-9A1E7A4F7556}") = "JDCloudSDK.Kms", "src\Service\Kms\JDCloudSDK.Kms.csproj", "{2C1667A3-E883-4DAC-B85D-5F253F516107}"
EndProject
Project("{2150E333-8FDC-42A3-9474-1A3956D46DE8}") = "Ag", "Ag", "{2622F5B4-8BBB-42F4-BB34-A0AB80C5A6C5}"
EndProject
Project("{9A19103F-16F7-4668-BE54-9A1E7A4F7556}") = "JDCloudSDK.Ag", "src\Service\Ag\JDCloudSDK.Ag.csproj", "{C28C29F2-8810-450A-B5D5-B5ACD4966557}"
EndProject
Project("{2150E333-8FDC-42A3-9474-1A3956D46DE8}") = "Streamcomputer", "Streamcomputer", "{4429678D-9686-400B-B8EF-876B3DC8A172}"
EndProject
Project("{9A19103F-16F7-4668-BE54-9A1E7A4F7556}") = "JDCloudSDK.Streamcomputer", "src\Service\Streamcomputer\JDCloudSDK.Streamcomputer.csproj", "{53B88056-919C-44AE-A494-B39E4B2E8DA0}"
EndProject
Project("{2150E333-8FDC-42A3-9474-1A3956D46DE8}") = "Jdccs", "Jdccs", "{7F8ADED8-EA4E-41CA-A1A8-306FAA38A759}"
EndProject
Project("{9A19103F-16F7-4668-BE54-9A1E7A4F7556}") = "JDCloudSDK.Jdccs", "src\Service\Jdccs\JDCloudSDK.Jdccs.csproj", "{2FE8281D-9932-462B-AC7F-6043AA1E0A00}"
EndProject
Project("{2150E333-8FDC-42A3-9474-1A3956D46DE8}") = "Iotcore", "Iotcore", "{5C7E230B-C2D5-4D26-A7C5-EE7961EE0DCC}"
EndProject
Project("{9A19103F-16F7-4668-BE54-9A1E7A4F7556}") = "JDCloudSDK.Iotcore", "src\Service\Iotcore\JDCloudSDK.Iotcore.csproj", "{8BF7A6F1-DCE3-4FED-9A75-287E3B0AC3FF}"
EndProject
Project("{2150E333-8FDC-42A3-9474-1A3956D46DE8}") = "Streambus", "Streambus", "{E7E7ECC7-AB11-4B76-824F-BB7FC50986A5}"
EndProject
Project("{9A19103F-16F7-4668-BE54-9A1E7A4F7556}") = "JDCloudSDK.Streambus", "src\Service\Streambus\JDCloudSDK.Streambus.csproj", "{967059F2-B290-434F-B8AE-5382013F6036}"
EndProject
Project("{2150E333-8FDC-42A3-9474-1A3956D46DE8}") = "Cdn", "Cdn", "{CCC3DB7D-21E1-438F-B8DE-75C7020050F3}"
EndProject
Project("{9A19103F-16F7-4668-BE54-9A1E7A4F7556}") = "JDCloudSDK.Cdn", "src\Service\Cdn\JDCloudSDK.Cdn.csproj", "{C01F9B1C-F629-4F41-9261-2740392F79CE}"
EndProject
Project("{2150E333-8FDC-42A3-9474-1A3956D46DE8}") = "Apigateway", "Apigateway", "{31CBFFB4-ED7D-4626-8046-C3EE1417418F}"
EndProject
Project("{9A19103F-16F7-4668-BE54-9A1E7A4F7556}") = "JDCloudSDK.Apigateway", "src\Service\Apigateway\JDCloudSDK.Apigateway.csproj", "{7E8DAD0E-CC74-4EED-AB62-D9F2DEA1A94B}"
EndProject
Project("{2150E333-8FDC-42A3-9474-1A3956D46DE8}") = "Datastar", "Datastar", "{35BB580C-0D83-46BF-9AAE-9F55F36970AB}"
EndProject
Project("{9A19103F-16F7-4668-BE54-9A1E7A4F7556}") = "JDCloudSDK.Datastar", "src\Service\Datastar\JDCloudSDK.Datastar.csproj", "{95B65478-0FEC-4FF8-AFE8-4AF27701C7E0}"
EndProject
Project("{2150E333-8FDC-42A3-9474-1A3956D46DE8}") = "Jdw", "Jdw", "{37D95DD3-0535-420F-B90B-59107CA4EFBB}"
EndProject
Project("{9A19103F-16F7-4668-BE54-9A1E7A4F7556}") = "JDCloudSDK.Jdw", "src\Service\Jdw\JDCloudSDK.Jdw.csproj", "{AF11F349-18A7-41C2-A1F6-72804CBB0F40}"
EndProject
Project("{2150E333-8FDC-42A3-9474-1A3956D46DE8}") = "Monitor", "Monitor", "{6E3B9393-A8FA-4DE4-8954-60A0E00EB3A2}"
EndProject
Project("{9A19103F-16F7-4668-BE54-9A1E7A4F7556}") = "JDCloudSDK.Monitor", "src\Service\Monitor\JDCloudSDK.Monitor.csproj", "{C0527921-E9BE-4503-B6E6-46FF90A11960}"
EndProject
Project("{2150E333-8FDC-42A3-9474-1A3956D46DE8}") = "Industrydata", "Industrydata", "{2376184A-35D2-4BDB-A6C9-69A33CB537A0}"
EndProject
Project("{9A19103F-16F7-4668-BE54-9A1E7A4F7556}") = "JDCloudSDK.Industrydata", "src\Service\Industrydata\JDCloudSDK.Industrydata.csproj", "{C0074840-2FCB-454E-8E91-3719655B7933}"
EndProject
Project("{2150E333-8FDC-42A3-9474-1A3956D46DE8}") = "Jke", "Jke", "{8617CFAF-D974-4A94-9F85-1C4657446A26}"
EndProject
Project("{9A19103F-16F7-4668-BE54-9A1E7A4F7556}") = "JDCloudSDK.Jke", "src\Service\Jke\JDCloudSDK.Jke.csproj", "{72BDCBCB-23CE-4202-B3AF-7236AFBD1F28}"
EndProject
Project("{2150E333-8FDC-42A3-9474-1A3956D46DE8}") = "Jdro", "Jdro", "{ED2EAC87-6DFD-4BD1-B500-461B833D06CF}"
EndProject
Project("{9A19103F-16F7-4668-BE54-9A1E7A4F7556}") = "JDCloudSDK.Jdro", "src\Service\Jdro\JDCloudSDK.Jdro.csproj", "{4A5DA2DC-B9CB-4352-A822-91E96AE475A1}"
EndProject
Project("{2150E333-8FDC-42A3-9474-1A3956D46DE8}") = "Baseanti", "Baseanti", "{57F6CCA8-BFF3-4489-A4F9-E3134827F1D4}"
EndProject
Project("{9A19103F-16F7-4668-BE54-9A1E7A4F7556}") = "JDCloudSDK.Baseanti", "src\Service\Baseanti\JDCloudSDK.Baseanti.csproj", "{5C940E30-3805-492B-B890-497B279C242A}"
EndProject
Project("{2150E333-8FDC-42A3-9474-1A3956D46DE8}") = "Function", "Function", "{9C06AC5B-C950-4EFA-A86B-B6EA031F96C0}"
EndProject
Project("{9A19103F-16F7-4668-BE54-9A1E7A4F7556}") = "JDCloudSDK.Function", "src\Service\Function\JDCloudSDK.Function.csproj", "{32626392-BB3E-44B5-814C-C37A3401031B}"
EndProject
Project("{2150E333-8FDC-42A3-9474-1A3956D46DE8}") = "Iotcloudgateway", "Iotcloudgateway", "{14B24356-5572-456C-A89B-54ECEBC883A3}"
EndProject
Project("{9A19103F-16F7-4668-BE54-9A1E7A4F7556}") = "JDCloudSDK.Iotcloudgateway", "src\Service\Iotcloudgateway\JDCloudSDK.Iotcloudgateway.csproj", "{CFEF222B-E587-403B-9EED-63037929AF58}"
EndProject
Project("{2150E333-8FDC-42A3-9474-1A3956D46DE8}") = "Order", "Order", "{18B19C06-1BC6-4D52-A491-00C5053446B3}"
EndProject
Project("{9A19103F-16F7-4668-BE54-9A1E7A4F7556}") = "JDCloudSDK.Order", "src\Service\Order\JDCloudSDK.Order.csproj", "{E39E7FCF-959E-4CC6-AFB0-CE1887864F34}"
EndProject
Project("{2150E333-8FDC-42A3-9474-1A3956D46DE8}") = "Rms", "Rms", "{140B9C22-068F-4602-9E63-315A9BF9BB23}"
EndProject
Project("{9A19103F-16F7-4668-BE54-9A1E7A4F7556}") = "JDCloudSDK.Rms", "src\Service\Rms\JDCloudSDK.Rms.csproj", "{814E0B96-2980-4891-B7ED-D438F08F0730}"
EndProject
Project("{2150E333-8FDC-42A3-9474-1A3956D46DE8}") = "Domainservice", "Domainservice", "{CD47DD78-3851-4A67-8200-C66F1D0A5CEB}"
EndProject
Project("{9A19103F-16F7-4668-BE54-9A1E7A4F7556}") = "JDCloudSDK.Domainservice", "src\Service\Domainservice\JDCloudSDK.Domainservice.csproj", "{5E7A0A07-2C03-422A-9918-F1DCF9625CD6}"
EndProject
Project("{2150E333-8FDC-42A3-9474-1A3956D46DE8}") = "Ias", "Ias", "{C1947AF2-3CF2-4910-B3CF-64AA679D27ED}"
EndProject
Project("{9A19103F-16F7-4668-BE54-9A1E7A4F7556}") = "JDCloudSDK.Ias", "src\Service\Ias\JDCloudSDK.Ias.csproj", "{F585C586-FD7E-41A2-BB20-555D6331A131}"
EndProject
Project("{2150E333-8FDC-42A3-9474-1A3956D46DE8}") = "Charge", "Charge", "{A4358A00-5C36-4867-A119-7B8394F0E472}"
EndProject
Project("{9A19103F-16F7-4668-BE54-9A1E7A4F7556}") = "JDCloudSDK.Charge", "src\Service\Charge\JDCloudSDK.Charge.csproj", "{03BE4FB3-8996-43DB-8EDE-D70F2366F89B}"
EndProject
Project("{2150E333-8FDC-42A3-9474-1A3956D46DE8}") = "Cps", "Cps", "{49D7EA16-7CC5-4389-9F4F-7B38B55A07C4}"
EndProject
Project("{9A19103F-16F7-4668-BE54-9A1E7A4F7556}") = "JDCloudSDK.Cps", "src\Service\Cps\JDCloudSDK.Cps.csproj", "{77A075E7-55E4-48E8-8EF4-4D40D77CCDE7}"
EndProject
Project("{2150E333-8FDC-42A3-9474-1A3956D46DE8}") = "Logs", "Logs", "{51DB59DE-6181-4F00-A665-D66E7F2602DC}"
EndProject
Project("{9A19103F-16F7-4668-BE54-9A1E7A4F7556}") = "JDCloudSDK.Logs", "src\Service\Logs\JDCloudSDK.Logs.csproj", "{0F7E4CEF-A13A-46AA-AE35-FB196F601657}"
EndProject
Project("{2150E333-8FDC-42A3-9474-1A3956D46DE8}") = "Ipanti", "Ipanti", "{B0D92F6E-9D5B-4DDD-800F-6B2D6F9F5B8B}"
EndProject
Project("{9A19103F-16F7-4668-BE54-9A1E7A4F7556}") = "JDCloudSDK.Ipanti", "src\Service\Ipanti\JDCloudSDK.Ipanti.csproj", "{65C58C9B-4B87-42D6-A439-2A38366844C9}"
EndProject
Project("{2150E333-8FDC-42A3-9474-1A3956D46DE8}") = "Mongodb", "Mongodb", "{DA40293C-3C15-4C6E-87A8-047822D75F10}"
EndProject
Project("{9A19103F-16F7-4668-BE54-9A1E7A4F7556}") = "JDCloudSDK.Mongodb", "src\Service\Mongodb\JDCloudSDK.Mongodb.csproj", "{7EF2BD79-3349-4993-B518-62BA5846814F}"
EndProject
Project("{2150E333-8FDC-42A3-9474-1A3956D46DE8}") = "Live", "Live", "{BA8319CE-7D3B-4A29-8426-68A6E284E306}"
EndProject
Project("{9A19103F-16F7-4668-BE54-9A1E7A4F7556}") = "JDCloudSDK.Live", "src\Service\Live\JDCloudSDK.Live.csproj", "{E829E1A1-095F-437B-ADB2-3F7DC7ABEBCB}"
EndProject
Project("{2150E333-8FDC-42A3-9474-1A3956D46DE8}") = "Vpc", "Vpc", "{256714B9-B290-410D-A4DD-2F36C6480835}"
EndProject
Project("{9A19103F-16F7-4668-BE54-9A1E7A4F7556}") = "JDCloudSDK.Vpc", "src\Service\Vpc\JDCloudSDK.Vpc.csproj", "{0082F898-7113-45F4-8CA6-8632FD40A401}"
EndProject
Project("{2150E333-8FDC-42A3-9474-1A3956D46DE8}") = "Sts", "Sts", "{BD70A61F-085B-4293-8128-C73AA84D9EC6}"
EndProject
Project("{9A19103F-16F7-4668-BE54-9A1E7A4F7556}") = "JDCloudSDK.Sts", "src\Service\Sts\JDCloudSDK.Sts.csproj", "{9E09A01A-B62D-4B9F-9DE2-09526D52C8B9}"
EndProject
Project("{2150E333-8FDC-42A3-9474-1A3956D46DE8}") = "Antipro", "Antipro", "{A986D842-D375-475D-84B8-2C5BBE9A8A87}"
EndProject
Project("{9A19103F-16F7-4668-BE54-9A1E7A4F7556}") = "JDCloudSDK.Antipro", "src\Service\Antipro\JDCloudSDK.Antipro.csproj", "{2D95B423-5240-461B-B2C3-5CB9656A5C58}"
EndProject
Project("{2150E333-8FDC-42A3-9474-1A3956D46DE8}") = "Compile", "Compile", "{AF355D0F-1920-4DB4-8133-30824BDFCD87}"
EndProject
Project("{9A19103F-16F7-4668-BE54-9A1E7A4F7556}") = "JDCloudSDK.Compile", "src\Service\Compile\JDCloudSDK.Compile.csproj", "{EED982B1-A5AC-4BB1-AA50-C2D4BD34F0B7}"
EndProject
Project("{2150E333-8FDC-42A3-9474-1A3956D46DE8}") = "Xdata", "Xdata", "{FFD1DD18-0D2B-4E6D-8CF5-4A7FB452C9CD}"
EndProject
Project("{9A19103F-16F7-4668-BE54-9A1E7A4F7556}") = "JDCloudSDK.Xdata", "src\Service\Xdata\JDCloudSDK.Xdata.csproj", "{03595DF6-AC78-41C6-A02E-2B0AA477D57B}"
EndProject
Project("{2150E333-8FDC-42A3-9474-1A3956D46DE8}") = "Elite", "Elite", "{F8B5679E-BD6E-4121-886F-C8889DB44120}"
EndProject
Project("{9A19103F-16F7-4668-BE54-9A1E7A4F7556}") = "JDCloudSDK.Elite", "src\Service\Elite\JDCloudSDK.Elite.csproj", "{35E1D131-17E7-4103-86D8-DBCF5A8FF43D}"
EndProject
Project("{2150E333-8FDC-42A3-9474-1A3956D46DE8}") = "Rds", "Rds", "{253777BB-EAE4-4E53-B1D7-B9E67AB58475}"
EndProject
Project("{9A19103F-16F7-4668-BE54-9A1E7A4F7556}") = "JDCloudSDK.Rds", "src\Service\Rds\JDCloudSDK.Rds.csproj", "{A16E091E-1E9E-4C73-8F4B-88DB05CB8C03}"
EndProject
Project("{2150E333-8FDC-42A3-9474-1A3956D46DE8}") = "Resourcetag", "Resourcetag", "{DDFB7283-D15E-4686-A240-2BB8527F3D2C}"
EndProject
Project("{9A19103F-16F7-4668-BE54-9A1E7A4F7556}") = "JDCloudSDK.Resourcetag", "src\Service\Resourcetag\JDCloudSDK.Resourcetag.csproj", "{9CAEF220-453C-4C39-875B-16BAC6C194B3}"
EndProject
Project("{2150E333-8FDC-42A3-9474-1A3956D46DE8}") = "Httpdns", "Httpdns", "{9B96C630-5C6D-47D1-B5E8-76B001EB2CC4}"
EndProject
Project("{9A19103F-16F7-4668-BE54-9A1E7A4F7556}") = "JDCloudSDK.Httpdns", "src\Service\Httpdns\JDCloudSDK.Httpdns.csproj", "{30AA0FA3-C184-4176-96C8-299BA9C45C3C}"
EndProject
Project("{2150E333-8FDC-42A3-9474-1A3956D46DE8}") = "Ossopenapi", "Ossopenapi", "{81002232-4927-47B3-8FB9-5DF9E8249197}"
EndProject
Project("{9A19103F-16F7-4668-BE54-9A1E7A4F7556}") = "JDCloudSDK.Ossopenapi", "src\Service\Ossopenapi\JDCloudSDK.Ossopenapi.csproj", "{A9E27A74-99D8-4692-9A5C-59A2C08E2422}"
EndProject
Project("{2150E333-8FDC-42A3-9474-1A3956D46DE8}") = "Nc", "Nc", "{DCC88CBE-C3C0-4B9C-A04A-B7D53BE0DD0A}"
EndProject
Project("{9A19103F-16F7-4668-BE54-9A1E7A4F7556}") = "JDCloudSDK.Nc", "src\Service\Nc\JDCloudSDK.Nc.csproj", "{9DC0D737-10E7-4CB3-938E-59F7C239730C}"
EndProject
Project("{2150E333-8FDC-42A3-9474-1A3956D46DE8}") = "Redis", "Redis", "{E6EC3653-DD8F-414F-B388-FC7F610399BD}"
EndProject
Project("{9A19103F-16F7-4668-BE54-9A1E7A4F7556}") = "JDCloudSDK.Redis", "src\Service\Redis\JDCloudSDK.Redis.csproj", "{8C64A02C-6DDF-4469-80B3-9F6A33E4AB97}"
EndProject
Project("{2150E333-8FDC-42A3-9474-1A3956D46DE8}") = "Yundingdatapush", "Yundingdatapush", "{FAE00A4A-CBEE-4DC3-8FC9-C34D36A29F42}"
EndProject
Project("{9A19103F-16F7-4668-BE54-9A1E7A4F7556}") = "JDCloudSDK.Yundingdatapush", "src\Service\Yundingdatapush\JDCloudSDK.Yundingdatapush.csproj", "{A2CD4955-AD27-4BC1-98F2-15824B6E9141}"
EndProject
Project("{2150E333-8FDC-42A3-9474-1A3956D46DE8}") = "Mps", "Mps", "{5BC90C9D-FA73-4219-9DFF-A2C63C93BE12}"
EndProject
Project("{9A19103F-16F7-4668-BE54-9A1E7A4F7556}") = "JDCloudSDK.Mps", "src\Service\Mps\JDCloudSDK.Mps.csproj", "{8C12FFC1-D266-48C2-956D-B25A6CDB2B0D}"
EndProject
Project("{2150E333-8FDC-42A3-9474-1A3956D46DE8}") = "Clouddnsservice", "Clouddnsservice", "{E46C5F2C-EFC3-43F2-9B2E-EB4A14B1CBA7}"
EndProject
Project("{9A19103F-16F7-4668-BE54-9A1E7A4F7556}") = "JDCloudSDK.Clouddnsservice", "src\Service\Clouddnsservice\JDCloudSDK.Clouddnsservice.csproj", "{B494C1D7-E374-4DC8-8FDC-F49CD0CB1486}"
EndProject
Project("{2150E333-8FDC-42A3-9474-1A3956D46DE8}") = "Cr", "Cr", "{B5FBBA7E-C017-4237-A34F-39C97EAF4D58}"
EndProject
Project("{9A19103F-16F7-4668-BE54-9A1E7A4F7556}") = "JDCloudSDK.Cr", "src\Service\Cr\JDCloudSDK.Cr.csproj", "{94D2F4E5-0293-4C1E-9F44-4031E36FCA89}"
EndProject
Project("{2150E333-8FDC-42A3-9474-1A3956D46DE8}") = "Iotcard", "Iotcard", "{36057360-F923-4DF5-A58A-5605A2EDA96D}"
EndProject
Project("{9A19103F-16F7-4668-BE54-9A1E7A4F7556}") = "JDCloudSDK.Iotcard", "src\Service\Iotcard\JDCloudSDK.Iotcard.csproj", "{DB608A3E-C253-4F91-86D8-827486622757}"
EndProject
Project("{2150E333-8FDC-42A3-9474-1A3956D46DE8}") = "Sop", "Sop", "{FFCE6F40-022C-400B-A102-EEC064B9238B}"
EndProject
Project("{9A19103F-16F7-4668-BE54-9A1E7A4F7556}") = "JDCloudSDK.Sop", "src\Service\Sop\JDCloudSDK.Sop.csproj", "{7168652D-C692-4620-AEB9-81126B2E6F67}"
EndProject
Project("{2150E333-8FDC-42A3-9474-1A3956D46DE8}") = "Jcq", "Jcq", "{CD615454-E9F7-4B56-95BC-7D6743DAF8B9}"
EndProject
Project("{9A19103F-16F7-4668-BE54-9A1E7A4F7556}") = "JDCloudSDK.Jcq", "src\Service\Jcq\JDCloudSDK.Jcq.csproj", "{D8606F23-4716-45A8-BBB0-68495543FD85}"
EndProject
Project("{2150E333-8FDC-42A3-9474-1A3956D46DE8}") = "Containerregistry", "Containerregistry", "{FAB26D94-29E9-4DCB-BED9-69243F1228DE}"
EndProject
Project("{9A19103F-16F7-4668-BE54-9A1E7A4F7556}") = "JDCloudSDK.Containerregistry", "src\Service\Containerregistry\JDCloudSDK.Containerregistry.csproj", "{40F86637-281B-47DB-9A4D-11BE1EA347D5}"
EndProject
Project("{2150E333-8FDC-42A3-9474-1A3956D46DE8}") = "Oss", "Oss", "{ACC6D53B-8F24-4BF8-A942-A1DB2646DAB7}"
EndProject
Project("{9A19103F-16F7-4668-BE54-9A1E7A4F7556}") = "JDCloudSDK.Oss", "src\Service\Oss\JDCloudSDK.Oss.csproj", "{AC9074DB-8947-43C8-8D4E-57866CB36877}"
EndProject
Project("{2150E333-8FDC-42A3-9474-1A3956D46DE8}") = "Deploy", "Deploy", "{1E1D9322-DF5D-475B-8811-34137899B5CF}"
EndProject
Project("{9A19103F-16F7-4668-BE54-9A1E7A4F7556}") = "JDCloudSDK.Deploy", "src\Service\Deploy\JDCloudSDK.Deploy.csproj", "{68A764A5-E31C-4CED-8E96-59CAA9200B94}"
EndProject
Project("{2150E333-8FDC-42A3-9474-1A3956D46DE8}") = "Pod", "Pod", "{918FBF53-7BA7-4FB4-A635-8A4313F96863}"
EndProject
Project("{9A19103F-16F7-4668-BE54-9A1E7A4F7556}") = "JDCloudSDK.Pod", "src\Service\Pod\JDCloudSDK.Pod.csproj", "{8CA57DA8-5EA9-4BFC-8513-E60730574639}"
EndProject
Project("{2150E333-8FDC-42A3-9474-1A3956D46DE8}") = "Renewal", "Renewal", "{C3D1FADB-D643-4225-9B16-9961C86047D4}"
EndProject
Project("{9A19103F-16F7-4668-BE54-9A1E7A4F7556}") = "JDCloudSDK.Renewal", "src\Service\Renewal\JDCloudSDK.Renewal.csproj", "{1184AFF9-913D-4F5B-970F-E1A1F60DA64C}"
EndProject
Project("{2150E333-8FDC-42A3-9474-1A3956D46DE8}") = "Yunding", "Yunding", "{EB92170F-1378-4398-9313-28E7B1B771A6}"
EndProject
Project("{9A19103F-16F7-4668-BE54-9A1E7A4F7556}") = "JDCloudSDK.Yunding", "src\Service\Yunding\JDCloudSDK.Yunding.csproj", "{922F0C8F-AD96-4E79-BA4E-9E523A03734F}"
EndProject
Project("{2150E333-8FDC-42A3-9474-1A3956D46DE8}") = "Jdfusion", "Jdfusion", "{F726BD4F-2A0E-44B6-945B-A27F4F436335}"
EndProject
Project("{9A19103F-16F7-4668-BE54-9A1E7A4F7556}") = "JDCloudSDK.Jdfusion", "src\Service\Jdfusion\JDCloudSDK.Jdfusion.csproj", "{3D79FB93-C611-4A63-9A21-59B13E52C6C5}"
EndProject
Project("{2150E333-8FDC-42A3-9474-1A3956D46DE8}") = "Examples", "Examples", "{7FFC27FB-A2E6-40DC-8086-7F80AC667248}"
EndProject
Project("{2150E333-8FDC-42A3-9474-1A3956D46DE8}") = "Standard2", "Standard2", "{30CBBF49-25AE-4EAB-B0F1-B4D186C1C07E}"
EndProject
Project("{2150E333-8FDC-42A3-9474-1A3956D46DE8}") = "Net45", "Net45", "{8CF3969A-8BCD-4D7C-A6AB-E3FF9BE45358}"
EndProject
Project("{2150E333-8FDC-42A3-9474-1A3956D46DE8}") = "Net40", "Net40", "{4AEA9A58-AF75-41B1-9DF3-1BFD94BC4E86}"
EndProject
Project("{2150E333-8FDC-42A3-9474-1A3956D46DE8}") = "Net35", "Net35", "{82A5228C-AA79-4F67-BBE9-13ACD4E14157}"
EndProject
Project("{9A19103F-16F7-4668-BE54-9A1E7A4F7556}") = "JDCloudSDK.Test.Standard2", "src\Examples\Standard2\JDCloudSDK.Test.Standard2.csproj", "{91505A4E-5349-4AD0-A873-E72A6E8111B4}"
EndProject
Project("{FAE04EC0-301F-11D3-BF4B-00C04F79EFBC}") = "JDCloudSDK.Test.NET45", "src\Examples\NET45\JDCloudSDK.Test.NET45.csproj", "{8EDF4429-251A-416D-BB68-93F227191BCF}"
EndProject
Project("{FAE04EC0-301F-11D3-BF4B-00C04F79EFBC}") = "JDCloudSDK.Test.NET40", "src\Examples\NET40\JDCloudSDK.Test.NET40.csproj", "{EFBC4DF7-C1FD-4D3C-A0F3-4D301585DCD3}"
EndProject
Project("{FAE04EC0-301F-11D3-BF4B-00C04F79EFBC}") = "JDCloudSDK.Test.NET35", "src\Examples\NET35\JDCloudSDK.Test.NET35.csproj", "{394A2075-7991-44C6-8C41-D9B9FE4EA893}"
EndProject
Global
	GlobalSection(SolutionConfigurationPlatforms) = preSolution
		Debug|Any CPU = Debug|Any CPU
		Release|Any CPU = Release|Any CPU
	EndGlobalSection
	GlobalSection(ProjectConfigurationPlatforms) = postSolution
		{BB7CA472-E6B5-4C2E-8E83-47ECF3A89E82}.Debug|Any CPU.ActiveCfg = Debug|Any CPU
		{BB7CA472-E6B5-4C2E-8E83-47ECF3A89E82}.Debug|Any CPU.Build.0 = Debug|Any CPU
		{BB7CA472-E6B5-4C2E-8E83-47ECF3A89E82}.Release|Any CPU.ActiveCfg = Release|Any CPU
		{BB7CA472-E6B5-4C2E-8E83-47ECF3A89E82}.Release|Any CPU.Build.0 = Release|Any CPU
		{EEE4B877-34DD-43D7-AC4C-A543BF9D94F6}.Debug|Any CPU.ActiveCfg = Debug|Any CPU
		{EEE4B877-34DD-43D7-AC4C-A543BF9D94F6}.Debug|Any CPU.Build.0 = Debug|Any CPU
		{EEE4B877-34DD-43D7-AC4C-A543BF9D94F6}.Release|Any CPU.ActiveCfg = Release|Any CPU
		{EEE4B877-34DD-43D7-AC4C-A543BF9D94F6}.Release|Any CPU.Build.0 = Release|Any CPU
		{86852AD8-4A86-4FE9-90A5-C0AC50430403}.Debug|Any CPU.ActiveCfg = Debug|Any CPU
		{86852AD8-4A86-4FE9-90A5-C0AC50430403}.Debug|Any CPU.Build.0 = Debug|Any CPU
		{86852AD8-4A86-4FE9-90A5-C0AC50430403}.Release|Any CPU.ActiveCfg = Release|Any CPU
		{86852AD8-4A86-4FE9-90A5-C0AC50430403}.Release|Any CPU.Build.0 = Release|Any CPU
		{E6A6C582-C7FA-4FEE-A93B-9204C7E99D36}.Debug|Any CPU.ActiveCfg = Debug|Any CPU
		{E6A6C582-C7FA-4FEE-A93B-9204C7E99D36}.Debug|Any CPU.Build.0 = Debug|Any CPU
		{E6A6C582-C7FA-4FEE-A93B-9204C7E99D36}.Release|Any CPU.ActiveCfg = Release|Any CPU
		{E6A6C582-C7FA-4FEE-A93B-9204C7E99D36}.Release|Any CPU.Build.0 = Release|Any CPU
		{171848A2-E00B-48AE-8D8C-0E1BAF2D0B8E}.Debug|Any CPU.ActiveCfg = Debug|Any CPU
		{171848A2-E00B-48AE-8D8C-0E1BAF2D0B8E}.Debug|Any CPU.Build.0 = Debug|Any CPU
		{171848A2-E00B-48AE-8D8C-0E1BAF2D0B8E}.Release|Any CPU.ActiveCfg = Release|Any CPU
		{171848A2-E00B-48AE-8D8C-0E1BAF2D0B8E}.Release|Any CPU.Build.0 = Release|Any CPU
		{0D8509F0-A28C-4730-9123-6C332AF16D0B}.Debug|Any CPU.ActiveCfg = Debug|Any CPU
		{0D8509F0-A28C-4730-9123-6C332AF16D0B}.Debug|Any CPU.Build.0 = Debug|Any CPU
		{0D8509F0-A28C-4730-9123-6C332AF16D0B}.Release|Any CPU.ActiveCfg = Release|Any CPU
		{0D8509F0-A28C-4730-9123-6C332AF16D0B}.Release|Any CPU.Build.0 = Release|Any CPU
		{AF311846-096B-47C3-A75D-DC6D59D06AC2}.Debug|Any CPU.ActiveCfg = Debug|Any CPU
		{AF311846-096B-47C3-A75D-DC6D59D06AC2}.Debug|Any CPU.Build.0 = Debug|Any CPU
		{AF311846-096B-47C3-A75D-DC6D59D06AC2}.Release|Any CPU.ActiveCfg = Release|Any CPU
		{AF311846-096B-47C3-A75D-DC6D59D06AC2}.Release|Any CPU.Build.0 = Release|Any CPU
		{45115598-03DD-4C46-9932-C63856DD6662}.Debug|Any CPU.ActiveCfg = Debug|Any CPU
		{45115598-03DD-4C46-9932-C63856DD6662}.Debug|Any CPU.Build.0 = Debug|Any CPU
		{45115598-03DD-4C46-9932-C63856DD6662}.Release|Any CPU.ActiveCfg = Release|Any CPU
		{45115598-03DD-4C46-9932-C63856DD6662}.Release|Any CPU.Build.0 = Release|Any CPU
		{0BAF7B8F-7103-4E3C-A322-FF534DF1A553}.Debug|Any CPU.ActiveCfg = Debug|Any CPU
		{0BAF7B8F-7103-4E3C-A322-FF534DF1A553}.Debug|Any CPU.Build.0 = Debug|Any CPU
		{0BAF7B8F-7103-4E3C-A322-FF534DF1A553}.Release|Any CPU.ActiveCfg = Release|Any CPU
		{0BAF7B8F-7103-4E3C-A322-FF534DF1A553}.Release|Any CPU.Build.0 = Release|Any CPU
		{5AEFE18A-A2A2-422C-9FD0-6A452F142E78}.Debug|Any CPU.ActiveCfg = Debug|Any CPU
		{5AEFE18A-A2A2-422C-9FD0-6A452F142E78}.Debug|Any CPU.Build.0 = Debug|Any CPU
		{5AEFE18A-A2A2-422C-9FD0-6A452F142E78}.Release|Any CPU.ActiveCfg = Release|Any CPU
		{5AEFE18A-A2A2-422C-9FD0-6A452F142E78}.Release|Any CPU.Build.0 = Release|Any CPU
		{0B9266F1-F1D6-4098-AAAE-68D5D0B8A44A}.Debug|Any CPU.ActiveCfg = Debug|Any CPU
		{0B9266F1-F1D6-4098-AAAE-68D5D0B8A44A}.Debug|Any CPU.Build.0 = Debug|Any CPU
		{0B9266F1-F1D6-4098-AAAE-68D5D0B8A44A}.Release|Any CPU.ActiveCfg = Release|Any CPU
		{0B9266F1-F1D6-4098-AAAE-68D5D0B8A44A}.Release|Any CPU.Build.0 = Release|Any CPU
		{F6A7D2C0-FC0E-4ABE-89E1-D6B9379800C3}.Debug|Any CPU.ActiveCfg = Debug|Any CPU
		{F6A7D2C0-FC0E-4ABE-89E1-D6B9379800C3}.Debug|Any CPU.Build.0 = Debug|Any CPU
		{F6A7D2C0-FC0E-4ABE-89E1-D6B9379800C3}.Release|Any CPU.ActiveCfg = Release|Any CPU
		{F6A7D2C0-FC0E-4ABE-89E1-D6B9379800C3}.Release|Any CPU.Build.0 = Release|Any CPU
		{3C2EFE7B-08DB-4FF5-914B-5C177E033398}.Debug|Any CPU.ActiveCfg = Debug|Any CPU
		{3C2EFE7B-08DB-4FF5-914B-5C177E033398}.Debug|Any CPU.Build.0 = Debug|Any CPU
		{3C2EFE7B-08DB-4FF5-914B-5C177E033398}.Release|Any CPU.ActiveCfg = Release|Any CPU
		{3C2EFE7B-08DB-4FF5-914B-5C177E033398}.Release|Any CPU.Build.0 = Release|Any CPU
		{0F52C8E6-DF94-44F6-8B38-7EFC6D91639C}.Debug|Any CPU.ActiveCfg = Debug|Any CPU
		{0F52C8E6-DF94-44F6-8B38-7EFC6D91639C}.Debug|Any CPU.Build.0 = Debug|Any CPU
		{0F52C8E6-DF94-44F6-8B38-7EFC6D91639C}.Release|Any CPU.ActiveCfg = Release|Any CPU
		{0F52C8E6-DF94-44F6-8B38-7EFC6D91639C}.Release|Any CPU.Build.0 = Release|Any CPU
		{9CE6B4EF-586E-47F2-8674-2F4B1D8A1061}.Debug|Any CPU.ActiveCfg = Debug|Any CPU
		{9CE6B4EF-586E-47F2-8674-2F4B1D8A1061}.Debug|Any CPU.Build.0 = Debug|Any CPU
		{9CE6B4EF-586E-47F2-8674-2F4B1D8A1061}.Release|Any CPU.ActiveCfg = Release|Any CPU
		{9CE6B4EF-586E-47F2-8674-2F4B1D8A1061}.Release|Any CPU.Build.0 = Release|Any CPU
		{94CFB216-3FD4-4326-884F-37861CC299FA}.Debug|Any CPU.ActiveCfg = Debug|Any CPU
		{94CFB216-3FD4-4326-884F-37861CC299FA}.Debug|Any CPU.Build.0 = Debug|Any CPU
		{94CFB216-3FD4-4326-884F-37861CC299FA}.Release|Any CPU.ActiveCfg = Release|Any CPU
		{94CFB216-3FD4-4326-884F-37861CC299FA}.Release|Any CPU.Build.0 = Release|Any CPU
		{0F8DC9A3-3836-4A34-BBBE-89275024860E}.Debug|Any CPU.ActiveCfg = Debug|Any CPU
		{0F8DC9A3-3836-4A34-BBBE-89275024860E}.Debug|Any CPU.Build.0 = Debug|Any CPU
		{0F8DC9A3-3836-4A34-BBBE-89275024860E}.Release|Any CPU.ActiveCfg = Release|Any CPU
		{0F8DC9A3-3836-4A34-BBBE-89275024860E}.Release|Any CPU.Build.0 = Release|Any CPU
		{AC35975F-7E99-49A6-B043-8A19003CD8A2}.Debug|Any CPU.ActiveCfg = Debug|Any CPU
		{AC35975F-7E99-49A6-B043-8A19003CD8A2}.Debug|Any CPU.Build.0 = Debug|Any CPU
		{AC35975F-7E99-49A6-B043-8A19003CD8A2}.Release|Any CPU.ActiveCfg = Release|Any CPU
		{AC35975F-7E99-49A6-B043-8A19003CD8A2}.Release|Any CPU.Build.0 = Release|Any CPU
		{3E8E9ECB-2BD8-4CC0-BE1F-3482FB343687}.Debug|Any CPU.ActiveCfg = Debug|Any CPU
		{3E8E9ECB-2BD8-4CC0-BE1F-3482FB343687}.Debug|Any CPU.Build.0 = Debug|Any CPU
		{3E8E9ECB-2BD8-4CC0-BE1F-3482FB343687}.Release|Any CPU.ActiveCfg = Release|Any CPU
		{3E8E9ECB-2BD8-4CC0-BE1F-3482FB343687}.Release|Any CPU.Build.0 = Release|Any CPU
		{AD67059A-E084-4EA3-923D-5C1092901354}.Debug|Any CPU.ActiveCfg = Debug|Any CPU
		{AD67059A-E084-4EA3-923D-5C1092901354}.Debug|Any CPU.Build.0 = Debug|Any CPU
		{AD67059A-E084-4EA3-923D-5C1092901354}.Release|Any CPU.ActiveCfg = Release|Any CPU
		{AD67059A-E084-4EA3-923D-5C1092901354}.Release|Any CPU.Build.0 = Release|Any CPU
		{2C1667A3-E883-4DAC-B85D-5F253F516107}.Debug|Any CPU.ActiveCfg = Debug|Any CPU
		{2C1667A3-E883-4DAC-B85D-5F253F516107}.Debug|Any CPU.Build.0 = Debug|Any CPU
		{2C1667A3-E883-4DAC-B85D-5F253F516107}.Release|Any CPU.ActiveCfg = Release|Any CPU
		{2C1667A3-E883-4DAC-B85D-5F253F516107}.Release|Any CPU.Build.0 = Release|Any CPU
		{C28C29F2-8810-450A-B5D5-B5ACD4966557}.Debug|Any CPU.ActiveCfg = Debug|Any CPU
		{C28C29F2-8810-450A-B5D5-B5ACD4966557}.Debug|Any CPU.Build.0 = Debug|Any CPU
		{C28C29F2-8810-450A-B5D5-B5ACD4966557}.Release|Any CPU.ActiveCfg = Release|Any CPU
		{C28C29F2-8810-450A-B5D5-B5ACD4966557}.Release|Any CPU.Build.0 = Release|Any CPU
		{53B88056-919C-44AE-A494-B39E4B2E8DA0}.Debug|Any CPU.ActiveCfg = Debug|Any CPU
		{53B88056-919C-44AE-A494-B39E4B2E8DA0}.Debug|Any CPU.Build.0 = Debug|Any CPU
		{53B88056-919C-44AE-A494-B39E4B2E8DA0}.Release|Any CPU.ActiveCfg = Release|Any CPU
		{53B88056-919C-44AE-A494-B39E4B2E8DA0}.Release|Any CPU.Build.0 = Release|Any CPU
		{2FE8281D-9932-462B-AC7F-6043AA1E0A00}.Debug|Any CPU.ActiveCfg = Debug|Any CPU
		{2FE8281D-9932-462B-AC7F-6043AA1E0A00}.Debug|Any CPU.Build.0 = Debug|Any CPU
		{2FE8281D-9932-462B-AC7F-6043AA1E0A00}.Release|Any CPU.ActiveCfg = Release|Any CPU
		{2FE8281D-9932-462B-AC7F-6043AA1E0A00}.Release|Any CPU.Build.0 = Release|Any CPU
		{8BF7A6F1-DCE3-4FED-9A75-287E3B0AC3FF}.Debug|Any CPU.ActiveCfg = Debug|Any CPU
		{8BF7A6F1-DCE3-4FED-9A75-287E3B0AC3FF}.Debug|Any CPU.Build.0 = Debug|Any CPU
		{8BF7A6F1-DCE3-4FED-9A75-287E3B0AC3FF}.Release|Any CPU.ActiveCfg = Release|Any CPU
		{8BF7A6F1-DCE3-4FED-9A75-287E3B0AC3FF}.Release|Any CPU.Build.0 = Release|Any CPU
		{967059F2-B290-434F-B8AE-5382013F6036}.Debug|Any CPU.ActiveCfg = Debug|Any CPU
		{967059F2-B290-434F-B8AE-5382013F6036}.Debug|Any CPU.Build.0 = Debug|Any CPU
		{967059F2-B290-434F-B8AE-5382013F6036}.Release|Any CPU.ActiveCfg = Release|Any CPU
		{967059F2-B290-434F-B8AE-5382013F6036}.Release|Any CPU.Build.0 = Release|Any CPU
		{C01F9B1C-F629-4F41-9261-2740392F79CE}.Debug|Any CPU.ActiveCfg = Debug|Any CPU
		{C01F9B1C-F629-4F41-9261-2740392F79CE}.Debug|Any CPU.Build.0 = Debug|Any CPU
		{C01F9B1C-F629-4F41-9261-2740392F79CE}.Release|Any CPU.ActiveCfg = Release|Any CPU
		{C01F9B1C-F629-4F41-9261-2740392F79CE}.Release|Any CPU.Build.0 = Release|Any CPU
		{7E8DAD0E-CC74-4EED-AB62-D9F2DEA1A94B}.Debug|Any CPU.ActiveCfg = Debug|Any CPU
		{7E8DAD0E-CC74-4EED-AB62-D9F2DEA1A94B}.Debug|Any CPU.Build.0 = Debug|Any CPU
		{7E8DAD0E-CC74-4EED-AB62-D9F2DEA1A94B}.Release|Any CPU.ActiveCfg = Release|Any CPU
		{7E8DAD0E-CC74-4EED-AB62-D9F2DEA1A94B}.Release|Any CPU.Build.0 = Release|Any CPU
		{95B65478-0FEC-4FF8-AFE8-4AF27701C7E0}.Debug|Any CPU.ActiveCfg = Debug|Any CPU
		{95B65478-0FEC-4FF8-AFE8-4AF27701C7E0}.Debug|Any CPU.Build.0 = Debug|Any CPU
		{95B65478-0FEC-4FF8-AFE8-4AF27701C7E0}.Release|Any CPU.ActiveCfg = Release|Any CPU
		{95B65478-0FEC-4FF8-AFE8-4AF27701C7E0}.Release|Any CPU.Build.0 = Release|Any CPU
		{AF11F349-18A7-41C2-A1F6-72804CBB0F40}.Debug|Any CPU.ActiveCfg = Debug|Any CPU
		{AF11F349-18A7-41C2-A1F6-72804CBB0F40}.Debug|Any CPU.Build.0 = Debug|Any CPU
		{AF11F349-18A7-41C2-A1F6-72804CBB0F40}.Release|Any CPU.ActiveCfg = Release|Any CPU
		{AF11F349-18A7-41C2-A1F6-72804CBB0F40}.Release|Any CPU.Build.0 = Release|Any CPU
		{C0527921-E9BE-4503-B6E6-46FF90A11960}.Debug|Any CPU.ActiveCfg = Debug|Any CPU
		{C0527921-E9BE-4503-B6E6-46FF90A11960}.Debug|Any CPU.Build.0 = Debug|Any CPU
		{C0527921-E9BE-4503-B6E6-46FF90A11960}.Release|Any CPU.ActiveCfg = Release|Any CPU
		{C0527921-E9BE-4503-B6E6-46FF90A11960}.Release|Any CPU.Build.0 = Release|Any CPU
		{C0074840-2FCB-454E-8E91-3719655B7933}.Debug|Any CPU.ActiveCfg = Debug|Any CPU
		{C0074840-2FCB-454E-8E91-3719655B7933}.Debug|Any CPU.Build.0 = Debug|Any CPU
		{C0074840-2FCB-454E-8E91-3719655B7933}.Release|Any CPU.ActiveCfg = Release|Any CPU
		{C0074840-2FCB-454E-8E91-3719655B7933}.Release|Any CPU.Build.0 = Release|Any CPU
		{72BDCBCB-23CE-4202-B3AF-7236AFBD1F28}.Debug|Any CPU.ActiveCfg = Debug|Any CPU
		{72BDCBCB-23CE-4202-B3AF-7236AFBD1F28}.Debug|Any CPU.Build.0 = Debug|Any CPU
		{72BDCBCB-23CE-4202-B3AF-7236AFBD1F28}.Release|Any CPU.ActiveCfg = Release|Any CPU
		{72BDCBCB-23CE-4202-B3AF-7236AFBD1F28}.Release|Any CPU.Build.0 = Release|Any CPU
		{4A5DA2DC-B9CB-4352-A822-91E96AE475A1}.Debug|Any CPU.ActiveCfg = Debug|Any CPU
		{4A5DA2DC-B9CB-4352-A822-91E96AE475A1}.Debug|Any CPU.Build.0 = Debug|Any CPU
		{4A5DA2DC-B9CB-4352-A822-91E96AE475A1}.Release|Any CPU.ActiveCfg = Release|Any CPU
		{4A5DA2DC-B9CB-4352-A822-91E96AE475A1}.Release|Any CPU.Build.0 = Release|Any CPU
		{5C940E30-3805-492B-B890-497B279C242A}.Debug|Any CPU.ActiveCfg = Debug|Any CPU
		{5C940E30-3805-492B-B890-497B279C242A}.Debug|Any CPU.Build.0 = Debug|Any CPU
		{5C940E30-3805-492B-B890-497B279C242A}.Release|Any CPU.ActiveCfg = Release|Any CPU
		{5C940E30-3805-492B-B890-497B279C242A}.Release|Any CPU.Build.0 = Release|Any CPU
		{32626392-BB3E-44B5-814C-C37A3401031B}.Debug|Any CPU.ActiveCfg = Debug|Any CPU
		{32626392-BB3E-44B5-814C-C37A3401031B}.Debug|Any CPU.Build.0 = Debug|Any CPU
		{32626392-BB3E-44B5-814C-C37A3401031B}.Release|Any CPU.ActiveCfg = Release|Any CPU
		{32626392-BB3E-44B5-814C-C37A3401031B}.Release|Any CPU.Build.0 = Release|Any CPU
		{CFEF222B-E587-403B-9EED-63037929AF58}.Debug|Any CPU.ActiveCfg = Debug|Any CPU
		{CFEF222B-E587-403B-9EED-63037929AF58}.Debug|Any CPU.Build.0 = Debug|Any CPU
		{CFEF222B-E587-403B-9EED-63037929AF58}.Release|Any CPU.ActiveCfg = Release|Any CPU
		{CFEF222B-E587-403B-9EED-63037929AF58}.Release|Any CPU.Build.0 = Release|Any CPU
		{E39E7FCF-959E-4CC6-AFB0-CE1887864F34}.Debug|Any CPU.ActiveCfg = Debug|Any CPU
		{E39E7FCF-959E-4CC6-AFB0-CE1887864F34}.Debug|Any CPU.Build.0 = Debug|Any CPU
		{E39E7FCF-959E-4CC6-AFB0-CE1887864F34}.Release|Any CPU.ActiveCfg = Release|Any CPU
		{E39E7FCF-959E-4CC6-AFB0-CE1887864F34}.Release|Any CPU.Build.0 = Release|Any CPU
		{814E0B96-2980-4891-B7ED-D438F08F0730}.Debug|Any CPU.ActiveCfg = Debug|Any CPU
		{814E0B96-2980-4891-B7ED-D438F08F0730}.Debug|Any CPU.Build.0 = Debug|Any CPU
		{814E0B96-2980-4891-B7ED-D438F08F0730}.Release|Any CPU.ActiveCfg = Release|Any CPU
		{814E0B96-2980-4891-B7ED-D438F08F0730}.Release|Any CPU.Build.0 = Release|Any CPU
		{5E7A0A07-2C03-422A-9918-F1DCF9625CD6}.Debug|Any CPU.ActiveCfg = Debug|Any CPU
		{5E7A0A07-2C03-422A-9918-F1DCF9625CD6}.Debug|Any CPU.Build.0 = Debug|Any CPU
		{5E7A0A07-2C03-422A-9918-F1DCF9625CD6}.Release|Any CPU.ActiveCfg = Release|Any CPU
		{5E7A0A07-2C03-422A-9918-F1DCF9625CD6}.Release|Any CPU.Build.0 = Release|Any CPU
		{F585C586-FD7E-41A2-BB20-555D6331A131}.Debug|Any CPU.ActiveCfg = Debug|Any CPU
		{F585C586-FD7E-41A2-BB20-555D6331A131}.Debug|Any CPU.Build.0 = Debug|Any CPU
		{F585C586-FD7E-41A2-BB20-555D6331A131}.Release|Any CPU.ActiveCfg = Release|Any CPU
		{F585C586-FD7E-41A2-BB20-555D6331A131}.Release|Any CPU.Build.0 = Release|Any CPU
		{03BE4FB3-8996-43DB-8EDE-D70F2366F89B}.Debug|Any CPU.ActiveCfg = Debug|Any CPU
		{03BE4FB3-8996-43DB-8EDE-D70F2366F89B}.Debug|Any CPU.Build.0 = Debug|Any CPU
		{03BE4FB3-8996-43DB-8EDE-D70F2366F89B}.Release|Any CPU.ActiveCfg = Release|Any CPU
		{03BE4FB3-8996-43DB-8EDE-D70F2366F89B}.Release|Any CPU.Build.0 = Release|Any CPU
		{77A075E7-55E4-48E8-8EF4-4D40D77CCDE7}.Debug|Any CPU.ActiveCfg = Debug|Any CPU
		{77A075E7-55E4-48E8-8EF4-4D40D77CCDE7}.Debug|Any CPU.Build.0 = Debug|Any CPU
		{77A075E7-55E4-48E8-8EF4-4D40D77CCDE7}.Release|Any CPU.ActiveCfg = Release|Any CPU
		{77A075E7-55E4-48E8-8EF4-4D40D77CCDE7}.Release|Any CPU.Build.0 = Release|Any CPU
		{0F7E4CEF-A13A-46AA-AE35-FB196F601657}.Debug|Any CPU.ActiveCfg = Debug|Any CPU
		{0F7E4CEF-A13A-46AA-AE35-FB196F601657}.Debug|Any CPU.Build.0 = Debug|Any CPU
		{0F7E4CEF-A13A-46AA-AE35-FB196F601657}.Release|Any CPU.ActiveCfg = Release|Any CPU
		{0F7E4CEF-A13A-46AA-AE35-FB196F601657}.Release|Any CPU.Build.0 = Release|Any CPU
		{65C58C9B-4B87-42D6-A439-2A38366844C9}.Debug|Any CPU.ActiveCfg = Debug|Any CPU
		{65C58C9B-4B87-42D6-A439-2A38366844C9}.Debug|Any CPU.Build.0 = Debug|Any CPU
		{65C58C9B-4B87-42D6-A439-2A38366844C9}.Release|Any CPU.ActiveCfg = Release|Any CPU
		{65C58C9B-4B87-42D6-A439-2A38366844C9}.Release|Any CPU.Build.0 = Release|Any CPU
		{7EF2BD79-3349-4993-B518-62BA5846814F}.Debug|Any CPU.ActiveCfg = Debug|Any CPU
		{7EF2BD79-3349-4993-B518-62BA5846814F}.Debug|Any CPU.Build.0 = Debug|Any CPU
		{7EF2BD79-3349-4993-B518-62BA5846814F}.Release|Any CPU.ActiveCfg = Release|Any CPU
		{7EF2BD79-3349-4993-B518-62BA5846814F}.Release|Any CPU.Build.0 = Release|Any CPU
		{E829E1A1-095F-437B-ADB2-3F7DC7ABEBCB}.Debug|Any CPU.ActiveCfg = Debug|Any CPU
		{E829E1A1-095F-437B-ADB2-3F7DC7ABEBCB}.Debug|Any CPU.Build.0 = Debug|Any CPU
		{E829E1A1-095F-437B-ADB2-3F7DC7ABEBCB}.Release|Any CPU.ActiveCfg = Release|Any CPU
		{E829E1A1-095F-437B-ADB2-3F7DC7ABEBCB}.Release|Any CPU.Build.0 = Release|Any CPU
		{0082F898-7113-45F4-8CA6-8632FD40A401}.Debug|Any CPU.ActiveCfg = Debug|Any CPU
		{0082F898-7113-45F4-8CA6-8632FD40A401}.Debug|Any CPU.Build.0 = Debug|Any CPU
		{0082F898-7113-45F4-8CA6-8632FD40A401}.Release|Any CPU.ActiveCfg = Release|Any CPU
		{0082F898-7113-45F4-8CA6-8632FD40A401}.Release|Any CPU.Build.0 = Release|Any CPU
		{9E09A01A-B62D-4B9F-9DE2-09526D52C8B9}.Debug|Any CPU.ActiveCfg = Debug|Any CPU
		{9E09A01A-B62D-4B9F-9DE2-09526D52C8B9}.Debug|Any CPU.Build.0 = Debug|Any CPU
		{9E09A01A-B62D-4B9F-9DE2-09526D52C8B9}.Release|Any CPU.ActiveCfg = Release|Any CPU
		{9E09A01A-B62D-4B9F-9DE2-09526D52C8B9}.Release|Any CPU.Build.0 = Release|Any CPU
		{2D95B423-5240-461B-B2C3-5CB9656A5C58}.Debug|Any CPU.ActiveCfg = Debug|Any CPU
		{2D95B423-5240-461B-B2C3-5CB9656A5C58}.Debug|Any CPU.Build.0 = Debug|Any CPU
		{2D95B423-5240-461B-B2C3-5CB9656A5C58}.Release|Any CPU.ActiveCfg = Release|Any CPU
		{2D95B423-5240-461B-B2C3-5CB9656A5C58}.Release|Any CPU.Build.0 = Release|Any CPU
		{EED982B1-A5AC-4BB1-AA50-C2D4BD34F0B7}.Debug|Any CPU.ActiveCfg = Debug|Any CPU
		{EED982B1-A5AC-4BB1-AA50-C2D4BD34F0B7}.Debug|Any CPU.Build.0 = Debug|Any CPU
		{EED982B1-A5AC-4BB1-AA50-C2D4BD34F0B7}.Release|Any CPU.ActiveCfg = Release|Any CPU
		{EED982B1-A5AC-4BB1-AA50-C2D4BD34F0B7}.Release|Any CPU.Build.0 = Release|Any CPU
		{03595DF6-AC78-41C6-A02E-2B0AA477D57B}.Debug|Any CPU.ActiveCfg = Debug|Any CPU
		{03595DF6-AC78-41C6-A02E-2B0AA477D57B}.Debug|Any CPU.Build.0 = Debug|Any CPU
		{03595DF6-AC78-41C6-A02E-2B0AA477D57B}.Release|Any CPU.ActiveCfg = Release|Any CPU
		{03595DF6-AC78-41C6-A02E-2B0AA477D57B}.Release|Any CPU.Build.0 = Release|Any CPU
		{35E1D131-17E7-4103-86D8-DBCF5A8FF43D}.Debug|Any CPU.ActiveCfg = Debug|Any CPU
		{35E1D131-17E7-4103-86D8-DBCF5A8FF43D}.Debug|Any CPU.Build.0 = Debug|Any CPU
		{35E1D131-17E7-4103-86D8-DBCF5A8FF43D}.Release|Any CPU.ActiveCfg = Release|Any CPU
		{35E1D131-17E7-4103-86D8-DBCF5A8FF43D}.Release|Any CPU.Build.0 = Release|Any CPU
		{A16E091E-1E9E-4C73-8F4B-88DB05CB8C03}.Debug|Any CPU.ActiveCfg = Debug|Any CPU
		{A16E091E-1E9E-4C73-8F4B-88DB05CB8C03}.Debug|Any CPU.Build.0 = Debug|Any CPU
		{A16E091E-1E9E-4C73-8F4B-88DB05CB8C03}.Release|Any CPU.ActiveCfg = Release|Any CPU
		{A16E091E-1E9E-4C73-8F4B-88DB05CB8C03}.Release|Any CPU.Build.0 = Release|Any CPU
		{9CAEF220-453C-4C39-875B-16BAC6C194B3}.Debug|Any CPU.ActiveCfg = Debug|Any CPU
		{9CAEF220-453C-4C39-875B-16BAC6C194B3}.Debug|Any CPU.Build.0 = Debug|Any CPU
		{9CAEF220-453C-4C39-875B-16BAC6C194B3}.Release|Any CPU.ActiveCfg = Release|Any CPU
		{9CAEF220-453C-4C39-875B-16BAC6C194B3}.Release|Any CPU.Build.0 = Release|Any CPU
		{30AA0FA3-C184-4176-96C8-299BA9C45C3C}.Debug|Any CPU.ActiveCfg = Debug|Any CPU
		{30AA0FA3-C184-4176-96C8-299BA9C45C3C}.Debug|Any CPU.Build.0 = Debug|Any CPU
		{30AA0FA3-C184-4176-96C8-299BA9C45C3C}.Release|Any CPU.ActiveCfg = Release|Any CPU
		{30AA0FA3-C184-4176-96C8-299BA9C45C3C}.Release|Any CPU.Build.0 = Release|Any CPU
		{A9E27A74-99D8-4692-9A5C-59A2C08E2422}.Debug|Any CPU.ActiveCfg = Debug|Any CPU
		{A9E27A74-99D8-4692-9A5C-59A2C08E2422}.Debug|Any CPU.Build.0 = Debug|Any CPU
		{A9E27A74-99D8-4692-9A5C-59A2C08E2422}.Release|Any CPU.ActiveCfg = Release|Any CPU
		{A9E27A74-99D8-4692-9A5C-59A2C08E2422}.Release|Any CPU.Build.0 = Release|Any CPU
		{9DC0D737-10E7-4CB3-938E-59F7C239730C}.Debug|Any CPU.ActiveCfg = Debug|Any CPU
		{9DC0D737-10E7-4CB3-938E-59F7C239730C}.Debug|Any CPU.Build.0 = Debug|Any CPU
		{9DC0D737-10E7-4CB3-938E-59F7C239730C}.Release|Any CPU.ActiveCfg = Release|Any CPU
		{9DC0D737-10E7-4CB3-938E-59F7C239730C}.Release|Any CPU.Build.0 = Release|Any CPU
		{8C64A02C-6DDF-4469-80B3-9F6A33E4AB97}.Debug|Any CPU.ActiveCfg = Debug|Any CPU
		{8C64A02C-6DDF-4469-80B3-9F6A33E4AB97}.Debug|Any CPU.Build.0 = Debug|Any CPU
		{8C64A02C-6DDF-4469-80B3-9F6A33E4AB97}.Release|Any CPU.ActiveCfg = Release|Any CPU
		{8C64A02C-6DDF-4469-80B3-9F6A33E4AB97}.Release|Any CPU.Build.0 = Release|Any CPU
		{A2CD4955-AD27-4BC1-98F2-15824B6E9141}.Debug|Any CPU.ActiveCfg = Debug|Any CPU
		{A2CD4955-AD27-4BC1-98F2-15824B6E9141}.Debug|Any CPU.Build.0 = Debug|Any CPU
		{A2CD4955-AD27-4BC1-98F2-15824B6E9141}.Release|Any CPU.ActiveCfg = Release|Any CPU
		{A2CD4955-AD27-4BC1-98F2-15824B6E9141}.Release|Any CPU.Build.0 = Release|Any CPU
		{8C12FFC1-D266-48C2-956D-B25A6CDB2B0D}.Debug|Any CPU.ActiveCfg = Debug|Any CPU
		{8C12FFC1-D266-48C2-956D-B25A6CDB2B0D}.Debug|Any CPU.Build.0 = Debug|Any CPU
		{8C12FFC1-D266-48C2-956D-B25A6CDB2B0D}.Release|Any CPU.ActiveCfg = Release|Any CPU
		{8C12FFC1-D266-48C2-956D-B25A6CDB2B0D}.Release|Any CPU.Build.0 = Release|Any CPU
		{B494C1D7-E374-4DC8-8FDC-F49CD0CB1486}.Debug|Any CPU.ActiveCfg = Debug|Any CPU
		{B494C1D7-E374-4DC8-8FDC-F49CD0CB1486}.Debug|Any CPU.Build.0 = Debug|Any CPU
		{B494C1D7-E374-4DC8-8FDC-F49CD0CB1486}.Release|Any CPU.ActiveCfg = Release|Any CPU
		{B494C1D7-E374-4DC8-8FDC-F49CD0CB1486}.Release|Any CPU.Build.0 = Release|Any CPU
		{94D2F4E5-0293-4C1E-9F44-4031E36FCA89}.Debug|Any CPU.ActiveCfg = Debug|Any CPU
		{94D2F4E5-0293-4C1E-9F44-4031E36FCA89}.Debug|Any CPU.Build.0 = Debug|Any CPU
		{94D2F4E5-0293-4C1E-9F44-4031E36FCA89}.Release|Any CPU.ActiveCfg = Release|Any CPU
		{94D2F4E5-0293-4C1E-9F44-4031E36FCA89}.Release|Any CPU.Build.0 = Release|Any CPU
		{DB608A3E-C253-4F91-86D8-827486622757}.Debug|Any CPU.ActiveCfg = Debug|Any CPU
		{DB608A3E-C253-4F91-86D8-827486622757}.Debug|Any CPU.Build.0 = Debug|Any CPU
		{DB608A3E-C253-4F91-86D8-827486622757}.Release|Any CPU.ActiveCfg = Release|Any CPU
		{DB608A3E-C253-4F91-86D8-827486622757}.Release|Any CPU.Build.0 = Release|Any CPU
		{7168652D-C692-4620-AEB9-81126B2E6F67}.Debug|Any CPU.ActiveCfg = Debug|Any CPU
		{7168652D-C692-4620-AEB9-81126B2E6F67}.Debug|Any CPU.Build.0 = Debug|Any CPU
		{7168652D-C692-4620-AEB9-81126B2E6F67}.Release|Any CPU.ActiveCfg = Release|Any CPU
		{7168652D-C692-4620-AEB9-81126B2E6F67}.Release|Any CPU.Build.0 = Release|Any CPU
		{D8606F23-4716-45A8-BBB0-68495543FD85}.Debug|Any CPU.ActiveCfg = Debug|Any CPU
		{D8606F23-4716-45A8-BBB0-68495543FD85}.Debug|Any CPU.Build.0 = Debug|Any CPU
		{D8606F23-4716-45A8-BBB0-68495543FD85}.Release|Any CPU.ActiveCfg = Release|Any CPU
		{D8606F23-4716-45A8-BBB0-68495543FD85}.Release|Any CPU.Build.0 = Release|Any CPU
		{40F86637-281B-47DB-9A4D-11BE1EA347D5}.Debug|Any CPU.ActiveCfg = Debug|Any CPU
		{40F86637-281B-47DB-9A4D-11BE1EA347D5}.Debug|Any CPU.Build.0 = Debug|Any CPU
		{40F86637-281B-47DB-9A4D-11BE1EA347D5}.Release|Any CPU.ActiveCfg = Release|Any CPU
		{40F86637-281B-47DB-9A4D-11BE1EA347D5}.Release|Any CPU.Build.0 = Release|Any CPU
		{AC9074DB-8947-43C8-8D4E-57866CB36877}.Debug|Any CPU.ActiveCfg = Debug|Any CPU
		{AC9074DB-8947-43C8-8D4E-57866CB36877}.Debug|Any CPU.Build.0 = Debug|Any CPU
		{AC9074DB-8947-43C8-8D4E-57866CB36877}.Release|Any CPU.ActiveCfg = Release|Any CPU
		{AC9074DB-8947-43C8-8D4E-57866CB36877}.Release|Any CPU.Build.0 = Release|Any CPU
		{68A764A5-E31C-4CED-8E96-59CAA9200B94}.Debug|Any CPU.ActiveCfg = Debug|Any CPU
		{68A764A5-E31C-4CED-8E96-59CAA9200B94}.Debug|Any CPU.Build.0 = Debug|Any CPU
		{68A764A5-E31C-4CED-8E96-59CAA9200B94}.Release|Any CPU.ActiveCfg = Release|Any CPU
		{68A764A5-E31C-4CED-8E96-59CAA9200B94}.Release|Any CPU.Build.0 = Release|Any CPU
		{8CA57DA8-5EA9-4BFC-8513-E60730574639}.Debug|Any CPU.ActiveCfg = Debug|Any CPU
		{8CA57DA8-5EA9-4BFC-8513-E60730574639}.Debug|Any CPU.Build.0 = Debug|Any CPU
		{8CA57DA8-5EA9-4BFC-8513-E60730574639}.Release|Any CPU.ActiveCfg = Release|Any CPU
		{8CA57DA8-5EA9-4BFC-8513-E60730574639}.Release|Any CPU.Build.0 = Release|Any CPU
		{1184AFF9-913D-4F5B-970F-E1A1F60DA64C}.Debug|Any CPU.ActiveCfg = Debug|Any CPU
		{1184AFF9-913D-4F5B-970F-E1A1F60DA64C}.Debug|Any CPU.Build.0 = Debug|Any CPU
		{1184AFF9-913D-4F5B-970F-E1A1F60DA64C}.Release|Any CPU.ActiveCfg = Release|Any CPU
		{1184AFF9-913D-4F5B-970F-E1A1F60DA64C}.Release|Any CPU.Build.0 = Release|Any CPU
		{922F0C8F-AD96-4E79-BA4E-9E523A03734F}.Debug|Any CPU.ActiveCfg = Debug|Any CPU
		{922F0C8F-AD96-4E79-BA4E-9E523A03734F}.Debug|Any CPU.Build.0 = Debug|Any CPU
		{922F0C8F-AD96-4E79-BA4E-9E523A03734F}.Release|Any CPU.ActiveCfg = Release|Any CPU
		{922F0C8F-AD96-4E79-BA4E-9E523A03734F}.Release|Any CPU.Build.0 = Release|Any CPU
		{3D79FB93-C611-4A63-9A21-59B13E52C6C5}.Debug|Any CPU.ActiveCfg = Debug|Any CPU
		{3D79FB93-C611-4A63-9A21-59B13E52C6C5}.Debug|Any CPU.Build.0 = Debug|Any CPU
		{3D79FB93-C611-4A63-9A21-59B13E52C6C5}.Release|Any CPU.ActiveCfg = Release|Any CPU
		{3D79FB93-C611-4A63-9A21-59B13E52C6C5}.Release|Any CPU.Build.0 = Release|Any CPU
		{91505A4E-5349-4AD0-A873-E72A6E8111B4}.Debug|Any CPU.ActiveCfg = Debug|Any CPU
		{91505A4E-5349-4AD0-A873-E72A6E8111B4}.Debug|Any CPU.Build.0 = Debug|Any CPU
		{91505A4E-5349-4AD0-A873-E72A6E8111B4}.Release|Any CPU.ActiveCfg = Release|Any CPU
		{91505A4E-5349-4AD0-A873-E72A6E8111B4}.Release|Any CPU.Build.0 = Release|Any CPU
		{8EDF4429-251A-416D-BB68-93F227191BCF}.Debug|Any CPU.ActiveCfg = Debug|Any CPU
		{8EDF4429-251A-416D-BB68-93F227191BCF}.Debug|Any CPU.Build.0 = Debug|Any CPU
		{8EDF4429-251A-416D-BB68-93F227191BCF}.Release|Any CPU.ActiveCfg = Release|Any CPU
		{8EDF4429-251A-416D-BB68-93F227191BCF}.Release|Any CPU.Build.0 = Release|Any CPU
		{EFBC4DF7-C1FD-4D3C-A0F3-4D301585DCD3}.Debug|Any CPU.ActiveCfg = Debug|Any CPU
		{EFBC4DF7-C1FD-4D3C-A0F3-4D301585DCD3}.Debug|Any CPU.Build.0 = Debug|Any CPU
		{EFBC4DF7-C1FD-4D3C-A0F3-4D301585DCD3}.Release|Any CPU.ActiveCfg = Release|Any CPU
		{EFBC4DF7-C1FD-4D3C-A0F3-4D301585DCD3}.Release|Any CPU.Build.0 = Release|Any CPU
		{394A2075-7991-44C6-8C41-D9B9FE4EA893}.Debug|Any CPU.ActiveCfg = Debug|Any CPU
		{394A2075-7991-44C6-8C41-D9B9FE4EA893}.Debug|Any CPU.Build.0 = Debug|Any CPU
		{394A2075-7991-44C6-8C41-D9B9FE4EA893}.Release|Any CPU.ActiveCfg = Release|Any CPU
		{394A2075-7991-44C6-8C41-D9B9FE4EA893}.Release|Any CPU.Build.0 = Release|Any CPU
	EndGlobalSection
	GlobalSection(SolutionProperties) = preSolution
		HideSolutionNode = FALSE
	EndGlobalSection
	GlobalSection(NestedProjects) = preSolution
		{BB7CA472-E6B5-4C2E-8E83-47ECF3A89E82} = {9863FCB3-BFA4-4B9C-B8F6-302BA5F660B8}
		{323570C2-0C43-4881-9F39-11E8ED6FC109} = {939EC5C2-8345-43E2-8F97-72EEEBEEA0AB}
		{EEE4B877-34DD-43D7-AC4C-A543BF9D94F6} = {323570C2-0C43-4881-9F39-11E8ED6FC109}
		{D6E6175E-23C2-4E11-BC74-16771CA6B396} = {939EC5C2-8345-43E2-8F97-72EEEBEEA0AB}
		{86852AD8-4A86-4FE9-90A5-C0AC50430403} = {D6E6175E-23C2-4E11-BC74-16771CA6B396}
		{515433D6-76D4-4C7C-BE0E-B53F786F9FBD} = {939EC5C2-8345-43E2-8F97-72EEEBEEA0AB}
		{E6A6C582-C7FA-4FEE-A93B-9204C7E99D36} = {515433D6-76D4-4C7C-BE0E-B53F786F9FBD}
		{50052300-1499-427B-B81B-5382311CA117} = {939EC5C2-8345-43E2-8F97-72EEEBEEA0AB}
		{171848A2-E00B-48AE-8D8C-0E1BAF2D0B8E} = {50052300-1499-427B-B81B-5382311CA117}
		{32D4D50C-F5B5-4236-A3E8-EF599B04E6E9} = {939EC5C2-8345-43E2-8F97-72EEEBEEA0AB}
		{0D8509F0-A28C-4730-9123-6C332AF16D0B} = {32D4D50C-F5B5-4236-A3E8-EF599B04E6E9}
		{E039ACFA-B869-4B1C-806D-20B4B4720FFE} = {939EC5C2-8345-43E2-8F97-72EEEBEEA0AB}
		{AF311846-096B-47C3-A75D-DC6D59D06AC2} = {E039ACFA-B869-4B1C-806D-20B4B4720FFE}
		{E3AC6E0F-8B6F-44AD-B3E4-4708375A4A02} = {939EC5C2-8345-43E2-8F97-72EEEBEEA0AB}
		{45115598-03DD-4C46-9932-C63856DD6662} = {E3AC6E0F-8B6F-44AD-B3E4-4708375A4A02}
		{8DE1047D-A7C2-40E4-AD8F-944BE1C73171} = {939EC5C2-8345-43E2-8F97-72EEEBEEA0AB}
		{0BAF7B8F-7103-4E3C-A322-FF534DF1A553} = {8DE1047D-A7C2-40E4-AD8F-944BE1C73171}
		{FF5E2D23-7E15-4B5E-BEDF-763EE06B8ED8} = {939EC5C2-8345-43E2-8F97-72EEEBEEA0AB}
		{5AEFE18A-A2A2-422C-9FD0-6A452F142E78} = {FF5E2D23-7E15-4B5E-BEDF-763EE06B8ED8}
		{F29ACF45-F658-4D34-A6AF-CD60662B314D} = {939EC5C2-8345-43E2-8F97-72EEEBEEA0AB}
		{0B9266F1-F1D6-4098-AAAE-68D5D0B8A44A} = {F29ACF45-F658-4D34-A6AF-CD60662B314D}
		{7812DF68-0811-49F1-8583-1D2E060AD6EC} = {939EC5C2-8345-43E2-8F97-72EEEBEEA0AB}
		{F6A7D2C0-FC0E-4ABE-89E1-D6B9379800C3} = {7812DF68-0811-49F1-8583-1D2E060AD6EC}
		{A766CA47-B366-439E-8CEB-5AB5B3EEF05A} = {939EC5C2-8345-43E2-8F97-72EEEBEEA0AB}
		{3C2EFE7B-08DB-4FF5-914B-5C177E033398} = {A766CA47-B366-439E-8CEB-5AB5B3EEF05A}
		{CCA37BB5-0486-4845-AF74-49A827C7E1FB} = {939EC5C2-8345-43E2-8F97-72EEEBEEA0AB}
		{0F52C8E6-DF94-44F6-8B38-7EFC6D91639C} = {CCA37BB5-0486-4845-AF74-49A827C7E1FB}
		{1A2600A0-3042-4527-AD59-1FBF0EE81E50} = {939EC5C2-8345-43E2-8F97-72EEEBEEA0AB}
		{9CE6B4EF-586E-47F2-8674-2F4B1D8A1061} = {1A2600A0-3042-4527-AD59-1FBF0EE81E50}
		{A0A2BB8C-EB50-4A0C-BBC4-D0B4B8FF631C} = {939EC5C2-8345-43E2-8F97-72EEEBEEA0AB}
		{94CFB216-3FD4-4326-884F-37861CC299FA} = {A0A2BB8C-EB50-4A0C-BBC4-D0B4B8FF631C}
		{0E0E53D6-FF1A-4C98-8A31-06CF2384CEE8} = {939EC5C2-8345-43E2-8F97-72EEEBEEA0AB}
		{0F8DC9A3-3836-4A34-BBBE-89275024860E} = {0E0E53D6-FF1A-4C98-8A31-06CF2384CEE8}
		{13F7A3D4-A2CB-4AA6-9A93-C950BDD05F04} = {939EC5C2-8345-43E2-8F97-72EEEBEEA0AB}
		{AC35975F-7E99-49A6-B043-8A19003CD8A2} = {13F7A3D4-A2CB-4AA6-9A93-C950BDD05F04}
		{25AA39DB-2B8B-4FA0-BC17-798087140BF4} = {939EC5C2-8345-43E2-8F97-72EEEBEEA0AB}
		{3E8E9ECB-2BD8-4CC0-BE1F-3482FB343687} = {25AA39DB-2B8B-4FA0-BC17-798087140BF4}
		{FA35ED38-DAC9-4A98-9709-C91272B28C07} = {939EC5C2-8345-43E2-8F97-72EEEBEEA0AB}
		{AD67059A-E084-4EA3-923D-5C1092901354} = {FA35ED38-DAC9-4A98-9709-C91272B28C07}
		{37472DD7-C7F9-40E9-BAA4-86B7C4FAB58D} = {939EC5C2-8345-43E2-8F97-72EEEBEEA0AB}
		{2C1667A3-E883-4DAC-B85D-5F253F516107} = {37472DD7-C7F9-40E9-BAA4-86B7C4FAB58D}
		{2622F5B4-8BBB-42F4-BB34-A0AB80C5A6C5} = {939EC5C2-8345-43E2-8F97-72EEEBEEA0AB}
		{C28C29F2-8810-450A-B5D5-B5ACD4966557} = {2622F5B4-8BBB-42F4-BB34-A0AB80C5A6C5}
		{4429678D-9686-400B-B8EF-876B3DC8A172} = {939EC5C2-8345-43E2-8F97-72EEEBEEA0AB}
		{53B88056-919C-44AE-A494-B39E4B2E8DA0} = {4429678D-9686-400B-B8EF-876B3DC8A172}
		{7F8ADED8-EA4E-41CA-A1A8-306FAA38A759} = {939EC5C2-8345-43E2-8F97-72EEEBEEA0AB}
		{2FE8281D-9932-462B-AC7F-6043AA1E0A00} = {7F8ADED8-EA4E-41CA-A1A8-306FAA38A759}
		{5C7E230B-C2D5-4D26-A7C5-EE7961EE0DCC} = {939EC5C2-8345-43E2-8F97-72EEEBEEA0AB}
		{8BF7A6F1-DCE3-4FED-9A75-287E3B0AC3FF} = {5C7E230B-C2D5-4D26-A7C5-EE7961EE0DCC}
		{E7E7ECC7-AB11-4B76-824F-BB7FC50986A5} = {939EC5C2-8345-43E2-8F97-72EEEBEEA0AB}
		{967059F2-B290-434F-B8AE-5382013F6036} = {E7E7ECC7-AB11-4B76-824F-BB7FC50986A5}
		{CCC3DB7D-21E1-438F-B8DE-75C7020050F3} = {939EC5C2-8345-43E2-8F97-72EEEBEEA0AB}
		{C01F9B1C-F629-4F41-9261-2740392F79CE} = {CCC3DB7D-21E1-438F-B8DE-75C7020050F3}
		{31CBFFB4-ED7D-4626-8046-C3EE1417418F} = {939EC5C2-8345-43E2-8F97-72EEEBEEA0AB}
		{7E8DAD0E-CC74-4EED-AB62-D9F2DEA1A94B} = {31CBFFB4-ED7D-4626-8046-C3EE1417418F}
		{35BB580C-0D83-46BF-9AAE-9F55F36970AB} = {939EC5C2-8345-43E2-8F97-72EEEBEEA0AB}
		{95B65478-0FEC-4FF8-AFE8-4AF27701C7E0} = {35BB580C-0D83-46BF-9AAE-9F55F36970AB}
		{37D95DD3-0535-420F-B90B-59107CA4EFBB} = {939EC5C2-8345-43E2-8F97-72EEEBEEA0AB}
		{AF11F349-18A7-41C2-A1F6-72804CBB0F40} = {37D95DD3-0535-420F-B90B-59107CA4EFBB}
		{6E3B9393-A8FA-4DE4-8954-60A0E00EB3A2} = {939EC5C2-8345-43E2-8F97-72EEEBEEA0AB}
		{C0527921-E9BE-4503-B6E6-46FF90A11960} = {6E3B9393-A8FA-4DE4-8954-60A0E00EB3A2}
		{2376184A-35D2-4BDB-A6C9-69A33CB537A0} = {939EC5C2-8345-43E2-8F97-72EEEBEEA0AB}
		{C0074840-2FCB-454E-8E91-3719655B7933} = {2376184A-35D2-4BDB-A6C9-69A33CB537A0}
		{8617CFAF-D974-4A94-9F85-1C4657446A26} = {939EC5C2-8345-43E2-8F97-72EEEBEEA0AB}
		{72BDCBCB-23CE-4202-B3AF-7236AFBD1F28} = {8617CFAF-D974-4A94-9F85-1C4657446A26}
		{ED2EAC87-6DFD-4BD1-B500-461B833D06CF} = {939EC5C2-8345-43E2-8F97-72EEEBEEA0AB}
		{4A5DA2DC-B9CB-4352-A822-91E96AE475A1} = {ED2EAC87-6DFD-4BD1-B500-461B833D06CF}
		{57F6CCA8-BFF3-4489-A4F9-E3134827F1D4} = {939EC5C2-8345-43E2-8F97-72EEEBEEA0AB}
		{5C940E30-3805-492B-B890-497B279C242A} = {57F6CCA8-BFF3-4489-A4F9-E3134827F1D4}
		{9C06AC5B-C950-4EFA-A86B-B6EA031F96C0} = {939EC5C2-8345-43E2-8F97-72EEEBEEA0AB}
		{32626392-BB3E-44B5-814C-C37A3401031B} = {9C06AC5B-C950-4EFA-A86B-B6EA031F96C0}
		{14B24356-5572-456C-A89B-54ECEBC883A3} = {939EC5C2-8345-43E2-8F97-72EEEBEEA0AB}
		{CFEF222B-E587-403B-9EED-63037929AF58} = {14B24356-5572-456C-A89B-54ECEBC883A3}
		{18B19C06-1BC6-4D52-A491-00C5053446B3} = {939EC5C2-8345-43E2-8F97-72EEEBEEA0AB}
		{E39E7FCF-959E-4CC6-AFB0-CE1887864F34} = {18B19C06-1BC6-4D52-A491-00C5053446B3}
		{140B9C22-068F-4602-9E63-315A9BF9BB23} = {939EC5C2-8345-43E2-8F97-72EEEBEEA0AB}
		{814E0B96-2980-4891-B7ED-D438F08F0730} = {140B9C22-068F-4602-9E63-315A9BF9BB23}
		{CD47DD78-3851-4A67-8200-C66F1D0A5CEB} = {939EC5C2-8345-43E2-8F97-72EEEBEEA0AB}
		{5E7A0A07-2C03-422A-9918-F1DCF9625CD6} = {CD47DD78-3851-4A67-8200-C66F1D0A5CEB}
		{C1947AF2-3CF2-4910-B3CF-64AA679D27ED} = {939EC5C2-8345-43E2-8F97-72EEEBEEA0AB}
		{F585C586-FD7E-41A2-BB20-555D6331A131} = {C1947AF2-3CF2-4910-B3CF-64AA679D27ED}
		{A4358A00-5C36-4867-A119-7B8394F0E472} = {939EC5C2-8345-43E2-8F97-72EEEBEEA0AB}
		{03BE4FB3-8996-43DB-8EDE-D70F2366F89B} = {A4358A00-5C36-4867-A119-7B8394F0E472}
		{49D7EA16-7CC5-4389-9F4F-7B38B55A07C4} = {939EC5C2-8345-43E2-8F97-72EEEBEEA0AB}
		{77A075E7-55E4-48E8-8EF4-4D40D77CCDE7} = {49D7EA16-7CC5-4389-9F4F-7B38B55A07C4}
		{51DB59DE-6181-4F00-A665-D66E7F2602DC} = {939EC5C2-8345-43E2-8F97-72EEEBEEA0AB}
		{0F7E4CEF-A13A-46AA-AE35-FB196F601657} = {51DB59DE-6181-4F00-A665-D66E7F2602DC}
		{B0D92F6E-9D5B-4DDD-800F-6B2D6F9F5B8B} = {939EC5C2-8345-43E2-8F97-72EEEBEEA0AB}
		{65C58C9B-4B87-42D6-A439-2A38366844C9} = {B0D92F6E-9D5B-4DDD-800F-6B2D6F9F5B8B}
		{DA40293C-3C15-4C6E-87A8-047822D75F10} = {939EC5C2-8345-43E2-8F97-72EEEBEEA0AB}
		{7EF2BD79-3349-4993-B518-62BA5846814F} = {DA40293C-3C15-4C6E-87A8-047822D75F10}
		{BA8319CE-7D3B-4A29-8426-68A6E284E306} = {939EC5C2-8345-43E2-8F97-72EEEBEEA0AB}
		{E829E1A1-095F-437B-ADB2-3F7DC7ABEBCB} = {BA8319CE-7D3B-4A29-8426-68A6E284E306}
		{256714B9-B290-410D-A4DD-2F36C6480835} = {939EC5C2-8345-43E2-8F97-72EEEBEEA0AB}
		{0082F898-7113-45F4-8CA6-8632FD40A401} = {256714B9-B290-410D-A4DD-2F36C6480835}
		{BD70A61F-085B-4293-8128-C73AA84D9EC6} = {939EC5C2-8345-43E2-8F97-72EEEBEEA0AB}
		{9E09A01A-B62D-4B9F-9DE2-09526D52C8B9} = {BD70A61F-085B-4293-8128-C73AA84D9EC6}
		{A986D842-D375-475D-84B8-2C5BBE9A8A87} = {939EC5C2-8345-43E2-8F97-72EEEBEEA0AB}
		{2D95B423-5240-461B-B2C3-5CB9656A5C58} = {A986D842-D375-475D-84B8-2C5BBE9A8A87}
		{AF355D0F-1920-4DB4-8133-30824BDFCD87} = {939EC5C2-8345-43E2-8F97-72EEEBEEA0AB}
		{EED982B1-A5AC-4BB1-AA50-C2D4BD34F0B7} = {AF355D0F-1920-4DB4-8133-30824BDFCD87}
		{FFD1DD18-0D2B-4E6D-8CF5-4A7FB452C9CD} = {939EC5C2-8345-43E2-8F97-72EEEBEEA0AB}
		{03595DF6-AC78-41C6-A02E-2B0AA477D57B} = {FFD1DD18-0D2B-4E6D-8CF5-4A7FB452C9CD}
		{F8B5679E-BD6E-4121-886F-C8889DB44120} = {939EC5C2-8345-43E2-8F97-72EEEBEEA0AB}
		{35E1D131-17E7-4103-86D8-DBCF5A8FF43D} = {F8B5679E-BD6E-4121-886F-C8889DB44120}
		{253777BB-EAE4-4E53-B1D7-B9E67AB58475} = {939EC5C2-8345-43E2-8F97-72EEEBEEA0AB}
		{A16E091E-1E9E-4C73-8F4B-88DB05CB8C03} = {253777BB-EAE4-4E53-B1D7-B9E67AB58475}
		{DDFB7283-D15E-4686-A240-2BB8527F3D2C} = {939EC5C2-8345-43E2-8F97-72EEEBEEA0AB}
		{9CAEF220-453C-4C39-875B-16BAC6C194B3} = {DDFB7283-D15E-4686-A240-2BB8527F3D2C}
		{9B96C630-5C6D-47D1-B5E8-76B001EB2CC4} = {939EC5C2-8345-43E2-8F97-72EEEBEEA0AB}
		{30AA0FA3-C184-4176-96C8-299BA9C45C3C} = {9B96C630-5C6D-47D1-B5E8-76B001EB2CC4}
		{81002232-4927-47B3-8FB9-5DF9E8249197} = {939EC5C2-8345-43E2-8F97-72EEEBEEA0AB}
		{A9E27A74-99D8-4692-9A5C-59A2C08E2422} = {81002232-4927-47B3-8FB9-5DF9E8249197}
		{DCC88CBE-C3C0-4B9C-A04A-B7D53BE0DD0A} = {939EC5C2-8345-43E2-8F97-72EEEBEEA0AB}
		{9DC0D737-10E7-4CB3-938E-59F7C239730C} = {DCC88CBE-C3C0-4B9C-A04A-B7D53BE0DD0A}
		{E6EC3653-DD8F-414F-B388-FC7F610399BD} = {939EC5C2-8345-43E2-8F97-72EEEBEEA0AB}
		{8C64A02C-6DDF-4469-80B3-9F6A33E4AB97} = {E6EC3653-DD8F-414F-B388-FC7F610399BD}
		{FAE00A4A-CBEE-4DC3-8FC9-C34D36A29F42} = {939EC5C2-8345-43E2-8F97-72EEEBEEA0AB}
		{A2CD4955-AD27-4BC1-98F2-15824B6E9141} = {FAE00A4A-CBEE-4DC3-8FC9-C34D36A29F42}
		{5BC90C9D-FA73-4219-9DFF-A2C63C93BE12} = {939EC5C2-8345-43E2-8F97-72EEEBEEA0AB}
		{8C12FFC1-D266-48C2-956D-B25A6CDB2B0D} = {5BC90C9D-FA73-4219-9DFF-A2C63C93BE12}
		{E46C5F2C-EFC3-43F2-9B2E-EB4A14B1CBA7} = {939EC5C2-8345-43E2-8F97-72EEEBEEA0AB}
		{B494C1D7-E374-4DC8-8FDC-F49CD0CB1486} = {E46C5F2C-EFC3-43F2-9B2E-EB4A14B1CBA7}
		{B5FBBA7E-C017-4237-A34F-39C97EAF4D58} = {939EC5C2-8345-43E2-8F97-72EEEBEEA0AB}
		{94D2F4E5-0293-4C1E-9F44-4031E36FCA89} = {B5FBBA7E-C017-4237-A34F-39C97EAF4D58}
		{36057360-F923-4DF5-A58A-5605A2EDA96D} = {939EC5C2-8345-43E2-8F97-72EEEBEEA0AB}
		{DB608A3E-C253-4F91-86D8-827486622757} = {36057360-F923-4DF5-A58A-5605A2EDA96D}
		{FFCE6F40-022C-400B-A102-EEC064B9238B} = {939EC5C2-8345-43E2-8F97-72EEEBEEA0AB}
		{7168652D-C692-4620-AEB9-81126B2E6F67} = {FFCE6F40-022C-400B-A102-EEC064B9238B}
		{CD615454-E9F7-4B56-95BC-7D6743DAF8B9} = {939EC5C2-8345-43E2-8F97-72EEEBEEA0AB}
		{D8606F23-4716-45A8-BBB0-68495543FD85} = {CD615454-E9F7-4B56-95BC-7D6743DAF8B9}
		{FAB26D94-29E9-4DCB-BED9-69243F1228DE} = {939EC5C2-8345-43E2-8F97-72EEEBEEA0AB}
		{40F86637-281B-47DB-9A4D-11BE1EA347D5} = {FAB26D94-29E9-4DCB-BED9-69243F1228DE}
		{ACC6D53B-8F24-4BF8-A942-A1DB2646DAB7} = {939EC5C2-8345-43E2-8F97-72EEEBEEA0AB}
		{AC9074DB-8947-43C8-8D4E-57866CB36877} = {ACC6D53B-8F24-4BF8-A942-A1DB2646DAB7}
		{1E1D9322-DF5D-475B-8811-34137899B5CF} = {939EC5C2-8345-43E2-8F97-72EEEBEEA0AB}
		{68A764A5-E31C-4CED-8E96-59CAA9200B94} = {1E1D9322-DF5D-475B-8811-34137899B5CF}
		{918FBF53-7BA7-4FB4-A635-8A4313F96863} = {939EC5C2-8345-43E2-8F97-72EEEBEEA0AB}
		{8CA57DA8-5EA9-4BFC-8513-E60730574639} = {918FBF53-7BA7-4FB4-A635-8A4313F96863}
		{C3D1FADB-D643-4225-9B16-9961C86047D4} = {939EC5C2-8345-43E2-8F97-72EEEBEEA0AB}
		{1184AFF9-913D-4F5B-970F-E1A1F60DA64C} = {C3D1FADB-D643-4225-9B16-9961C86047D4}
		{EB92170F-1378-4398-9313-28E7B1B771A6} = {939EC5C2-8345-43E2-8F97-72EEEBEEA0AB}
		{922F0C8F-AD96-4E79-BA4E-9E523A03734F} = {EB92170F-1378-4398-9313-28E7B1B771A6}
		{F726BD4F-2A0E-44B6-945B-A27F4F436335} = {939EC5C2-8345-43E2-8F97-72EEEBEEA0AB}
		{3D79FB93-C611-4A63-9A21-59B13E52C6C5} = {F726BD4F-2A0E-44B6-945B-A27F4F436335}
		{30CBBF49-25AE-4EAB-B0F1-B4D186C1C07E} = {7FFC27FB-A2E6-40DC-8086-7F80AC667248}
		{8CF3969A-8BCD-4D7C-A6AB-E3FF9BE45358} = {7FFC27FB-A2E6-40DC-8086-7F80AC667248}
		{4AEA9A58-AF75-41B1-9DF3-1BFD94BC4E86} = {7FFC27FB-A2E6-40DC-8086-7F80AC667248}
		{82A5228C-AA79-4F67-BBE9-13ACD4E14157} = {7FFC27FB-A2E6-40DC-8086-7F80AC667248}
		{91505A4E-5349-4AD0-A873-E72A6E8111B4} = {30CBBF49-25AE-4EAB-B0F1-B4D186C1C07E}
		{8EDF4429-251A-416D-BB68-93F227191BCF} = {8CF3969A-8BCD-4D7C-A6AB-E3FF9BE45358}
		{EFBC4DF7-C1FD-4D3C-A0F3-4D301585DCD3} = {4AEA9A58-AF75-41B1-9DF3-1BFD94BC4E86}
		{394A2075-7991-44C6-8C41-D9B9FE4EA893} = {82A5228C-AA79-4F67-BBE9-13ACD4E14157}
		EndGlobalSection
	GlobalSection(ExtensibilityGlobals) = postSolution
		SolutionGuid = {32A9903E-CBA2-4CFF-8469-12146263387F}
	EndGlobalSection
EndGlobal
