Microsoft Visual Studio Solution File, Format Version 12.00
# Visual Studio Version 16
VisualStudioVersion = 16.0.29613.14
MinimumVisualStudioVersion = 10.0.40219.1
Project("{2150E333-8FDC-42A3-9474-1A3956D46DE8}") = "Core", "Core", "{9863FCB3-BFA4-4B9C-B8F6-302BA5F660B8}"
EndProject
Project("{9A19103F-16F7-4668-BE54-9A1E7A4F7556}") = "JDCloudSDK.Core", "src\Core\JDCloudSDK.Core.csproj", "{BB7CA472-E6B5-4C2E-8E83-47ECF3A89E82}"
EndProject
Project("{2150E333-8FDC-42A3-9474-1A3956D46DE8}") = "Services", "Services", "{939EC5C2-8345-43E2-8F97-72EEEBEEA0AB}"
EndProject
Project("{2150E333-8FDC-42A3-9474-1A3956D46DE8}") = "Industrydata", "Industrydata", "{D1CBB76F-A412-4DA4-A5C6-55765314BA02}"
EndProject
Project("{9A19103F-16F7-4668-BE54-9A1E7A4F7556}") = "JDCloudSDK.Industrydata", "src\Service\Industrydata\JDCloudSDK.Industrydata.csproj", "{3F9C071E-2E71-417B-A12B-20D4E7E7E5B5}"
EndProject
Project("{2150E333-8FDC-42A3-9474-1A3956D46DE8}") = "Logs", "Logs", "{1C2A3946-05BF-48DE-81CD-FF103F7FF5A6}"
EndProject
Project("{9A19103F-16F7-4668-BE54-9A1E7A4F7556}") = "JDCloudSDK.Logs", "src\Service\Logs\JDCloudSDK.Logs.csproj", "{E108DDE4-0B59-4B3E-8801-08B92E249B6E}"
EndProject
Project("{2150E333-8FDC-42A3-9474-1A3956D46DE8}") = "Iothub", "Iothub", "{5EAEDFCA-6637-43A7-AAE5-8799E29712A1}"
EndProject
Project("{9A19103F-16F7-4668-BE54-9A1E7A4F7556}") = "JDCloudSDK.Iothub", "src\Service\Iothub\JDCloudSDK.Iothub.csproj", "{0382E600-E7F4-4645-9950-744106AD508F}"
EndProject
Project("{2150E333-8FDC-42A3-9474-1A3956D46DE8}") = "Xdata", "Xdata", "{38498D9E-E6AE-42CC-9129-903B7BD5582A}"
EndProject
Project("{9A19103F-16F7-4668-BE54-9A1E7A4F7556}") = "JDCloudSDK.Xdata", "src\Service\Xdata\JDCloudSDK.Xdata.csproj", "{94C4E850-EC58-4796-9BDD-E6717EF5EED0}"
EndProject
Project("{2150E333-8FDC-42A3-9474-1A3956D46DE8}") = "Rms", "Rms", "{2B520CF2-D0E5-4F4A-8B5F-E418E315356C}"
EndProject
Project("{9A19103F-16F7-4668-BE54-9A1E7A4F7556}") = "JDCloudSDK.Rms", "src\Service\Rms\JDCloudSDK.Rms.csproj", "{CBA4C678-150C-43D5-942A-F8031E9FB1DF}"
EndProject
Project("{2150E333-8FDC-42A3-9474-1A3956D46DE8}") = "Pod", "Pod", "{67F1F5C4-318C-4D71-8BC0-6AF9F5BB05C5}"
EndProject
Project("{9A19103F-16F7-4668-BE54-9A1E7A4F7556}") = "JDCloudSDK.Pod", "src\Service\Pod\JDCloudSDK.Pod.csproj", "{97C79F5F-B400-4E10-B682-C89AF3D983F4}"
EndProject
Project("{2150E333-8FDC-42A3-9474-1A3956D46DE8}") = "Pipeline", "Pipeline", "{9CE88683-A80B-44A2-9665-74CD284056B1}"
EndProject
Project("{9A19103F-16F7-4668-BE54-9A1E7A4F7556}") = "JDCloudSDK.Pipeline", "src\Service\Pipeline\JDCloudSDK.Pipeline.csproj", "{458B9D84-D1FB-489A-A35C-8ECCB09B239E}"
EndProject
Project("{2150E333-8FDC-42A3-9474-1A3956D46DE8}") = "Ssl", "Ssl", "{5B42F26A-0580-4E01-92C6-F66EA57BCE4D}"
EndProject
Project("{9A19103F-16F7-4668-BE54-9A1E7A4F7556}") = "JDCloudSDK.Ssl", "src\Service\Ssl\JDCloudSDK.Ssl.csproj", "{35D0D733-AB14-4E56-8A43-0343946DA900}"
EndProject
Project("{2150E333-8FDC-42A3-9474-1A3956D46DE8}") = "Apigateway", "Apigateway", "{454FBC62-68EC-4C04-84A9-E029BA91A640}"
EndProject
Project("{9A19103F-16F7-4668-BE54-9A1E7A4F7556}") = "JDCloudSDK.Apigateway", "src\Service\Apigateway\JDCloudSDK.Apigateway.csproj", "{8DE223A5-E6D8-416F-87C7-52AB031B7D98}"
EndProject
Project("{2150E333-8FDC-42A3-9474-1A3956D46DE8}") = "Iotlink", "Iotlink", "{22497D55-27E3-4B5F-8421-553771446ADF}"
EndProject
Project("{9A19103F-16F7-4668-BE54-9A1E7A4F7556}") = "JDCloudSDK.Iotlink", "src\Service\Iotlink\JDCloudSDK.Iotlink.csproj", "{28E75E02-414C-4189-8EF5-A362FD79BC3C}"
EndProject
Project("{2150E333-8FDC-42A3-9474-1A3956D46DE8}") = "Rds", "Rds", "{679B3C04-29CF-43AE-979E-D6D22E129233}"
EndProject
Project("{9A19103F-16F7-4668-BE54-9A1E7A4F7556}") = "JDCloudSDK.Rds", "src\Service\Rds\JDCloudSDK.Rds.csproj", "{59EFBAB9-EAD2-4F25-921C-3D7D86903CA8}"
EndProject
Project("{2150E333-8FDC-42A3-9474-1A3956D46DE8}") = "Ossopenapi", "Ossopenapi", "{BBC41D6C-B956-49D7-8EF7-BE5E74A0D7D3}"
EndProject
Project("{9A19103F-16F7-4668-BE54-9A1E7A4F7556}") = "JDCloudSDK.Ossopenapi", "src\Service\Ossopenapi\JDCloudSDK.Ossopenapi.csproj", "{A40A2F8C-9869-4C42-8EE7-D7C4EF452407}"
EndProject
Project("{2150E333-8FDC-42A3-9474-1A3956D46DE8}") = "Yundingdatapush", "Yundingdatapush", "{4B9775CA-6C05-4A1B-BBCC-4E47765B819F}"
EndProject
Project("{9A19103F-16F7-4668-BE54-9A1E7A4F7556}") = "JDCloudSDK.Yundingdatapush", "src\Service\Yundingdatapush\JDCloudSDK.Yundingdatapush.csproj", "{3D732BD2-0CAF-4E23-B3AD-8A9964912182}"
EndProject
Project("{2150E333-8FDC-42A3-9474-1A3956D46DE8}") = "Common", "Common", "{A401C45A-AA47-4B71-B9D0-F38EA23FCD78}"
EndProject
Project("{9A19103F-16F7-4668-BE54-9A1E7A4F7556}") = "JDCloudSDK.Common", "src\Service\Common\JDCloudSDK.Common.csproj", "{77F64609-4EA2-4ACE-BFC1-56BC8D2048E6}"
EndProject
Project("{2150E333-8FDC-42A3-9474-1A3956D46DE8}") = "Iotcard", "Iotcard", "{4D13C0C4-ED52-46AA-88F4-C9943A419A3B}"
EndProject
Project("{9A19103F-16F7-4668-BE54-9A1E7A4F7556}") = "JDCloudSDK.Iotcard", "src\Service\Iotcard\JDCloudSDK.Iotcard.csproj", "{A0D8DA69-BD9E-4818-BF63-5233E2F5E8A3}"
EndProject
Project("{2150E333-8FDC-42A3-9474-1A3956D46DE8}") = "Vqd", "Vqd", "{160BAFAB-8D92-49DB-A17B-BFC60B008F10}"
EndProject
Project("{9A19103F-16F7-4668-BE54-9A1E7A4F7556}") = "JDCloudSDK.Vqd", "src\Service\Vqd\JDCloudSDK.Vqd.csproj", "{B22168A2-2CB2-404F-B11A-D069DD43EDE6}"
EndProject
Project("{2150E333-8FDC-42A3-9474-1A3956D46DE8}") = "Streamcomputer", "Streamcomputer", "{2FB0E009-CC04-4DAE-8389-07D9E68AB6C5}"
EndProject
Project("{9A19103F-16F7-4668-BE54-9A1E7A4F7556}") = "JDCloudSDK.Streamcomputer", "src\Service\Streamcomputer\JDCloudSDK.Streamcomputer.csproj", "{C315A898-63C1-4434-9151-0A29CC3E78C9}"
EndProject
Project("{2150E333-8FDC-42A3-9474-1A3956D46DE8}") = "Zfs", "Zfs", "{ED2872F0-61E9-4825-8014-695B6011803F}"
EndProject
Project("{9A19103F-16F7-4668-BE54-9A1E7A4F7556}") = "JDCloudSDK.Zfs", "src\Service\Zfs\JDCloudSDK.Zfs.csproj", "{F895583F-49B3-45C3-868F-7C97A20C7BCC}"
EndProject
Project("{2150E333-8FDC-42A3-9474-1A3956D46DE8}") = "Iam", "Iam", "{FC1AF644-395F-43F8-8547-E1AE68572933}"
EndProject
Project("{9A19103F-16F7-4668-BE54-9A1E7A4F7556}") = "JDCloudSDK.Iam", "src\Service\Iam\JDCloudSDK.Iam.csproj", "{67BB17D3-89E3-48B8-B86F-DE576E3A5AAB}"
EndProject
Project("{2150E333-8FDC-42A3-9474-1A3956D46DE8}") = "Yunding", "Yunding", "{F5B81890-8595-4CE5-8EEB-D89961D1B047}"
EndProject
Project("{9A19103F-16F7-4668-BE54-9A1E7A4F7556}") = "JDCloudSDK.Yunding", "src\Service\Yunding\JDCloudSDK.Yunding.csproj", "{B01A7334-F24E-467E-944D-8575262A33C6}"
EndProject
Project("{2150E333-8FDC-42A3-9474-1A3956D46DE8}") = "Cr", "Cr", "{3ACE9EAB-BCF7-4D49-B96F-C838BB8F3840}"
EndProject
Project("{9A19103F-16F7-4668-BE54-9A1E7A4F7556}") = "JDCloudSDK.Cr", "src\Service\Cr\JDCloudSDK.Cr.csproj", "{DF89ED35-EF7D-4D22-9EFD-153308F6A459}"
EndProject
Project("{2150E333-8FDC-42A3-9474-1A3956D46DE8}") = "Renewal", "Renewal", "{313EDAEA-CD4C-4830-BC09-73E0167AE465}"
EndProject
Project("{9A19103F-16F7-4668-BE54-9A1E7A4F7556}") = "JDCloudSDK.Renewal", "src\Service\Renewal\JDCloudSDK.Renewal.csproj", "{8BA8B1C8-C7C3-42E0-AC73-E29A7A29936A}"
EndProject
Project("{2150E333-8FDC-42A3-9474-1A3956D46DE8}") = "Antipro", "Antipro", "{553874CF-6B58-4DF5-B73F-28A8128F7E58}"
EndProject
Project("{9A19103F-16F7-4668-BE54-9A1E7A4F7556}") = "JDCloudSDK.Antipro", "src\Service\Antipro\JDCloudSDK.Antipro.csproj", "{CB5A6488-A009-4094-A8DE-AEB3C75EC500}"
EndProject
Project("{2150E333-8FDC-42A3-9474-1A3956D46DE8}") = "Function", "Function", "{EBAB7549-74BE-46A7-9D51-EE1180A718E1}"
EndProject
Project("{9A19103F-16F7-4668-BE54-9A1E7A4F7556}") = "JDCloudSDK.Function", "src\Service\Function\JDCloudSDK.Function.csproj", "{976CBF0E-22BB-4666-8770-585B243CF743}"
EndProject
Project("{2150E333-8FDC-42A3-9474-1A3956D46DE8}") = "Vm", "Vm", "{6CFFEEAD-FA2D-43DF-B1D7-0A1A386253B4}"
EndProject
Project("{9A19103F-16F7-4668-BE54-9A1E7A4F7556}") = "JDCloudSDK.Vm", "src\Service\Vm\JDCloudSDK.Vm.csproj", "{82067193-F00A-4270-8427-C59C2990860B}"
EndProject
Project("{2150E333-8FDC-42A3-9474-1A3956D46DE8}") = "Cloudauth", "Cloudauth", "{8D66A55E-8E0B-42A0-BB8B-A6B27B8DB233}"
EndProject
Project("{9A19103F-16F7-4668-BE54-9A1E7A4F7556}") = "JDCloudSDK.Cloudauth", "src\Service\Cloudauth\JDCloudSDK.Cloudauth.csproj", "{2B612444-9B0E-4600-842B-5FAB5D519F09}"
EndProject
Project("{2150E333-8FDC-42A3-9474-1A3956D46DE8}") = "Kms", "Kms", "{3CD31911-DD78-4F2D-AE5F-F0879262FFC3}"
EndProject
Project("{9A19103F-16F7-4668-BE54-9A1E7A4F7556}") = "JDCloudSDK.Kms", "src\Service\Kms\JDCloudSDK.Kms.csproj", "{E1126EBE-45A9-409C-93F5-E6E24DED4940}"
EndProject
Project("{2150E333-8FDC-42A3-9474-1A3956D46DE8}") = "Order", "Order", "{8A16E300-3D2E-4F61-862B-38FFCE02D9F3}"
EndProject
Project("{9A19103F-16F7-4668-BE54-9A1E7A4F7556}") = "JDCloudSDK.Order", "src\Service\Order\JDCloudSDK.Order.csproj", "{B9C32053-ED0D-4A3E-BB17-60950C1DDA07}"
EndProject
Project("{2150E333-8FDC-42A3-9474-1A3956D46DE8}") = "Iotcore", "Iotcore", "{5489AAF0-831A-47F8-8994-66CAD2F3FDEA}"
EndProject
Project("{9A19103F-16F7-4668-BE54-9A1E7A4F7556}") = "JDCloudSDK.Iotcore", "src\Service\Iotcore\JDCloudSDK.Iotcore.csproj", "{0AF1122A-CC35-4C92-965F-2EABED6FAA84}"
EndProject
Project("{2150E333-8FDC-42A3-9474-1A3956D46DE8}") = "Ipanti", "Ipanti", "{0BB638B5-932D-4841-992C-A2D21E8D87DE}"
EndProject
Project("{9A19103F-16F7-4668-BE54-9A1E7A4F7556}") = "JDCloudSDK.Ipanti", "src\Service\Ipanti\JDCloudSDK.Ipanti.csproj", "{B1CA3036-993D-47AE-B3A7-E878DE69E92B}"
EndProject
Project("{2150E333-8FDC-42A3-9474-1A3956D46DE8}") = "Edcps", "Edcps", "{380EE776-BC1B-4C14-821E-291A56D71EB3}"
EndProject
Project("{9A19103F-16F7-4668-BE54-9A1E7A4F7556}") = "JDCloudSDK.Edcps", "src\Service\Edcps\JDCloudSDK.Edcps.csproj", "{348B8468-7B00-480D-A5B6-601DD7F96AA1}"
EndProject
Project("{2150E333-8FDC-42A3-9474-1A3956D46DE8}") = "Redis", "Redis", "{F892BC6D-08C1-4FC0-9610-9E6D2BEC32D7}"
EndProject
Project("{9A19103F-16F7-4668-BE54-9A1E7A4F7556}") = "JDCloudSDK.Redis", "src\Service\Redis\JDCloudSDK.Redis.csproj", "{DD282F4D-2FEA-472B-AADA-447383F1BE6D}"
EndProject
Project("{2150E333-8FDC-42A3-9474-1A3956D46DE8}") = "Monitor", "Monitor", "{AAAAF75B-4C04-45E2-89F5-CDB8A21145F4}"
EndProject
Project("{9A19103F-16F7-4668-BE54-9A1E7A4F7556}") = "JDCloudSDK.Monitor", "src\Service\Monitor\JDCloudSDK.Monitor.csproj", "{DAC79EF7-8786-4A6D-A83F-23A85FC04B09}"
EndProject
Project("{2150E333-8FDC-42A3-9474-1A3956D46DE8}") = "Hufu", "Hufu", "{DBC6FB50-4DF9-430F-85C5-052A1A2128F6}"
EndProject
Project("{9A19103F-16F7-4668-BE54-9A1E7A4F7556}") = "JDCloudSDK.Hufu", "src\Service\Hufu\JDCloudSDK.Hufu.csproj", "{ABA6FDD4-109D-4381-B198-C1B27F30035A}"
EndProject
Project("{2150E333-8FDC-42A3-9474-1A3956D46DE8}") = "Jdw", "Jdw", "{99111BFD-AFC6-4CEE-A9D5-C4954A520901}"
EndProject
Project("{9A19103F-16F7-4668-BE54-9A1E7A4F7556}") = "JDCloudSDK.Jdw", "src\Service\Jdw\JDCloudSDK.Jdw.csproj", "{089C8701-72E7-4264-85EE-654314AC813D}"
EndProject
Project("{2150E333-8FDC-42A3-9474-1A3956D46DE8}") = "Vod", "Vod", "{7D4AB7DA-7AE7-4DDE-89E8-E7E938D8C2C2}"
EndProject
Project("{9A19103F-16F7-4668-BE54-9A1E7A4F7556}") = "JDCloudSDK.Vod", "src\Service\Vod\JDCloudSDK.Vod.csproj", "{038F91F3-9FD9-4F60-B78D-033CA1C700E6}"
EndProject
Project("{2150E333-8FDC-42A3-9474-1A3956D46DE8}") = "Portal", "Portal", "{225D269A-14E5-4A40-BFAB-312BB055F749}"
EndProject
Project("{9A19103F-16F7-4668-BE54-9A1E7A4F7556}") = "JDCloudSDK.Portal", "src\Service\Portal\JDCloudSDK.Portal.csproj", "{AF54EE7B-3701-48AC-8387-B745676D4D36}"
EndProject
Project("{2150E333-8FDC-42A3-9474-1A3956D46DE8}") = "Oss", "Oss", "{A548D33F-B017-4795-84A6-8F30177ED870}"
EndProject
Project("{9A19103F-16F7-4668-BE54-9A1E7A4F7556}") = "JDCloudSDK.Oss", "src\Service\Oss\JDCloudSDK.Oss.csproj", "{7F15EDDB-3E4B-4F6B-B4AD-1F4339CCFD4D}"
EndProject
Project("{2150E333-8FDC-42A3-9474-1A3956D46DE8}") = "Billing", "Billing", "{94E71D18-56C3-4B5C-93C7-826CC5BB456F}"
EndProject
Project("{9A19103F-16F7-4668-BE54-9A1E7A4F7556}") = "JDCloudSDK.Billing", "src\Service\Billing\JDCloudSDK.Billing.csproj", "{529FE2B4-69F2-4AFC-8D99-AE63DD585D5C}"
EndProject
Project("{2150E333-8FDC-42A3-9474-1A3956D46DE8}") = "Datastar", "Datastar", "{BB601177-29F8-49CC-84A8-CF6D2764F9E7}"
EndProject
Project("{9A19103F-16F7-4668-BE54-9A1E7A4F7556}") = "JDCloudSDK.Datastar", "src\Service\Datastar\JDCloudSDK.Datastar.csproj", "{BC3B59CF-1C08-4CE5-8D62-DF1CC3B732DC}"
EndProject
Project("{2150E333-8FDC-42A3-9474-1A3956D46DE8}") = "Resourcetag", "Resourcetag", "{468EB791-9265-4566-A7F4-39751ED87243}"
EndProject
Project("{9A19103F-16F7-4668-BE54-9A1E7A4F7556}") = "JDCloudSDK.Resourcetag", "src\Service\Resourcetag\JDCloudSDK.Resourcetag.csproj", "{FF9FD653-83AD-40A8-A9DC-18F383A1786C}"
EndProject
Project("{2150E333-8FDC-42A3-9474-1A3956D46DE8}") = "Ias", "Ias", "{BEDF2710-3CD2-4C1A-8B1B-2E4A05C2382D}"
EndProject
Project("{9A19103F-16F7-4668-BE54-9A1E7A4F7556}") = "JDCloudSDK.Ias", "src\Service\Ias\JDCloudSDK.Ias.csproj", "{3963A0FB-A294-4B44-B3BD-40390C9C2A00}"
EndProject
Project("{2150E333-8FDC-42A3-9474-1A3956D46DE8}") = "Sop", "Sop", "{53064ED2-A6AE-466E-B5F1-DD5B19E31DAA}"
EndProject
Project("{9A19103F-16F7-4668-BE54-9A1E7A4F7556}") = "JDCloudSDK.Sop", "src\Service\Sop\JDCloudSDK.Sop.csproj", "{7050525F-7E36-4A9B-A637-2A481989574D}"
EndProject
Project("{2150E333-8FDC-42A3-9474-1A3956D46DE8}") = "Elite", "Elite", "{9AF9467B-86D2-4B52-8407-47D33BDE9A65}"
EndProject
Project("{9A19103F-16F7-4668-BE54-9A1E7A4F7556}") = "JDCloudSDK.Elite", "src\Service\Elite\JDCloudSDK.Elite.csproj", "{6E7BE7EC-3F41-49FD-BBB0-ADED5F91AB19}"
EndProject
Project("{2150E333-8FDC-42A3-9474-1A3956D46DE8}") = "Es", "Es", "{F5578CC0-69C4-4B4D-AFB2-55F3914538FD}"
EndProject
Project("{9A19103F-16F7-4668-BE54-9A1E7A4F7556}") = "JDCloudSDK.Es", "src\Service\Es\JDCloudSDK.Es.csproj", "{89A64015-1C8C-40D0-B6A5-24046443A18B}"
EndProject
Project("{2150E333-8FDC-42A3-9474-1A3956D46DE8}") = "Disk", "Disk", "{5EFA40DB-79C8-411F-9D9F-21ECB1867AF8}"
EndProject
Project("{9A19103F-16F7-4668-BE54-9A1E7A4F7556}") = "JDCloudSDK.Disk", "src\Service\Disk\JDCloudSDK.Disk.csproj", "{8CEC3085-B6AE-4487-818E-484A1DEC6A27}"
EndProject
Project("{2150E333-8FDC-42A3-9474-1A3956D46DE8}") = "Streambus", "Streambus", "{C9E784B8-1EB7-4069-89CA-58E7F4144687}"
EndProject
Project("{9A19103F-16F7-4668-BE54-9A1E7A4F7556}") = "JDCloudSDK.Streambus", "src\Service\Streambus\JDCloudSDK.Streambus.csproj", "{EA4F1A96-67C1-42A8-A870-C4896121D136}"
EndProject
Project("{2150E333-8FDC-42A3-9474-1A3956D46DE8}") = "Ag", "Ag", "{BAF9F9DE-5401-4EDD-B258-F92297637411}"
EndProject
Project("{9A19103F-16F7-4668-BE54-9A1E7A4F7556}") = "JDCloudSDK.Ag", "src\Service\Ag\JDCloudSDK.Ag.csproj", "{E072F102-6CF5-4001-B0DB-8347C629FB6F}"
EndProject
Project("{2150E333-8FDC-42A3-9474-1A3956D46DE8}") = "Baseanti", "Baseanti", "{F3044040-891E-4253-9B7B-943D571F4EA3}"
EndProject
Project("{9A19103F-16F7-4668-BE54-9A1E7A4F7556}") = "JDCloudSDK.Baseanti", "src\Service\Baseanti\JDCloudSDK.Baseanti.csproj", "{DABBAE98-3481-4FAE-A2BD-9218841E9939}"
EndProject
Project("{2150E333-8FDC-42A3-9474-1A3956D46DE8}") = "Deploy", "Deploy", "{AC16E489-EA53-4CBE-8D22-9AA2F855CAB9}"
EndProject
Project("{9A19103F-16F7-4668-BE54-9A1E7A4F7556}") = "JDCloudSDK.Deploy", "src\Service\Deploy\JDCloudSDK.Deploy.csproj", "{2322A949-8CB4-4E98-82CE-D605908F7648}"
EndProject
Project("{2150E333-8FDC-42A3-9474-1A3956D46DE8}") = "Mongodb", "Mongodb", "{D12F3769-BC27-4298-9A00-DC0A0BE074B2}"
EndProject
Project("{9A19103F-16F7-4668-BE54-9A1E7A4F7556}") = "JDCloudSDK.Mongodb", "src\Service\Mongodb\JDCloudSDK.Mongodb.csproj", "{21E1396D-EDC6-4D8E-B0BE-FC4345701131}"
EndProject
Project("{2150E333-8FDC-42A3-9474-1A3956D46DE8}") = "Nativecontainer", "Nativecontainer", "{50DE5E61-92EB-4A32-B7EE-9D76BB36DA85}"
EndProject
Project("{9A19103F-16F7-4668-BE54-9A1E7A4F7556}") = "JDCloudSDK.Nativecontainer", "src\Service\Nativecontainer\JDCloudSDK.Nativecontainer.csproj", "{2BA9DA3A-7F52-4FF7-B582-6FED7E09E925}"
EndProject
Project("{2150E333-8FDC-42A3-9474-1A3956D46DE8}") = "Jdfusion", "Jdfusion", "{C492E82C-143D-4ED9-987A-F047E73C5BE5}"
EndProject
Project("{9A19103F-16F7-4668-BE54-9A1E7A4F7556}") = "JDCloudSDK.Jdfusion", "src\Service\Jdfusion\JDCloudSDK.Jdfusion.csproj", "{478F34E7-1917-4106-86FF-345A3736B830}"
EndProject
Project("{2150E333-8FDC-42A3-9474-1A3956D46DE8}") = "Jdccs", "Jdccs", "{398415DD-3948-45ED-9F6C-E52F5DD67BD6}"
EndProject
Project("{9A19103F-16F7-4668-BE54-9A1E7A4F7556}") = "JDCloudSDK.Jdccs", "src\Service\Jdccs\JDCloudSDK.Jdccs.csproj", "{D07CCA74-E448-4A39-84AF-9BCEC6EB3FA5}"
EndProject
Project("{2150E333-8FDC-42A3-9474-1A3956D46DE8}") = "Detection", "Detection", "{AE3B7BA8-97BC-48D4-BA4A-8535C577321C}"
EndProject
Project("{9A19103F-16F7-4668-BE54-9A1E7A4F7556}") = "JDCloudSDK.Detection", "src\Service\Detection\JDCloudSDK.Detection.csproj", "{FD402267-869C-459A-A934-C16AD9EEF110}"
EndProject
Project("{2150E333-8FDC-42A3-9474-1A3956D46DE8}") = "Iotcloudgateway", "Iotcloudgateway", "{5A145076-AA92-47DC-9D18-D68AA23FA2BC}"
EndProject
Project("{9A19103F-16F7-4668-BE54-9A1E7A4F7556}") = "JDCloudSDK.Iotcloudgateway", "src\Service\Iotcloudgateway\JDCloudSDK.Iotcloudgateway.csproj", "{C8098E98-4548-461A-A6FB-8D221330833F}"
EndProject
Project("{2150E333-8FDC-42A3-9474-1A3956D46DE8}") = "Sms", "Sms", "{86D493AE-7C83-4DAF-A0BE-C35C59A79016}"
EndProject
Project("{9A19103F-16F7-4668-BE54-9A1E7A4F7556}") = "JDCloudSDK.Sms", "src\Service\Sms\JDCloudSDK.Sms.csproj", "{F15D9B2A-42A5-49EE-95D9-2C9066D529FC}"
EndProject
Project("{2150E333-8FDC-42A3-9474-1A3956D46DE8}") = "Jke", "Jke", "{7531F807-31B2-42CF-9E82-BEBBF5C49ECE}"
EndProject
Project("{9A19103F-16F7-4668-BE54-9A1E7A4F7556}") = "JDCloudSDK.Jke", "src\Service\Jke\JDCloudSDK.Jke.csproj", "{EF1F44BC-EFFF-49D0-9469-526CF6E6BDD6}"
EndProject
Project("{2150E333-8FDC-42A3-9474-1A3956D46DE8}") = "Clouddnsservice", "Clouddnsservice", "{BED7481A-C185-43FE-8EEB-4CCE2EF8F069}"
EndProject
Project("{9A19103F-16F7-4668-BE54-9A1E7A4F7556}") = "JDCloudSDK.Clouddnsservice", "src\Service\Clouddnsservice\JDCloudSDK.Clouddnsservice.csproj", "{6A7529BA-5B31-4313-9078-FFB35F580089}"
EndProject
Project("{2150E333-8FDC-42A3-9474-1A3956D46DE8}") = "Kubernetes", "Kubernetes", "{A2D38A37-D59C-4790-A9C6-531397CACE62}"
EndProject
Project("{9A19103F-16F7-4668-BE54-9A1E7A4F7556}") = "JDCloudSDK.Kubernetes", "src\Service\Kubernetes\JDCloudSDK.Kubernetes.csproj", "{89EBA1C2-61A1-4A95-B9A9-DE271522E3A8}"
EndProject
Project("{2150E333-8FDC-42A3-9474-1A3956D46DE8}") = "Cps", "Cps", "{02360510-C308-4627-AC3C-4075939F0986}"
EndProject
Project("{9A19103F-16F7-4668-BE54-9A1E7A4F7556}") = "JDCloudSDK.Cps", "src\Service\Cps\JDCloudSDK.Cps.csproj", "{BB053C5A-CED4-43B5-96BC-36CC7E37866A}"
EndProject
Project("{2150E333-8FDC-42A3-9474-1A3956D46DE8}") = "Nc", "Nc", "{D3CB1576-851D-46B1-820F-9C3BB0D8B6A6}"
EndProject
Project("{9A19103F-16F7-4668-BE54-9A1E7A4F7556}") = "JDCloudSDK.Nc", "src\Service\Nc\JDCloudSDK.Nc.csproj", "{A0EA8ECB-8744-48D2-B2C6-1C67439FA05E}"
EndProject
Project("{2150E333-8FDC-42A3-9474-1A3956D46DE8}") = "Jdro", "Jdro", "{D2035C68-7D24-4DD1-817F-A17A2B39ED4F}"
EndProject
Project("{9A19103F-16F7-4668-BE54-9A1E7A4F7556}") = "JDCloudSDK.Jdro", "src\Service\Jdro\JDCloudSDK.Jdro.csproj", "{6915A761-F8C6-415B-97C6-6739EFE29382}"
EndProject
Project("{2150E333-8FDC-42A3-9474-1A3956D46DE8}") = "Charge", "Charge", "{BDC58579-144C-4F01-9D09-C0AED3C81541}"
EndProject
Project("{9A19103F-16F7-4668-BE54-9A1E7A4F7556}") = "JDCloudSDK.Charge", "src\Service\Charge\JDCloudSDK.Charge.csproj", "{ABCBE3D9-1E80-4CC2-AA22-6C5288C80FD1}"
EndProject
Project("{2150E333-8FDC-42A3-9474-1A3956D46DE8}") = "Compile", "Compile", "{13475C90-1D14-438D-8EBD-B35FC3E8687C}"
EndProject
Project("{9A19103F-16F7-4668-BE54-9A1E7A4F7556}") = "JDCloudSDK.Compile", "src\Service\Compile\JDCloudSDK.Compile.csproj", "{358F3949-CAA3-4EF3-8676-6959262ECB17}"
EndProject
Project("{2150E333-8FDC-42A3-9474-1A3956D46DE8}") = "Lb", "Lb", "{4B877057-1D64-4930-AE68-2DC4BF1DB9FA}"
EndProject
Project("{9A19103F-16F7-4668-BE54-9A1E7A4F7556}") = "JDCloudSDK.Lb", "src\Service\Lb\JDCloudSDK.Lb.csproj", "{DFEE91AC-6C43-4F85-A56C-D8742C54B4BB}"
EndProject
Project("{2150E333-8FDC-42A3-9474-1A3956D46DE8}") = "Iotedge", "Iotedge", "{4191E352-17E0-466C-9479-20D4D42A7BF0}"
EndProject
Project("{9A19103F-16F7-4668-BE54-9A1E7A4F7556}") = "JDCloudSDK.Iotedge", "src\Service\Iotedge\JDCloudSDK.Iotedge.csproj", "{70A25D7A-5E4A-4E77-8A4B-3FC694359013}"
EndProject
Project("{2150E333-8FDC-42A3-9474-1A3956D46DE8}") = "Httpdns", "Httpdns", "{33062ECF-6BF3-4382-87BF-CB782AB34DBD}"
EndProject
Project("{9A19103F-16F7-4668-BE54-9A1E7A4F7556}") = "JDCloudSDK.Httpdns", "src\Service\Httpdns\JDCloudSDK.Httpdns.csproj", "{3B3C04A0-F7AC-4FC7-B227-A3C861740F85}"
EndProject
Project("{2150E333-8FDC-42A3-9474-1A3956D46DE8}") = "Cloudsign", "Cloudsign", "{680E5272-30FC-434D-B862-CF7A05A3505A}"
EndProject
Project("{9A19103F-16F7-4668-BE54-9A1E7A4F7556}") = "JDCloudSDK.Cloudsign", "src\Service\Cloudsign\JDCloudSDK.Cloudsign.csproj", "{9B701342-8BFA-4DD0-8357-411C141A9A04}"
EndProject
Project("{2150E333-8FDC-42A3-9474-1A3956D46DE8}") = "Partner", "Partner", "{EBE4BBAA-07EC-4D84-A818-BE4F3BB8E903}"
EndProject
Project("{9A19103F-16F7-4668-BE54-9A1E7A4F7556}") = "JDCloudSDK.Partner", "src\Service\Partner\JDCloudSDK.Partner.csproj", "{0142365E-1F2B-44F8-8640-F5329964FEAE}"
EndProject
Project("{2150E333-8FDC-42A3-9474-1A3956D46DE8}") = "Domainservice", "Domainservice", "{5433C6A9-041F-4369-B34F-89CCBCCA6B49}"
EndProject
Project("{9A19103F-16F7-4668-BE54-9A1E7A4F7556}") = "JDCloudSDK.Domainservice", "src\Service\Domainservice\JDCloudSDK.Domainservice.csproj", "{4595D982-673D-44CD-8956-53D52D3E6CCE}"
EndProject
Project("{2150E333-8FDC-42A3-9474-1A3956D46DE8}") = "Mps", "Mps", "{A3554CDB-FE1D-405A-9764-BF44693E7732}"
EndProject
Project("{9A19103F-16F7-4668-BE54-9A1E7A4F7556}") = "JDCloudSDK.Mps", "src\Service\Mps\JDCloudSDK.Mps.csproj", "{58CF2682-57FB-4B69-A4EB-41E84D3C2279}"
EndProject
Project("{2150E333-8FDC-42A3-9474-1A3956D46DE8}") = "Containerregistry", "Containerregistry", "{690CE19D-417C-4957-858C-8264CF83AFFE}"
EndProject
Project("{9A19103F-16F7-4668-BE54-9A1E7A4F7556}") = "JDCloudSDK.Containerregistry", "src\Service\Containerregistry\JDCloudSDK.Containerregistry.csproj", "{25F62F4C-9DE6-47BB-AE9F-1DE82341E25B}"
EndProject
Project("{2150E333-8FDC-42A3-9474-1A3956D46DE8}") = "Sts", "Sts", "{DDDD59BD-EBEC-4B27-93D2-AB6F3F31C35A}"
EndProject
Project("{9A19103F-16F7-4668-BE54-9A1E7A4F7556}") = "JDCloudSDK.Sts", "src\Service\Sts\JDCloudSDK.Sts.csproj", "{2D51B8EB-9890-4D42-80AE-3F534435D97A}"
EndProject
Project("{2150E333-8FDC-42A3-9474-1A3956D46DE8}") = "Ams", "Ams", "{52221B58-7F48-4427-9753-D14C8CEA1A0A}"
EndProject
Project("{9A19103F-16F7-4668-BE54-9A1E7A4F7556}") = "JDCloudSDK.Ams", "src\Service\Ams\JDCloudSDK.Ams.csproj", "{138D340A-A92B-4825-9C1D-268CBE003585}"
EndProject
Project("{2150E333-8FDC-42A3-9474-1A3956D46DE8}") = "Vpc", "Vpc", "{9AC8F6BB-A1BB-41DF-B1B3-E6393009605B}"
EndProject
Project("{9A19103F-16F7-4668-BE54-9A1E7A4F7556}") = "JDCloudSDK.Vpc", "src\Service\Vpc\JDCloudSDK.Vpc.csproj", "{2B091622-5088-4B5D-807D-D95EA2F9638B}"
EndProject
Project("{2150E333-8FDC-42A3-9474-1A3956D46DE8}") = "Cdn", "Cdn", "{6EC05250-1771-4082-B269-06DC912E958F}"
EndProject
Project("{9A19103F-16F7-4668-BE54-9A1E7A4F7556}") = "JDCloudSDK.Cdn", "src\Service\Cdn\JDCloudSDK.Cdn.csproj", "{BF4AD7CB-BCF4-43D0-A59E-AEEE551D804D}"
EndProject
Project("{2150E333-8FDC-42A3-9474-1A3956D46DE8}") = "Live", "Live", "{1E335AC9-7677-4986-9853-20E386FB55D8}"
EndProject
Project("{9A19103F-16F7-4668-BE54-9A1E7A4F7556}") = "JDCloudSDK.Live", "src\Service\Live\JDCloudSDK.Live.csproj", "{7C4CCB04-B3E9-4743-BC36-FD9FE5896A08}"
EndProject
Project("{2150E333-8FDC-42A3-9474-1A3956D46DE8}") = "Jcq", "Jcq", "{05287DBE-02B2-4013-8D13-DA074FE56EA8}"
EndProject
Project("{9A19103F-16F7-4668-BE54-9A1E7A4F7556}") = "JDCloudSDK.Jcq", "src\Service\Jcq\JDCloudSDK.Jcq.csproj", "{8D71494A-8CBA-4BFE-87E9-2B612EF9D836}"
EndProject
Project("{2150E333-8FDC-42A3-9474-1A3956D46DE8}") = "Examples", "Examples", "{7FFC27FB-A2E6-40DC-8086-7F80AC667248}"
EndProject
Project("{2150E333-8FDC-42A3-9474-1A3956D46DE8}") = "Standard2", "Standard2", "{30CBBF49-25AE-4EAB-B0F1-B4D186C1C07E}"
EndProject
Project("{2150E333-8FDC-42A3-9474-1A3956D46DE8}") = "Net45", "Net45", "{8CF3969A-8BCD-4D7C-A6AB-E3FF9BE45358}"
EndProject
Project("{2150E333-8FDC-42A3-9474-1A3956D46DE8}") = "Net40", "Net40", "{4AEA9A58-AF75-41B1-9DF3-1BFD94BC4E86}"
EndProject
Project("{2150E333-8FDC-42A3-9474-1A3956D46DE8}") = "Net35", "Net35", "{82A5228C-AA79-4F67-BBE9-13ACD4E14157}"
EndProject
Project("{9A19103F-16F7-4668-BE54-9A1E7A4F7556}") = "JDCloudSDK.Test.Standard2", "src\Examples\Standard2\JDCloudSDK.Test.Standard2.csproj", "{91505A4E-5349-4AD0-A873-E72A6E8111B4}"
EndProject
Project("{FAE04EC0-301F-11D3-BF4B-00C04F79EFBC}") = "JDCloudSDK.Test.NET45", "src\Examples\NET45\JDCloudSDK.Test.NET45.csproj", "{8EDF4429-251A-416D-BB68-93F227191BCF}"
EndProject
Project("{FAE04EC0-301F-11D3-BF4B-00C04F79EFBC}") = "JDCloudSDK.Test.NET40", "src\Examples\NET40\JDCloudSDK.Test.NET40.csproj", "{EFBC4DF7-C1FD-4D3C-A0F3-4D301585DCD3}"
EndProject
Project("{FAE04EC0-301F-11D3-BF4B-00C04F79EFBC}") = "JDCloudSDK.Test.NET35", "src\Examples\NET35\JDCloudSDK.Test.NET35.csproj", "{394A2075-7991-44C6-8C41-D9B9FE4EA893}"
EndProject
Global
	GlobalSection(SolutionConfigurationPlatforms) = preSolution
		Debug|Any CPU = Debug|Any CPU
		Release|Any CPU = Release|Any CPU
	EndGlobalSection
	GlobalSection(ProjectConfigurationPlatforms) = postSolution
		{BB7CA472-E6B5-4C2E-8E83-47ECF3A89E82}.Debug|Any CPU.ActiveCfg = Debug|Any CPU
		{BB7CA472-E6B5-4C2E-8E83-47ECF3A89E82}.Debug|Any CPU.Build.0 = Debug|Any CPU
		{BB7CA472-E6B5-4C2E-8E83-47ECF3A89E82}.Release|Any CPU.ActiveCfg = Release|Any CPU
		{BB7CA472-E6B5-4C2E-8E83-47ECF3A89E82}.Release|Any CPU.Build.0 = Release|Any CPU
		{3F9C071E-2E71-417B-A12B-20D4E7E7E5B5}.Debug|Any CPU.ActiveCfg = Debug|Any CPU
		{3F9C071E-2E71-417B-A12B-20D4E7E7E5B5}.Debug|Any CPU.Build.0 = Debug|Any CPU
		{3F9C071E-2E71-417B-A12B-20D4E7E7E5B5}.Release|Any CPU.ActiveCfg = Release|Any CPU
		{3F9C071E-2E71-417B-A12B-20D4E7E7E5B5}.Release|Any CPU.Build.0 = Release|Any CPU
		{E108DDE4-0B59-4B3E-8801-08B92E249B6E}.Debug|Any CPU.ActiveCfg = Debug|Any CPU
		{E108DDE4-0B59-4B3E-8801-08B92E249B6E}.Debug|Any CPU.Build.0 = Debug|Any CPU
		{E108DDE4-0B59-4B3E-8801-08B92E249B6E}.Release|Any CPU.ActiveCfg = Release|Any CPU
		{E108DDE4-0B59-4B3E-8801-08B92E249B6E}.Release|Any CPU.Build.0 = Release|Any CPU
		{0382E600-E7F4-4645-9950-744106AD508F}.Debug|Any CPU.ActiveCfg = Debug|Any CPU
		{0382E600-E7F4-4645-9950-744106AD508F}.Debug|Any CPU.Build.0 = Debug|Any CPU
		{0382E600-E7F4-4645-9950-744106AD508F}.Release|Any CPU.ActiveCfg = Release|Any CPU
		{0382E600-E7F4-4645-9950-744106AD508F}.Release|Any CPU.Build.0 = Release|Any CPU
		{94C4E850-EC58-4796-9BDD-E6717EF5EED0}.Debug|Any CPU.ActiveCfg = Debug|Any CPU
		{94C4E850-EC58-4796-9BDD-E6717EF5EED0}.Debug|Any CPU.Build.0 = Debug|Any CPU
		{94C4E850-EC58-4796-9BDD-E6717EF5EED0}.Release|Any CPU.ActiveCfg = Release|Any CPU
		{94C4E850-EC58-4796-9BDD-E6717EF5EED0}.Release|Any CPU.Build.0 = Release|Any CPU
		{CBA4C678-150C-43D5-942A-F8031E9FB1DF}.Debug|Any CPU.ActiveCfg = Debug|Any CPU
		{CBA4C678-150C-43D5-942A-F8031E9FB1DF}.Debug|Any CPU.Build.0 = Debug|Any CPU
		{CBA4C678-150C-43D5-942A-F8031E9FB1DF}.Release|Any CPU.ActiveCfg = Release|Any CPU
		{CBA4C678-150C-43D5-942A-F8031E9FB1DF}.Release|Any CPU.Build.0 = Release|Any CPU
		{97C79F5F-B400-4E10-B682-C89AF3D983F4}.Debug|Any CPU.ActiveCfg = Debug|Any CPU
		{97C79F5F-B400-4E10-B682-C89AF3D983F4}.Debug|Any CPU.Build.0 = Debug|Any CPU
		{97C79F5F-B400-4E10-B682-C89AF3D983F4}.Release|Any CPU.ActiveCfg = Release|Any CPU
		{97C79F5F-B400-4E10-B682-C89AF3D983F4}.Release|Any CPU.Build.0 = Release|Any CPU
		{458B9D84-D1FB-489A-A35C-8ECCB09B239E}.Debug|Any CPU.ActiveCfg = Debug|Any CPU
		{458B9D84-D1FB-489A-A35C-8ECCB09B239E}.Debug|Any CPU.Build.0 = Debug|Any CPU
		{458B9D84-D1FB-489A-A35C-8ECCB09B239E}.Release|Any CPU.ActiveCfg = Release|Any CPU
		{458B9D84-D1FB-489A-A35C-8ECCB09B239E}.Release|Any CPU.Build.0 = Release|Any CPU
		{35D0D733-AB14-4E56-8A43-0343946DA900}.Debug|Any CPU.ActiveCfg = Debug|Any CPU
		{35D0D733-AB14-4E56-8A43-0343946DA900}.Debug|Any CPU.Build.0 = Debug|Any CPU
		{35D0D733-AB14-4E56-8A43-0343946DA900}.Release|Any CPU.ActiveCfg = Release|Any CPU
		{35D0D733-AB14-4E56-8A43-0343946DA900}.Release|Any CPU.Build.0 = Release|Any CPU
		{8DE223A5-E6D8-416F-87C7-52AB031B7D98}.Debug|Any CPU.ActiveCfg = Debug|Any CPU
		{8DE223A5-E6D8-416F-87C7-52AB031B7D98}.Debug|Any CPU.Build.0 = Debug|Any CPU
		{8DE223A5-E6D8-416F-87C7-52AB031B7D98}.Release|Any CPU.ActiveCfg = Release|Any CPU
		{8DE223A5-E6D8-416F-87C7-52AB031B7D98}.Release|Any CPU.Build.0 = Release|Any CPU
		{28E75E02-414C-4189-8EF5-A362FD79BC3C}.Debug|Any CPU.ActiveCfg = Debug|Any CPU
		{28E75E02-414C-4189-8EF5-A362FD79BC3C}.Debug|Any CPU.Build.0 = Debug|Any CPU
		{28E75E02-414C-4189-8EF5-A362FD79BC3C}.Release|Any CPU.ActiveCfg = Release|Any CPU
		{28E75E02-414C-4189-8EF5-A362FD79BC3C}.Release|Any CPU.Build.0 = Release|Any CPU
		{59EFBAB9-EAD2-4F25-921C-3D7D86903CA8}.Debug|Any CPU.ActiveCfg = Debug|Any CPU
		{59EFBAB9-EAD2-4F25-921C-3D7D86903CA8}.Debug|Any CPU.Build.0 = Debug|Any CPU
		{59EFBAB9-EAD2-4F25-921C-3D7D86903CA8}.Release|Any CPU.ActiveCfg = Release|Any CPU
		{59EFBAB9-EAD2-4F25-921C-3D7D86903CA8}.Release|Any CPU.Build.0 = Release|Any CPU
		{A40A2F8C-9869-4C42-8EE7-D7C4EF452407}.Debug|Any CPU.ActiveCfg = Debug|Any CPU
		{A40A2F8C-9869-4C42-8EE7-D7C4EF452407}.Debug|Any CPU.Build.0 = Debug|Any CPU
		{A40A2F8C-9869-4C42-8EE7-D7C4EF452407}.Release|Any CPU.ActiveCfg = Release|Any CPU
		{A40A2F8C-9869-4C42-8EE7-D7C4EF452407}.Release|Any CPU.Build.0 = Release|Any CPU
		{3D732BD2-0CAF-4E23-B3AD-8A9964912182}.Debug|Any CPU.ActiveCfg = Debug|Any CPU
		{3D732BD2-0CAF-4E23-B3AD-8A9964912182}.Debug|Any CPU.Build.0 = Debug|Any CPU
		{3D732BD2-0CAF-4E23-B3AD-8A9964912182}.Release|Any CPU.ActiveCfg = Release|Any CPU
		{3D732BD2-0CAF-4E23-B3AD-8A9964912182}.Release|Any CPU.Build.0 = Release|Any CPU
		{77F64609-4EA2-4ACE-BFC1-56BC8D2048E6}.Debug|Any CPU.ActiveCfg = Debug|Any CPU
		{77F64609-4EA2-4ACE-BFC1-56BC8D2048E6}.Debug|Any CPU.Build.0 = Debug|Any CPU
		{77F64609-4EA2-4ACE-BFC1-56BC8D2048E6}.Release|Any CPU.ActiveCfg = Release|Any CPU
		{77F64609-4EA2-4ACE-BFC1-56BC8D2048E6}.Release|Any CPU.Build.0 = Release|Any CPU
		{A0D8DA69-BD9E-4818-BF63-5233E2F5E8A3}.Debug|Any CPU.ActiveCfg = Debug|Any CPU
		{A0D8DA69-BD9E-4818-BF63-5233E2F5E8A3}.Debug|Any CPU.Build.0 = Debug|Any CPU
		{A0D8DA69-BD9E-4818-BF63-5233E2F5E8A3}.Release|Any CPU.ActiveCfg = Release|Any CPU
		{A0D8DA69-BD9E-4818-BF63-5233E2F5E8A3}.Release|Any CPU.Build.0 = Release|Any CPU
		{B22168A2-2CB2-404F-B11A-D069DD43EDE6}.Debug|Any CPU.ActiveCfg = Debug|Any CPU
		{B22168A2-2CB2-404F-B11A-D069DD43EDE6}.Debug|Any CPU.Build.0 = Debug|Any CPU
		{B22168A2-2CB2-404F-B11A-D069DD43EDE6}.Release|Any CPU.ActiveCfg = Release|Any CPU
		{B22168A2-2CB2-404F-B11A-D069DD43EDE6}.Release|Any CPU.Build.0 = Release|Any CPU
		{C315A898-63C1-4434-9151-0A29CC3E78C9}.Debug|Any CPU.ActiveCfg = Debug|Any CPU
		{C315A898-63C1-4434-9151-0A29CC3E78C9}.Debug|Any CPU.Build.0 = Debug|Any CPU
		{C315A898-63C1-4434-9151-0A29CC3E78C9}.Release|Any CPU.ActiveCfg = Release|Any CPU
		{C315A898-63C1-4434-9151-0A29CC3E78C9}.Release|Any CPU.Build.0 = Release|Any CPU
		{F895583F-49B3-45C3-868F-7C97A20C7BCC}.Debug|Any CPU.ActiveCfg = Debug|Any CPU
		{F895583F-49B3-45C3-868F-7C97A20C7BCC}.Debug|Any CPU.Build.0 = Debug|Any CPU
		{F895583F-49B3-45C3-868F-7C97A20C7BCC}.Release|Any CPU.ActiveCfg = Release|Any CPU
		{F895583F-49B3-45C3-868F-7C97A20C7BCC}.Release|Any CPU.Build.0 = Release|Any CPU
		{67BB17D3-89E3-48B8-B86F-DE576E3A5AAB}.Debug|Any CPU.ActiveCfg = Debug|Any CPU
		{67BB17D3-89E3-48B8-B86F-DE576E3A5AAB}.Debug|Any CPU.Build.0 = Debug|Any CPU
		{67BB17D3-89E3-48B8-B86F-DE576E3A5AAB}.Release|Any CPU.ActiveCfg = Release|Any CPU
		{67BB17D3-89E3-48B8-B86F-DE576E3A5AAB}.Release|Any CPU.Build.0 = Release|Any CPU
		{B01A7334-F24E-467E-944D-8575262A33C6}.Debug|Any CPU.ActiveCfg = Debug|Any CPU
		{B01A7334-F24E-467E-944D-8575262A33C6}.Debug|Any CPU.Build.0 = Debug|Any CPU
		{B01A7334-F24E-467E-944D-8575262A33C6}.Release|Any CPU.ActiveCfg = Release|Any CPU
		{B01A7334-F24E-467E-944D-8575262A33C6}.Release|Any CPU.Build.0 = Release|Any CPU
		{DF89ED35-EF7D-4D22-9EFD-153308F6A459}.Debug|Any CPU.ActiveCfg = Debug|Any CPU
		{DF89ED35-EF7D-4D22-9EFD-153308F6A459}.Debug|Any CPU.Build.0 = Debug|Any CPU
		{DF89ED35-EF7D-4D22-9EFD-153308F6A459}.Release|Any CPU.ActiveCfg = Release|Any CPU
		{DF89ED35-EF7D-4D22-9EFD-153308F6A459}.Release|Any CPU.Build.0 = Release|Any CPU
		{8BA8B1C8-C7C3-42E0-AC73-E29A7A29936A}.Debug|Any CPU.ActiveCfg = Debug|Any CPU
		{8BA8B1C8-C7C3-42E0-AC73-E29A7A29936A}.Debug|Any CPU.Build.0 = Debug|Any CPU
		{8BA8B1C8-C7C3-42E0-AC73-E29A7A29936A}.Release|Any CPU.ActiveCfg = Release|Any CPU
		{8BA8B1C8-C7C3-42E0-AC73-E29A7A29936A}.Release|Any CPU.Build.0 = Release|Any CPU
		{CB5A6488-A009-4094-A8DE-AEB3C75EC500}.Debug|Any CPU.ActiveCfg = Debug|Any CPU
		{CB5A6488-A009-4094-A8DE-AEB3C75EC500}.Debug|Any CPU.Build.0 = Debug|Any CPU
		{CB5A6488-A009-4094-A8DE-AEB3C75EC500}.Release|Any CPU.ActiveCfg = Release|Any CPU
		{CB5A6488-A009-4094-A8DE-AEB3C75EC500}.Release|Any CPU.Build.0 = Release|Any CPU
		{976CBF0E-22BB-4666-8770-585B243CF743}.Debug|Any CPU.ActiveCfg = Debug|Any CPU
		{976CBF0E-22BB-4666-8770-585B243CF743}.Debug|Any CPU.Build.0 = Debug|Any CPU
		{976CBF0E-22BB-4666-8770-585B243CF743}.Release|Any CPU.ActiveCfg = Release|Any CPU
		{976CBF0E-22BB-4666-8770-585B243CF743}.Release|Any CPU.Build.0 = Release|Any CPU
		{82067193-F00A-4270-8427-C59C2990860B}.Debug|Any CPU.ActiveCfg = Debug|Any CPU
		{82067193-F00A-4270-8427-C59C2990860B}.Debug|Any CPU.Build.0 = Debug|Any CPU
		{82067193-F00A-4270-8427-C59C2990860B}.Release|Any CPU.ActiveCfg = Release|Any CPU
		{82067193-F00A-4270-8427-C59C2990860B}.Release|Any CPU.Build.0 = Release|Any CPU
		{2B612444-9B0E-4600-842B-5FAB5D519F09}.Debug|Any CPU.ActiveCfg = Debug|Any CPU
		{2B612444-9B0E-4600-842B-5FAB5D519F09}.Debug|Any CPU.Build.0 = Debug|Any CPU
		{2B612444-9B0E-4600-842B-5FAB5D519F09}.Release|Any CPU.ActiveCfg = Release|Any CPU
		{2B612444-9B0E-4600-842B-5FAB5D519F09}.Release|Any CPU.Build.0 = Release|Any CPU
		{E1126EBE-45A9-409C-93F5-E6E24DED4940}.Debug|Any CPU.ActiveCfg = Debug|Any CPU
		{E1126EBE-45A9-409C-93F5-E6E24DED4940}.Debug|Any CPU.Build.0 = Debug|Any CPU
		{E1126EBE-45A9-409C-93F5-E6E24DED4940}.Release|Any CPU.ActiveCfg = Release|Any CPU
		{E1126EBE-45A9-409C-93F5-E6E24DED4940}.Release|Any CPU.Build.0 = Release|Any CPU
		{B9C32053-ED0D-4A3E-BB17-60950C1DDA07}.Debug|Any CPU.ActiveCfg = Debug|Any CPU
		{B9C32053-ED0D-4A3E-BB17-60950C1DDA07}.Debug|Any CPU.Build.0 = Debug|Any CPU
		{B9C32053-ED0D-4A3E-BB17-60950C1DDA07}.Release|Any CPU.ActiveCfg = Release|Any CPU
		{B9C32053-ED0D-4A3E-BB17-60950C1DDA07}.Release|Any CPU.Build.0 = Release|Any CPU
		{0AF1122A-CC35-4C92-965F-2EABED6FAA84}.Debug|Any CPU.ActiveCfg = Debug|Any CPU
		{0AF1122A-CC35-4C92-965F-2EABED6FAA84}.Debug|Any CPU.Build.0 = Debug|Any CPU
		{0AF1122A-CC35-4C92-965F-2EABED6FAA84}.Release|Any CPU.ActiveCfg = Release|Any CPU
		{0AF1122A-CC35-4C92-965F-2EABED6FAA84}.Release|Any CPU.Build.0 = Release|Any CPU
		{B1CA3036-993D-47AE-B3A7-E878DE69E92B}.Debug|Any CPU.ActiveCfg = Debug|Any CPU
		{B1CA3036-993D-47AE-B3A7-E878DE69E92B}.Debug|Any CPU.Build.0 = Debug|Any CPU
		{B1CA3036-993D-47AE-B3A7-E878DE69E92B}.Release|Any CPU.ActiveCfg = Release|Any CPU
		{B1CA3036-993D-47AE-B3A7-E878DE69E92B}.Release|Any CPU.Build.0 = Release|Any CPU
		{348B8468-7B00-480D-A5B6-601DD7F96AA1}.Debug|Any CPU.ActiveCfg = Debug|Any CPU
		{348B8468-7B00-480D-A5B6-601DD7F96AA1}.Debug|Any CPU.Build.0 = Debug|Any CPU
		{348B8468-7B00-480D-A5B6-601DD7F96AA1}.Release|Any CPU.ActiveCfg = Release|Any CPU
		{348B8468-7B00-480D-A5B6-601DD7F96AA1}.Release|Any CPU.Build.0 = Release|Any CPU
		{DD282F4D-2FEA-472B-AADA-447383F1BE6D}.Debug|Any CPU.ActiveCfg = Debug|Any CPU
		{DD282F4D-2FEA-472B-AADA-447383F1BE6D}.Debug|Any CPU.Build.0 = Debug|Any CPU
		{DD282F4D-2FEA-472B-AADA-447383F1BE6D}.Release|Any CPU.ActiveCfg = Release|Any CPU
		{DD282F4D-2FEA-472B-AADA-447383F1BE6D}.Release|Any CPU.Build.0 = Release|Any CPU
		{DAC79EF7-8786-4A6D-A83F-23A85FC04B09}.Debug|Any CPU.ActiveCfg = Debug|Any CPU
		{DAC79EF7-8786-4A6D-A83F-23A85FC04B09}.Debug|Any CPU.Build.0 = Debug|Any CPU
		{DAC79EF7-8786-4A6D-A83F-23A85FC04B09}.Release|Any CPU.ActiveCfg = Release|Any CPU
		{DAC79EF7-8786-4A6D-A83F-23A85FC04B09}.Release|Any CPU.Build.0 = Release|Any CPU
		{ABA6FDD4-109D-4381-B198-C1B27F30035A}.Debug|Any CPU.ActiveCfg = Debug|Any CPU
		{ABA6FDD4-109D-4381-B198-C1B27F30035A}.Debug|Any CPU.Build.0 = Debug|Any CPU
		{ABA6FDD4-109D-4381-B198-C1B27F30035A}.Release|Any CPU.ActiveCfg = Release|Any CPU
		{ABA6FDD4-109D-4381-B198-C1B27F30035A}.Release|Any CPU.Build.0 = Release|Any CPU
		{089C8701-72E7-4264-85EE-654314AC813D}.Debug|Any CPU.ActiveCfg = Debug|Any CPU
		{089C8701-72E7-4264-85EE-654314AC813D}.Debug|Any CPU.Build.0 = Debug|Any CPU
		{089C8701-72E7-4264-85EE-654314AC813D}.Release|Any CPU.ActiveCfg = Release|Any CPU
		{089C8701-72E7-4264-85EE-654314AC813D}.Release|Any CPU.Build.0 = Release|Any CPU
		{038F91F3-9FD9-4F60-B78D-033CA1C700E6}.Debug|Any CPU.ActiveCfg = Debug|Any CPU
		{038F91F3-9FD9-4F60-B78D-033CA1C700E6}.Debug|Any CPU.Build.0 = Debug|Any CPU
		{038F91F3-9FD9-4F60-B78D-033CA1C700E6}.Release|Any CPU.ActiveCfg = Release|Any CPU
		{038F91F3-9FD9-4F60-B78D-033CA1C700E6}.Release|Any CPU.Build.0 = Release|Any CPU
		{AF54EE7B-3701-48AC-8387-B745676D4D36}.Debug|Any CPU.ActiveCfg = Debug|Any CPU
		{AF54EE7B-3701-48AC-8387-B745676D4D36}.Debug|Any CPU.Build.0 = Debug|Any CPU
		{AF54EE7B-3701-48AC-8387-B745676D4D36}.Release|Any CPU.ActiveCfg = Release|Any CPU
		{AF54EE7B-3701-48AC-8387-B745676D4D36}.Release|Any CPU.Build.0 = Release|Any CPU
		{7F15EDDB-3E4B-4F6B-B4AD-1F4339CCFD4D}.Debug|Any CPU.ActiveCfg = Debug|Any CPU
		{7F15EDDB-3E4B-4F6B-B4AD-1F4339CCFD4D}.Debug|Any CPU.Build.0 = Debug|Any CPU
		{7F15EDDB-3E4B-4F6B-B4AD-1F4339CCFD4D}.Release|Any CPU.ActiveCfg = Release|Any CPU
		{7F15EDDB-3E4B-4F6B-B4AD-1F4339CCFD4D}.Release|Any CPU.Build.0 = Release|Any CPU
		{529FE2B4-69F2-4AFC-8D99-AE63DD585D5C}.Debug|Any CPU.ActiveCfg = Debug|Any CPU
		{529FE2B4-69F2-4AFC-8D99-AE63DD585D5C}.Debug|Any CPU.Build.0 = Debug|Any CPU
		{529FE2B4-69F2-4AFC-8D99-AE63DD585D5C}.Release|Any CPU.ActiveCfg = Release|Any CPU
		{529FE2B4-69F2-4AFC-8D99-AE63DD585D5C}.Release|Any CPU.Build.0 = Release|Any CPU
		{BC3B59CF-1C08-4CE5-8D62-DF1CC3B732DC}.Debug|Any CPU.ActiveCfg = Debug|Any CPU
		{BC3B59CF-1C08-4CE5-8D62-DF1CC3B732DC}.Debug|Any CPU.Build.0 = Debug|Any CPU
		{BC3B59CF-1C08-4CE5-8D62-DF1CC3B732DC}.Release|Any CPU.ActiveCfg = Release|Any CPU
		{BC3B59CF-1C08-4CE5-8D62-DF1CC3B732DC}.Release|Any CPU.Build.0 = Release|Any CPU
		{FF9FD653-83AD-40A8-A9DC-18F383A1786C}.Debug|Any CPU.ActiveCfg = Debug|Any CPU
		{FF9FD653-83AD-40A8-A9DC-18F383A1786C}.Debug|Any CPU.Build.0 = Debug|Any CPU
		{FF9FD653-83AD-40A8-A9DC-18F383A1786C}.Release|Any CPU.ActiveCfg = Release|Any CPU
		{FF9FD653-83AD-40A8-A9DC-18F383A1786C}.Release|Any CPU.Build.0 = Release|Any CPU
		{3963A0FB-A294-4B44-B3BD-40390C9C2A00}.Debug|Any CPU.ActiveCfg = Debug|Any CPU
		{3963A0FB-A294-4B44-B3BD-40390C9C2A00}.Debug|Any CPU.Build.0 = Debug|Any CPU
		{3963A0FB-A294-4B44-B3BD-40390C9C2A00}.Release|Any CPU.ActiveCfg = Release|Any CPU
		{3963A0FB-A294-4B44-B3BD-40390C9C2A00}.Release|Any CPU.Build.0 = Release|Any CPU
		{7050525F-7E36-4A9B-A637-2A481989574D}.Debug|Any CPU.ActiveCfg = Debug|Any CPU
		{7050525F-7E36-4A9B-A637-2A481989574D}.Debug|Any CPU.Build.0 = Debug|Any CPU
		{7050525F-7E36-4A9B-A637-2A481989574D}.Release|Any CPU.ActiveCfg = Release|Any CPU
		{7050525F-7E36-4A9B-A637-2A481989574D}.Release|Any CPU.Build.0 = Release|Any CPU
		{6E7BE7EC-3F41-49FD-BBB0-ADED5F91AB19}.Debug|Any CPU.ActiveCfg = Debug|Any CPU
		{6E7BE7EC-3F41-49FD-BBB0-ADED5F91AB19}.Debug|Any CPU.Build.0 = Debug|Any CPU
		{6E7BE7EC-3F41-49FD-BBB0-ADED5F91AB19}.Release|Any CPU.ActiveCfg = Release|Any CPU
		{6E7BE7EC-3F41-49FD-BBB0-ADED5F91AB19}.Release|Any CPU.Build.0 = Release|Any CPU
		{89A64015-1C8C-40D0-B6A5-24046443A18B}.Debug|Any CPU.ActiveCfg = Debug|Any CPU
		{89A64015-1C8C-40D0-B6A5-24046443A18B}.Debug|Any CPU.Build.0 = Debug|Any CPU
		{89A64015-1C8C-40D0-B6A5-24046443A18B}.Release|Any CPU.ActiveCfg = Release|Any CPU
		{89A64015-1C8C-40D0-B6A5-24046443A18B}.Release|Any CPU.Build.0 = Release|Any CPU
		{8CEC3085-B6AE-4487-818E-484A1DEC6A27}.Debug|Any CPU.ActiveCfg = Debug|Any CPU
		{8CEC3085-B6AE-4487-818E-484A1DEC6A27}.Debug|Any CPU.Build.0 = Debug|Any CPU
		{8CEC3085-B6AE-4487-818E-484A1DEC6A27}.Release|Any CPU.ActiveCfg = Release|Any CPU
		{8CEC3085-B6AE-4487-818E-484A1DEC6A27}.Release|Any CPU.Build.0 = Release|Any CPU
		{EA4F1A96-67C1-42A8-A870-C4896121D136}.Debug|Any CPU.ActiveCfg = Debug|Any CPU
		{EA4F1A96-67C1-42A8-A870-C4896121D136}.Debug|Any CPU.Build.0 = Debug|Any CPU
		{EA4F1A96-67C1-42A8-A870-C4896121D136}.Release|Any CPU.ActiveCfg = Release|Any CPU
		{EA4F1A96-67C1-42A8-A870-C4896121D136}.Release|Any CPU.Build.0 = Release|Any CPU
		{E072F102-6CF5-4001-B0DB-8347C629FB6F}.Debug|Any CPU.ActiveCfg = Debug|Any CPU
		{E072F102-6CF5-4001-B0DB-8347C629FB6F}.Debug|Any CPU.Build.0 = Debug|Any CPU
		{E072F102-6CF5-4001-B0DB-8347C629FB6F}.Release|Any CPU.ActiveCfg = Release|Any CPU
		{E072F102-6CF5-4001-B0DB-8347C629FB6F}.Release|Any CPU.Build.0 = Release|Any CPU
		{DABBAE98-3481-4FAE-A2BD-9218841E9939}.Debug|Any CPU.ActiveCfg = Debug|Any CPU
		{DABBAE98-3481-4FAE-A2BD-9218841E9939}.Debug|Any CPU.Build.0 = Debug|Any CPU
		{DABBAE98-3481-4FAE-A2BD-9218841E9939}.Release|Any CPU.ActiveCfg = Release|Any CPU
		{DABBAE98-3481-4FAE-A2BD-9218841E9939}.Release|Any CPU.Build.0 = Release|Any CPU
		{2322A949-8CB4-4E98-82CE-D605908F7648}.Debug|Any CPU.ActiveCfg = Debug|Any CPU
		{2322A949-8CB4-4E98-82CE-D605908F7648}.Debug|Any CPU.Build.0 = Debug|Any CPU
		{2322A949-8CB4-4E98-82CE-D605908F7648}.Release|Any CPU.ActiveCfg = Release|Any CPU
		{2322A949-8CB4-4E98-82CE-D605908F7648}.Release|Any CPU.Build.0 = Release|Any CPU
		{21E1396D-EDC6-4D8E-B0BE-FC4345701131}.Debug|Any CPU.ActiveCfg = Debug|Any CPU
		{21E1396D-EDC6-4D8E-B0BE-FC4345701131}.Debug|Any CPU.Build.0 = Debug|Any CPU
		{21E1396D-EDC6-4D8E-B0BE-FC4345701131}.Release|Any CPU.ActiveCfg = Release|Any CPU
		{21E1396D-EDC6-4D8E-B0BE-FC4345701131}.Release|Any CPU.Build.0 = Release|Any CPU
		{2BA9DA3A-7F52-4FF7-B582-6FED7E09E925}.Debug|Any CPU.ActiveCfg = Debug|Any CPU
		{2BA9DA3A-7F52-4FF7-B582-6FED7E09E925}.Debug|Any CPU.Build.0 = Debug|Any CPU
		{2BA9DA3A-7F52-4FF7-B582-6FED7E09E925}.Release|Any CPU.ActiveCfg = Release|Any CPU
		{2BA9DA3A-7F52-4FF7-B582-6FED7E09E925}.Release|Any CPU.Build.0 = Release|Any CPU
		{478F34E7-1917-4106-86FF-345A3736B830}.Debug|Any CPU.ActiveCfg = Debug|Any CPU
		{478F34E7-1917-4106-86FF-345A3736B830}.Debug|Any CPU.Build.0 = Debug|Any CPU
		{478F34E7-1917-4106-86FF-345A3736B830}.Release|Any CPU.ActiveCfg = Release|Any CPU
		{478F34E7-1917-4106-86FF-345A3736B830}.Release|Any CPU.Build.0 = Release|Any CPU
		{D07CCA74-E448-4A39-84AF-9BCEC6EB3FA5}.Debug|Any CPU.ActiveCfg = Debug|Any CPU
		{D07CCA74-E448-4A39-84AF-9BCEC6EB3FA5}.Debug|Any CPU.Build.0 = Debug|Any CPU
		{D07CCA74-E448-4A39-84AF-9BCEC6EB3FA5}.Release|Any CPU.ActiveCfg = Release|Any CPU
		{D07CCA74-E448-4A39-84AF-9BCEC6EB3FA5}.Release|Any CPU.Build.0 = Release|Any CPU
		{FD402267-869C-459A-A934-C16AD9EEF110}.Debug|Any CPU.ActiveCfg = Debug|Any CPU
		{FD402267-869C-459A-A934-C16AD9EEF110}.Debug|Any CPU.Build.0 = Debug|Any CPU
		{FD402267-869C-459A-A934-C16AD9EEF110}.Release|Any CPU.ActiveCfg = Release|Any CPU
		{FD402267-869C-459A-A934-C16AD9EEF110}.Release|Any CPU.Build.0 = Release|Any CPU
		{C8098E98-4548-461A-A6FB-8D221330833F}.Debug|Any CPU.ActiveCfg = Debug|Any CPU
		{C8098E98-4548-461A-A6FB-8D221330833F}.Debug|Any CPU.Build.0 = Debug|Any CPU
		{C8098E98-4548-461A-A6FB-8D221330833F}.Release|Any CPU.ActiveCfg = Release|Any CPU
		{C8098E98-4548-461A-A6FB-8D221330833F}.Release|Any CPU.Build.0 = Release|Any CPU
		{F15D9B2A-42A5-49EE-95D9-2C9066D529FC}.Debug|Any CPU.ActiveCfg = Debug|Any CPU
		{F15D9B2A-42A5-49EE-95D9-2C9066D529FC}.Debug|Any CPU.Build.0 = Debug|Any CPU
		{F15D9B2A-42A5-49EE-95D9-2C9066D529FC}.Release|Any CPU.ActiveCfg = Release|Any CPU
		{F15D9B2A-42A5-49EE-95D9-2C9066D529FC}.Release|Any CPU.Build.0 = Release|Any CPU
		{EF1F44BC-EFFF-49D0-9469-526CF6E6BDD6}.Debug|Any CPU.ActiveCfg = Debug|Any CPU
		{EF1F44BC-EFFF-49D0-9469-526CF6E6BDD6}.Debug|Any CPU.Build.0 = Debug|Any CPU
		{EF1F44BC-EFFF-49D0-9469-526CF6E6BDD6}.Release|Any CPU.ActiveCfg = Release|Any CPU
		{EF1F44BC-EFFF-49D0-9469-526CF6E6BDD6}.Release|Any CPU.Build.0 = Release|Any CPU
		{6A7529BA-5B31-4313-9078-FFB35F580089}.Debug|Any CPU.ActiveCfg = Debug|Any CPU
		{6A7529BA-5B31-4313-9078-FFB35F580089}.Debug|Any CPU.Build.0 = Debug|Any CPU
		{6A7529BA-5B31-4313-9078-FFB35F580089}.Release|Any CPU.ActiveCfg = Release|Any CPU
		{6A7529BA-5B31-4313-9078-FFB35F580089}.Release|Any CPU.Build.0 = Release|Any CPU
		{89EBA1C2-61A1-4A95-B9A9-DE271522E3A8}.Debug|Any CPU.ActiveCfg = Debug|Any CPU
		{89EBA1C2-61A1-4A95-B9A9-DE271522E3A8}.Debug|Any CPU.Build.0 = Debug|Any CPU
		{89EBA1C2-61A1-4A95-B9A9-DE271522E3A8}.Release|Any CPU.ActiveCfg = Release|Any CPU
		{89EBA1C2-61A1-4A95-B9A9-DE271522E3A8}.Release|Any CPU.Build.0 = Release|Any CPU
		{BB053C5A-CED4-43B5-96BC-36CC7E37866A}.Debug|Any CPU.ActiveCfg = Debug|Any CPU
		{BB053C5A-CED4-43B5-96BC-36CC7E37866A}.Debug|Any CPU.Build.0 = Debug|Any CPU
		{BB053C5A-CED4-43B5-96BC-36CC7E37866A}.Release|Any CPU.ActiveCfg = Release|Any CPU
		{BB053C5A-CED4-43B5-96BC-36CC7E37866A}.Release|Any CPU.Build.0 = Release|Any CPU
		{A0EA8ECB-8744-48D2-B2C6-1C67439FA05E}.Debug|Any CPU.ActiveCfg = Debug|Any CPU
		{A0EA8ECB-8744-48D2-B2C6-1C67439FA05E}.Debug|Any CPU.Build.0 = Debug|Any CPU
		{A0EA8ECB-8744-48D2-B2C6-1C67439FA05E}.Release|Any CPU.ActiveCfg = Release|Any CPU
		{A0EA8ECB-8744-48D2-B2C6-1C67439FA05E}.Release|Any CPU.Build.0 = Release|Any CPU
		{6915A761-F8C6-415B-97C6-6739EFE29382}.Debug|Any CPU.ActiveCfg = Debug|Any CPU
		{6915A761-F8C6-415B-97C6-6739EFE29382}.Debug|Any CPU.Build.0 = Debug|Any CPU
		{6915A761-F8C6-415B-97C6-6739EFE29382}.Release|Any CPU.ActiveCfg = Release|Any CPU
		{6915A761-F8C6-415B-97C6-6739EFE29382}.Release|Any CPU.Build.0 = Release|Any CPU
		{ABCBE3D9-1E80-4CC2-AA22-6C5288C80FD1}.Debug|Any CPU.ActiveCfg = Debug|Any CPU
		{ABCBE3D9-1E80-4CC2-AA22-6C5288C80FD1}.Debug|Any CPU.Build.0 = Debug|Any CPU
		{ABCBE3D9-1E80-4CC2-AA22-6C5288C80FD1}.Release|Any CPU.ActiveCfg = Release|Any CPU
		{ABCBE3D9-1E80-4CC2-AA22-6C5288C80FD1}.Release|Any CPU.Build.0 = Release|Any CPU
		{358F3949-CAA3-4EF3-8676-6959262ECB17}.Debug|Any CPU.ActiveCfg = Debug|Any CPU
		{358F3949-CAA3-4EF3-8676-6959262ECB17}.Debug|Any CPU.Build.0 = Debug|Any CPU
		{358F3949-CAA3-4EF3-8676-6959262ECB17}.Release|Any CPU.ActiveCfg = Release|Any CPU
		{358F3949-CAA3-4EF3-8676-6959262ECB17}.Release|Any CPU.Build.0 = Release|Any CPU
		{DFEE91AC-6C43-4F85-A56C-D8742C54B4BB}.Debug|Any CPU.ActiveCfg = Debug|Any CPU
		{DFEE91AC-6C43-4F85-A56C-D8742C54B4BB}.Debug|Any CPU.Build.0 = Debug|Any CPU
		{DFEE91AC-6C43-4F85-A56C-D8742C54B4BB}.Release|Any CPU.ActiveCfg = Release|Any CPU
		{DFEE91AC-6C43-4F85-A56C-D8742C54B4BB}.Release|Any CPU.Build.0 = Release|Any CPU
		{70A25D7A-5E4A-4E77-8A4B-3FC694359013}.Debug|Any CPU.ActiveCfg = Debug|Any CPU
		{70A25D7A-5E4A-4E77-8A4B-3FC694359013}.Debug|Any CPU.Build.0 = Debug|Any CPU
		{70A25D7A-5E4A-4E77-8A4B-3FC694359013}.Release|Any CPU.ActiveCfg = Release|Any CPU
		{70A25D7A-5E4A-4E77-8A4B-3FC694359013}.Release|Any CPU.Build.0 = Release|Any CPU
		{3B3C04A0-F7AC-4FC7-B227-A3C861740F85}.Debug|Any CPU.ActiveCfg = Debug|Any CPU
		{3B3C04A0-F7AC-4FC7-B227-A3C861740F85}.Debug|Any CPU.Build.0 = Debug|Any CPU
		{3B3C04A0-F7AC-4FC7-B227-A3C861740F85}.Release|Any CPU.ActiveCfg = Release|Any CPU
		{3B3C04A0-F7AC-4FC7-B227-A3C861740F85}.Release|Any CPU.Build.0 = Release|Any CPU
		{9B701342-8BFA-4DD0-8357-411C141A9A04}.Debug|Any CPU.ActiveCfg = Debug|Any CPU
		{9B701342-8BFA-4DD0-8357-411C141A9A04}.Debug|Any CPU.Build.0 = Debug|Any CPU
		{9B701342-8BFA-4DD0-8357-411C141A9A04}.Release|Any CPU.ActiveCfg = Release|Any CPU
		{9B701342-8BFA-4DD0-8357-411C141A9A04}.Release|Any CPU.Build.0 = Release|Any CPU
		{0142365E-1F2B-44F8-8640-F5329964FEAE}.Debug|Any CPU.ActiveCfg = Debug|Any CPU
		{0142365E-1F2B-44F8-8640-F5329964FEAE}.Debug|Any CPU.Build.0 = Debug|Any CPU
		{0142365E-1F2B-44F8-8640-F5329964FEAE}.Release|Any CPU.ActiveCfg = Release|Any CPU
		{0142365E-1F2B-44F8-8640-F5329964FEAE}.Release|Any CPU.Build.0 = Release|Any CPU
		{4595D982-673D-44CD-8956-53D52D3E6CCE}.Debug|Any CPU.ActiveCfg = Debug|Any CPU
		{4595D982-673D-44CD-8956-53D52D3E6CCE}.Debug|Any CPU.Build.0 = Debug|Any CPU
		{4595D982-673D-44CD-8956-53D52D3E6CCE}.Release|Any CPU.ActiveCfg = Release|Any CPU
		{4595D982-673D-44CD-8956-53D52D3E6CCE}.Release|Any CPU.Build.0 = Release|Any CPU
		{58CF2682-57FB-4B69-A4EB-41E84D3C2279}.Debug|Any CPU.ActiveCfg = Debug|Any CPU
		{58CF2682-57FB-4B69-A4EB-41E84D3C2279}.Debug|Any CPU.Build.0 = Debug|Any CPU
		{58CF2682-57FB-4B69-A4EB-41E84D3C2279}.Release|Any CPU.ActiveCfg = Release|Any CPU
		{58CF2682-57FB-4B69-A4EB-41E84D3C2279}.Release|Any CPU.Build.0 = Release|Any CPU
		{25F62F4C-9DE6-47BB-AE9F-1DE82341E25B}.Debug|Any CPU.ActiveCfg = Debug|Any CPU
		{25F62F4C-9DE6-47BB-AE9F-1DE82341E25B}.Debug|Any CPU.Build.0 = Debug|Any CPU
		{25F62F4C-9DE6-47BB-AE9F-1DE82341E25B}.Release|Any CPU.ActiveCfg = Release|Any CPU
		{25F62F4C-9DE6-47BB-AE9F-1DE82341E25B}.Release|Any CPU.Build.0 = Release|Any CPU
		{2D51B8EB-9890-4D42-80AE-3F534435D97A}.Debug|Any CPU.ActiveCfg = Debug|Any CPU
		{2D51B8EB-9890-4D42-80AE-3F534435D97A}.Debug|Any CPU.Build.0 = Debug|Any CPU
		{2D51B8EB-9890-4D42-80AE-3F534435D97A}.Release|Any CPU.ActiveCfg = Release|Any CPU
		{2D51B8EB-9890-4D42-80AE-3F534435D97A}.Release|Any CPU.Build.0 = Release|Any CPU
		{138D340A-A92B-4825-9C1D-268CBE003585}.Debug|Any CPU.ActiveCfg = Debug|Any CPU
		{138D340A-A92B-4825-9C1D-268CBE003585}.Debug|Any CPU.Build.0 = Debug|Any CPU
		{138D340A-A92B-4825-9C1D-268CBE003585}.Release|Any CPU.ActiveCfg = Release|Any CPU
		{138D340A-A92B-4825-9C1D-268CBE003585}.Release|Any CPU.Build.0 = Release|Any CPU
		{2B091622-5088-4B5D-807D-D95EA2F9638B}.Debug|Any CPU.ActiveCfg = Debug|Any CPU
		{2B091622-5088-4B5D-807D-D95EA2F9638B}.Debug|Any CPU.Build.0 = Debug|Any CPU
		{2B091622-5088-4B5D-807D-D95EA2F9638B}.Release|Any CPU.ActiveCfg = Release|Any CPU
		{2B091622-5088-4B5D-807D-D95EA2F9638B}.Release|Any CPU.Build.0 = Release|Any CPU
		{BF4AD7CB-BCF4-43D0-A59E-AEEE551D804D}.Debug|Any CPU.ActiveCfg = Debug|Any CPU
		{BF4AD7CB-BCF4-43D0-A59E-AEEE551D804D}.Debug|Any CPU.Build.0 = Debug|Any CPU
		{BF4AD7CB-BCF4-43D0-A59E-AEEE551D804D}.Release|Any CPU.ActiveCfg = Release|Any CPU
		{BF4AD7CB-BCF4-43D0-A59E-AEEE551D804D}.Release|Any CPU.Build.0 = Release|Any CPU
		{7C4CCB04-B3E9-4743-BC36-FD9FE5896A08}.Debug|Any CPU.ActiveCfg = Debug|Any CPU
		{7C4CCB04-B3E9-4743-BC36-FD9FE5896A08}.Debug|Any CPU.Build.0 = Debug|Any CPU
		{7C4CCB04-B3E9-4743-BC36-FD9FE5896A08}.Release|Any CPU.ActiveCfg = Release|Any CPU
		{7C4CCB04-B3E9-4743-BC36-FD9FE5896A08}.Release|Any CPU.Build.0 = Release|Any CPU
		{8D71494A-8CBA-4BFE-87E9-2B612EF9D836}.Debug|Any CPU.ActiveCfg = Debug|Any CPU
		{8D71494A-8CBA-4BFE-87E9-2B612EF9D836}.Debug|Any CPU.Build.0 = Debug|Any CPU
		{8D71494A-8CBA-4BFE-87E9-2B612EF9D836}.Release|Any CPU.ActiveCfg = Release|Any CPU
		{8D71494A-8CBA-4BFE-87E9-2B612EF9D836}.Release|Any CPU.Build.0 = Release|Any CPU
		{91505A4E-5349-4AD0-A873-E72A6E8111B4}.Debug|Any CPU.ActiveCfg = Debug|Any CPU
		{91505A4E-5349-4AD0-A873-E72A6E8111B4}.Debug|Any CPU.Build.0 = Debug|Any CPU
		{91505A4E-5349-4AD0-A873-E72A6E8111B4}.Release|Any CPU.ActiveCfg = Release|Any CPU
		{91505A4E-5349-4AD0-A873-E72A6E8111B4}.Release|Any CPU.Build.0 = Release|Any CPU
		{8EDF4429-251A-416D-BB68-93F227191BCF}.Debug|Any CPU.ActiveCfg = Debug|Any CPU
		{8EDF4429-251A-416D-BB68-93F227191BCF}.Debug|Any CPU.Build.0 = Debug|Any CPU
		{8EDF4429-251A-416D-BB68-93F227191BCF}.Release|Any CPU.ActiveCfg = Release|Any CPU
		{8EDF4429-251A-416D-BB68-93F227191BCF}.Release|Any CPU.Build.0 = Release|Any CPU
		{EFBC4DF7-C1FD-4D3C-A0F3-4D301585DCD3}.Debug|Any CPU.ActiveCfg = Debug|Any CPU
		{EFBC4DF7-C1FD-4D3C-A0F3-4D301585DCD3}.Debug|Any CPU.Build.0 = Debug|Any CPU
		{EFBC4DF7-C1FD-4D3C-A0F3-4D301585DCD3}.Release|Any CPU.ActiveCfg = Release|Any CPU
		{EFBC4DF7-C1FD-4D3C-A0F3-4D301585DCD3}.Release|Any CPU.Build.0 = Release|Any CPU
		{394A2075-7991-44C6-8C41-D9B9FE4EA893}.Debug|Any CPU.ActiveCfg = Debug|Any CPU
		{394A2075-7991-44C6-8C41-D9B9FE4EA893}.Debug|Any CPU.Build.0 = Debug|Any CPU
		{394A2075-7991-44C6-8C41-D9B9FE4EA893}.Release|Any CPU.ActiveCfg = Release|Any CPU
		{394A2075-7991-44C6-8C41-D9B9FE4EA893}.Release|Any CPU.Build.0 = Release|Any CPU
	EndGlobalSection
	GlobalSection(SolutionProperties) = preSolution
		HideSolutionNode = FALSE
	EndGlobalSection
	GlobalSection(NestedProjects) = preSolution
		{BB7CA472-E6B5-4C2E-8E83-47ECF3A89E82} = {9863FCB3-BFA4-4B9C-B8F6-302BA5F660B8}
		{D1CBB76F-A412-4DA4-A5C6-55765314BA02} = {939EC5C2-8345-43E2-8F97-72EEEBEEA0AB}
		{3F9C071E-2E71-417B-A12B-20D4E7E7E5B5} = {D1CBB76F-A412-4DA4-A5C6-55765314BA02}
		{1C2A3946-05BF-48DE-81CD-FF103F7FF5A6} = {939EC5C2-8345-43E2-8F97-72EEEBEEA0AB}
		{E108DDE4-0B59-4B3E-8801-08B92E249B6E} = {1C2A3946-05BF-48DE-81CD-FF103F7FF5A6}
		{5EAEDFCA-6637-43A7-AAE5-8799E29712A1} = {939EC5C2-8345-43E2-8F97-72EEEBEEA0AB}
		{0382E600-E7F4-4645-9950-744106AD508F} = {5EAEDFCA-6637-43A7-AAE5-8799E29712A1}
		{38498D9E-E6AE-42CC-9129-903B7BD5582A} = {939EC5C2-8345-43E2-8F97-72EEEBEEA0AB}
		{94C4E850-EC58-4796-9BDD-E6717EF5EED0} = {38498D9E-E6AE-42CC-9129-903B7BD5582A}
		{2B520CF2-D0E5-4F4A-8B5F-E418E315356C} = {939EC5C2-8345-43E2-8F97-72EEEBEEA0AB}
		{CBA4C678-150C-43D5-942A-F8031E9FB1DF} = {2B520CF2-D0E5-4F4A-8B5F-E418E315356C}
		{67F1F5C4-318C-4D71-8BC0-6AF9F5BB05C5} = {939EC5C2-8345-43E2-8F97-72EEEBEEA0AB}
		{97C79F5F-B400-4E10-B682-C89AF3D983F4} = {67F1F5C4-318C-4D71-8BC0-6AF9F5BB05C5}
		{9CE88683-A80B-44A2-9665-74CD284056B1} = {939EC5C2-8345-43E2-8F97-72EEEBEEA0AB}
		{458B9D84-D1FB-489A-A35C-8ECCB09B239E} = {9CE88683-A80B-44A2-9665-74CD284056B1}
		{5B42F26A-0580-4E01-92C6-F66EA57BCE4D} = {939EC5C2-8345-43E2-8F97-72EEEBEEA0AB}
		{35D0D733-AB14-4E56-8A43-0343946DA900} = {5B42F26A-0580-4E01-92C6-F66EA57BCE4D}
		{454FBC62-68EC-4C04-84A9-E029BA91A640} = {939EC5C2-8345-43E2-8F97-72EEEBEEA0AB}
		{8DE223A5-E6D8-416F-87C7-52AB031B7D98} = {454FBC62-68EC-4C04-84A9-E029BA91A640}
		{22497D55-27E3-4B5F-8421-553771446ADF} = {939EC5C2-8345-43E2-8F97-72EEEBEEA0AB}
		{28E75E02-414C-4189-8EF5-A362FD79BC3C} = {22497D55-27E3-4B5F-8421-553771446ADF}
		{679B3C04-29CF-43AE-979E-D6D22E129233} = {939EC5C2-8345-43E2-8F97-72EEEBEEA0AB}
		{59EFBAB9-EAD2-4F25-921C-3D7D86903CA8} = {679B3C04-29CF-43AE-979E-D6D22E129233}
		{BBC41D6C-B956-49D7-8EF7-BE5E74A0D7D3} = {939EC5C2-8345-43E2-8F97-72EEEBEEA0AB}
		{A40A2F8C-9869-4C42-8EE7-D7C4EF452407} = {BBC41D6C-B956-49D7-8EF7-BE5E74A0D7D3}
		{4B9775CA-6C05-4A1B-BBCC-4E47765B819F} = {939EC5C2-8345-43E2-8F97-72EEEBEEA0AB}
		{3D732BD2-0CAF-4E23-B3AD-8A9964912182} = {4B9775CA-6C05-4A1B-BBCC-4E47765B819F}
		{A401C45A-AA47-4B71-B9D0-F38EA23FCD78} = {939EC5C2-8345-43E2-8F97-72EEEBEEA0AB}
		{77F64609-4EA2-4ACE-BFC1-56BC8D2048E6} = {A401C45A-AA47-4B71-B9D0-F38EA23FCD78}
		{4D13C0C4-ED52-46AA-88F4-C9943A419A3B} = {939EC5C2-8345-43E2-8F97-72EEEBEEA0AB}
		{A0D8DA69-BD9E-4818-BF63-5233E2F5E8A3} = {4D13C0C4-ED52-46AA-88F4-C9943A419A3B}
		{160BAFAB-8D92-49DB-A17B-BFC60B008F10} = {939EC5C2-8345-43E2-8F97-72EEEBEEA0AB}
		{B22168A2-2CB2-404F-B11A-D069DD43EDE6} = {160BAFAB-8D92-49DB-A17B-BFC60B008F10}
		{2FB0E009-CC04-4DAE-8389-07D9E68AB6C5} = {939EC5C2-8345-43E2-8F97-72EEEBEEA0AB}
		{C315A898-63C1-4434-9151-0A29CC3E78C9} = {2FB0E009-CC04-4DAE-8389-07D9E68AB6C5}
		{ED2872F0-61E9-4825-8014-695B6011803F} = {939EC5C2-8345-43E2-8F97-72EEEBEEA0AB}
		{F895583F-49B3-45C3-868F-7C97A20C7BCC} = {ED2872F0-61E9-4825-8014-695B6011803F}
		{FC1AF644-395F-43F8-8547-E1AE68572933} = {939EC5C2-8345-43E2-8F97-72EEEBEEA0AB}
		{67BB17D3-89E3-48B8-B86F-DE576E3A5AAB} = {FC1AF644-395F-43F8-8547-E1AE68572933}
		{F5B81890-8595-4CE5-8EEB-D89961D1B047} = {939EC5C2-8345-43E2-8F97-72EEEBEEA0AB}
		{B01A7334-F24E-467E-944D-8575262A33C6} = {F5B81890-8595-4CE5-8EEB-D89961D1B047}
		{3ACE9EAB-BCF7-4D49-B96F-C838BB8F3840} = {939EC5C2-8345-43E2-8F97-72EEEBEEA0AB}
		{DF89ED35-EF7D-4D22-9EFD-153308F6A459} = {3ACE9EAB-BCF7-4D49-B96F-C838BB8F3840}
		{313EDAEA-CD4C-4830-BC09-73E0167AE465} = {939EC5C2-8345-43E2-8F97-72EEEBEEA0AB}
		{8BA8B1C8-C7C3-42E0-AC73-E29A7A29936A} = {313EDAEA-CD4C-4830-BC09-73E0167AE465}
		{553874CF-6B58-4DF5-B73F-28A8128F7E58} = {939EC5C2-8345-43E2-8F97-72EEEBEEA0AB}
		{CB5A6488-A009-4094-A8DE-AEB3C75EC500} = {553874CF-6B58-4DF5-B73F-28A8128F7E58}
		{EBAB7549-74BE-46A7-9D51-EE1180A718E1} = {939EC5C2-8345-43E2-8F97-72EEEBEEA0AB}
		{976CBF0E-22BB-4666-8770-585B243CF743} = {EBAB7549-74BE-46A7-9D51-EE1180A718E1}
		{6CFFEEAD-FA2D-43DF-B1D7-0A1A386253B4} = {939EC5C2-8345-43E2-8F97-72EEEBEEA0AB}
		{82067193-F00A-4270-8427-C59C2990860B} = {6CFFEEAD-FA2D-43DF-B1D7-0A1A386253B4}
		{8D66A55E-8E0B-42A0-BB8B-A6B27B8DB233} = {939EC5C2-8345-43E2-8F97-72EEEBEEA0AB}
		{2B612444-9B0E-4600-842B-5FAB5D519F09} = {8D66A55E-8E0B-42A0-BB8B-A6B27B8DB233}
		{3CD31911-DD78-4F2D-AE5F-F0879262FFC3} = {939EC5C2-8345-43E2-8F97-72EEEBEEA0AB}
		{E1126EBE-45A9-409C-93F5-E6E24DED4940} = {3CD31911-DD78-4F2D-AE5F-F0879262FFC3}
		{8A16E300-3D2E-4F61-862B-38FFCE02D9F3} = {939EC5C2-8345-43E2-8F97-72EEEBEEA0AB}
		{B9C32053-ED0D-4A3E-BB17-60950C1DDA07} = {8A16E300-3D2E-4F61-862B-38FFCE02D9F3}
		{5489AAF0-831A-47F8-8994-66CAD2F3FDEA} = {939EC5C2-8345-43E2-8F97-72EEEBEEA0AB}
		{0AF1122A-CC35-4C92-965F-2EABED6FAA84} = {5489AAF0-831A-47F8-8994-66CAD2F3FDEA}
		{0BB638B5-932D-4841-992C-A2D21E8D87DE} = {939EC5C2-8345-43E2-8F97-72EEEBEEA0AB}
		{B1CA3036-993D-47AE-B3A7-E878DE69E92B} = {0BB638B5-932D-4841-992C-A2D21E8D87DE}
		{380EE776-BC1B-4C14-821E-291A56D71EB3} = {939EC5C2-8345-43E2-8F97-72EEEBEEA0AB}
		{348B8468-7B00-480D-A5B6-601DD7F96AA1} = {380EE776-BC1B-4C14-821E-291A56D71EB3}
		{F892BC6D-08C1-4FC0-9610-9E6D2BEC32D7} = {939EC5C2-8345-43E2-8F97-72EEEBEEA0AB}
		{DD282F4D-2FEA-472B-AADA-447383F1BE6D} = {F892BC6D-08C1-4FC0-9610-9E6D2BEC32D7}
		{AAAAF75B-4C04-45E2-89F5-CDB8A21145F4} = {939EC5C2-8345-43E2-8F97-72EEEBEEA0AB}
		{DAC79EF7-8786-4A6D-A83F-23A85FC04B09} = {AAAAF75B-4C04-45E2-89F5-CDB8A21145F4}
		{DBC6FB50-4DF9-430F-85C5-052A1A2128F6} = {939EC5C2-8345-43E2-8F97-72EEEBEEA0AB}
		{ABA6FDD4-109D-4381-B198-C1B27F30035A} = {DBC6FB50-4DF9-430F-85C5-052A1A2128F6}
		{99111BFD-AFC6-4CEE-A9D5-C4954A520901} = {939EC5C2-8345-43E2-8F97-72EEEBEEA0AB}
		{089C8701-72E7-4264-85EE-654314AC813D} = {99111BFD-AFC6-4CEE-A9D5-C4954A520901}
		{7D4AB7DA-7AE7-4DDE-89E8-E7E938D8C2C2} = {939EC5C2-8345-43E2-8F97-72EEEBEEA0AB}
		{038F91F3-9FD9-4F60-B78D-033CA1C700E6} = {7D4AB7DA-7AE7-4DDE-89E8-E7E938D8C2C2}
		{225D269A-14E5-4A40-BFAB-312BB055F749} = {939EC5C2-8345-43E2-8F97-72EEEBEEA0AB}
		{AF54EE7B-3701-48AC-8387-B745676D4D36} = {225D269A-14E5-4A40-BFAB-312BB055F749}
		{A548D33F-B017-4795-84A6-8F30177ED870} = {939EC5C2-8345-43E2-8F97-72EEEBEEA0AB}
		{7F15EDDB-3E4B-4F6B-B4AD-1F4339CCFD4D} = {A548D33F-B017-4795-84A6-8F30177ED870}
		{94E71D18-56C3-4B5C-93C7-826CC5BB456F} = {939EC5C2-8345-43E2-8F97-72EEEBEEA0AB}
		{529FE2B4-69F2-4AFC-8D99-AE63DD585D5C} = {94E71D18-56C3-4B5C-93C7-826CC5BB456F}
		{BB601177-29F8-49CC-84A8-CF6D2764F9E7} = {939EC5C2-8345-43E2-8F97-72EEEBEEA0AB}
		{BC3B59CF-1C08-4CE5-8D62-DF1CC3B732DC} = {BB601177-29F8-49CC-84A8-CF6D2764F9E7}
		{468EB791-9265-4566-A7F4-39751ED87243} = {939EC5C2-8345-43E2-8F97-72EEEBEEA0AB}
		{FF9FD653-83AD-40A8-A9DC-18F383A1786C} = {468EB791-9265-4566-A7F4-39751ED87243}
		{BEDF2710-3CD2-4C1A-8B1B-2E4A05C2382D} = {939EC5C2-8345-43E2-8F97-72EEEBEEA0AB}
		{3963A0FB-A294-4B44-B3BD-40390C9C2A00} = {BEDF2710-3CD2-4C1A-8B1B-2E4A05C2382D}
		{53064ED2-A6AE-466E-B5F1-DD5B19E31DAA} = {939EC5C2-8345-43E2-8F97-72EEEBEEA0AB}
		{7050525F-7E36-4A9B-A637-2A481989574D} = {53064ED2-A6AE-466E-B5F1-DD5B19E31DAA}
		{9AF9467B-86D2-4B52-8407-47D33BDE9A65} = {939EC5C2-8345-43E2-8F97-72EEEBEEA0AB}
		{6E7BE7EC-3F41-49FD-BBB0-ADED5F91AB19} = {9AF9467B-86D2-4B52-8407-47D33BDE9A65}
		{F5578CC0-69C4-4B4D-AFB2-55F3914538FD} = {939EC5C2-8345-43E2-8F97-72EEEBEEA0AB}
		{89A64015-1C8C-40D0-B6A5-24046443A18B} = {F5578CC0-69C4-4B4D-AFB2-55F3914538FD}
		{5EFA40DB-79C8-411F-9D9F-21ECB1867AF8} = {939EC5C2-8345-43E2-8F97-72EEEBEEA0AB}
		{8CEC3085-B6AE-4487-818E-484A1DEC6A27} = {5EFA40DB-79C8-411F-9D9F-21ECB1867AF8}
		{C9E784B8-1EB7-4069-89CA-58E7F4144687} = {939EC5C2-8345-43E2-8F97-72EEEBEEA0AB}
		{EA4F1A96-67C1-42A8-A870-C4896121D136} = {C9E784B8-1EB7-4069-89CA-58E7F4144687}
		{BAF9F9DE-5401-4EDD-B258-F92297637411} = {939EC5C2-8345-43E2-8F97-72EEEBEEA0AB}
		{E072F102-6CF5-4001-B0DB-8347C629FB6F} = {BAF9F9DE-5401-4EDD-B258-F92297637411}
		{F3044040-891E-4253-9B7B-943D571F4EA3} = {939EC5C2-8345-43E2-8F97-72EEEBEEA0AB}
		{DABBAE98-3481-4FAE-A2BD-9218841E9939} = {F3044040-891E-4253-9B7B-943D571F4EA3}
		{AC16E489-EA53-4CBE-8D22-9AA2F855CAB9} = {939EC5C2-8345-43E2-8F97-72EEEBEEA0AB}
		{2322A949-8CB4-4E98-82CE-D605908F7648} = {AC16E489-EA53-4CBE-8D22-9AA2F855CAB9}
		{D12F3769-BC27-4298-9A00-DC0A0BE074B2} = {939EC5C2-8345-43E2-8F97-72EEEBEEA0AB}
		{21E1396D-EDC6-4D8E-B0BE-FC4345701131} = {D12F3769-BC27-4298-9A00-DC0A0BE074B2}
		{50DE5E61-92EB-4A32-B7EE-9D76BB36DA85} = {939EC5C2-8345-43E2-8F97-72EEEBEEA0AB}
		{2BA9DA3A-7F52-4FF7-B582-6FED7E09E925} = {50DE5E61-92EB-4A32-B7EE-9D76BB36DA85}
		{C492E82C-143D-4ED9-987A-F047E73C5BE5} = {939EC5C2-8345-43E2-8F97-72EEEBEEA0AB}
		{478F34E7-1917-4106-86FF-345A3736B830} = {C492E82C-143D-4ED9-987A-F047E73C5BE5}
		{398415DD-3948-45ED-9F6C-E52F5DD67BD6} = {939EC5C2-8345-43E2-8F97-72EEEBEEA0AB}
		{D07CCA74-E448-4A39-84AF-9BCEC6EB3FA5} = {398415DD-3948-45ED-9F6C-E52F5DD67BD6}
		{AE3B7BA8-97BC-48D4-BA4A-8535C577321C} = {939EC5C2-8345-43E2-8F97-72EEEBEEA0AB}
		{FD402267-869C-459A-A934-C16AD9EEF110} = {AE3B7BA8-97BC-48D4-BA4A-8535C577321C}
		{5A145076-AA92-47DC-9D18-D68AA23FA2BC} = {939EC5C2-8345-43E2-8F97-72EEEBEEA0AB}
		{C8098E98-4548-461A-A6FB-8D221330833F} = {5A145076-AA92-47DC-9D18-D68AA23FA2BC}
		{86D493AE-7C83-4DAF-A0BE-C35C59A79016} = {939EC5C2-8345-43E2-8F97-72EEEBEEA0AB}
		{F15D9B2A-42A5-49EE-95D9-2C9066D529FC} = {86D493AE-7C83-4DAF-A0BE-C35C59A79016}
		{7531F807-31B2-42CF-9E82-BEBBF5C49ECE} = {939EC5C2-8345-43E2-8F97-72EEEBEEA0AB}
		{EF1F44BC-EFFF-49D0-9469-526CF6E6BDD6} = {7531F807-31B2-42CF-9E82-BEBBF5C49ECE}
		{BED7481A-C185-43FE-8EEB-4CCE2EF8F069} = {939EC5C2-8345-43E2-8F97-72EEEBEEA0AB}
		{6A7529BA-5B31-4313-9078-FFB35F580089} = {BED7481A-C185-43FE-8EEB-4CCE2EF8F069}
		{A2D38A37-D59C-4790-A9C6-531397CACE62} = {939EC5C2-8345-43E2-8F97-72EEEBEEA0AB}
		{89EBA1C2-61A1-4A95-B9A9-DE271522E3A8} = {A2D38A37-D59C-4790-A9C6-531397CACE62}
		{02360510-C308-4627-AC3C-4075939F0986} = {939EC5C2-8345-43E2-8F97-72EEEBEEA0AB}
		{BB053C5A-CED4-43B5-96BC-36CC7E37866A} = {02360510-C308-4627-AC3C-4075939F0986}
		{D3CB1576-851D-46B1-820F-9C3BB0D8B6A6} = {939EC5C2-8345-43E2-8F97-72EEEBEEA0AB}
		{A0EA8ECB-8744-48D2-B2C6-1C67439FA05E} = {D3CB1576-851D-46B1-820F-9C3BB0D8B6A6}
		{D2035C68-7D24-4DD1-817F-A17A2B39ED4F} = {939EC5C2-8345-43E2-8F97-72EEEBEEA0AB}
		{6915A761-F8C6-415B-97C6-6739EFE29382} = {D2035C68-7D24-4DD1-817F-A17A2B39ED4F}
		{BDC58579-144C-4F01-9D09-C0AED3C81541} = {939EC5C2-8345-43E2-8F97-72EEEBEEA0AB}
		{ABCBE3D9-1E80-4CC2-AA22-6C5288C80FD1} = {BDC58579-144C-4F01-9D09-C0AED3C81541}
		{13475C90-1D14-438D-8EBD-B35FC3E8687C} = {939EC5C2-8345-43E2-8F97-72EEEBEEA0AB}
		{358F3949-CAA3-4EF3-8676-6959262ECB17} = {13475C90-1D14-438D-8EBD-B35FC3E8687C}
		{4B877057-1D64-4930-AE68-2DC4BF1DB9FA} = {939EC5C2-8345-43E2-8F97-72EEEBEEA0AB}
		{DFEE91AC-6C43-4F85-A56C-D8742C54B4BB} = {4B877057-1D64-4930-AE68-2DC4BF1DB9FA}
		{4191E352-17E0-466C-9479-20D4D42A7BF0} = {939EC5C2-8345-43E2-8F97-72EEEBEEA0AB}
		{70A25D7A-5E4A-4E77-8A4B-3FC694359013} = {4191E352-17E0-466C-9479-20D4D42A7BF0}
		{33062ECF-6BF3-4382-87BF-CB782AB34DBD} = {939EC5C2-8345-43E2-8F97-72EEEBEEA0AB}
		{3B3C04A0-F7AC-4FC7-B227-A3C861740F85} = {33062ECF-6BF3-4382-87BF-CB782AB34DBD}
		{680E5272-30FC-434D-B862-CF7A05A3505A} = {939EC5C2-8345-43E2-8F97-72EEEBEEA0AB}
		{9B701342-8BFA-4DD0-8357-411C141A9A04} = {680E5272-30FC-434D-B862-CF7A05A3505A}
		{EBE4BBAA-07EC-4D84-A818-BE4F3BB8E903} = {939EC5C2-8345-43E2-8F97-72EEEBEEA0AB}
		{0142365E-1F2B-44F8-8640-F5329964FEAE} = {EBE4BBAA-07EC-4D84-A818-BE4F3BB8E903}
		{5433C6A9-041F-4369-B34F-89CCBCCA6B49} = {939EC5C2-8345-43E2-8F97-72EEEBEEA0AB}
		{4595D982-673D-44CD-8956-53D52D3E6CCE} = {5433C6A9-041F-4369-B34F-89CCBCCA6B49}
		{A3554CDB-FE1D-405A-9764-BF44693E7732} = {939EC5C2-8345-43E2-8F97-72EEEBEEA0AB}
		{58CF2682-57FB-4B69-A4EB-41E84D3C2279} = {A3554CDB-FE1D-405A-9764-BF44693E7732}
		{690CE19D-417C-4957-858C-8264CF83AFFE} = {939EC5C2-8345-43E2-8F97-72EEEBEEA0AB}
		{25F62F4C-9DE6-47BB-AE9F-1DE82341E25B} = {690CE19D-417C-4957-858C-8264CF83AFFE}
		{DDDD59BD-EBEC-4B27-93D2-AB6F3F31C35A} = {939EC5C2-8345-43E2-8F97-72EEEBEEA0AB}
		{2D51B8EB-9890-4D42-80AE-3F534435D97A} = {DDDD59BD-EBEC-4B27-93D2-AB6F3F31C35A}
		{52221B58-7F48-4427-9753-D14C8CEA1A0A} = {939EC5C2-8345-43E2-8F97-72EEEBEEA0AB}
		{138D340A-A92B-4825-9C1D-268CBE003585} = {52221B58-7F48-4427-9753-D14C8CEA1A0A}
		{9AC8F6BB-A1BB-41DF-B1B3-E6393009605B} = {939EC5C2-8345-43E2-8F97-72EEEBEEA0AB}
		{2B091622-5088-4B5D-807D-D95EA2F9638B} = {9AC8F6BB-A1BB-41DF-B1B3-E6393009605B}
		{6EC05250-1771-4082-B269-06DC912E958F} = {939EC5C2-8345-43E2-8F97-72EEEBEEA0AB}
		{BF4AD7CB-BCF4-43D0-A59E-AEEE551D804D} = {6EC05250-1771-4082-B269-06DC912E958F}
		{1E335AC9-7677-4986-9853-20E386FB55D8} = {939EC5C2-8345-43E2-8F97-72EEEBEEA0AB}
		{7C4CCB04-B3E9-4743-BC36-FD9FE5896A08} = {1E335AC9-7677-4986-9853-20E386FB55D8}
		{05287DBE-02B2-4013-8D13-DA074FE56EA8} = {939EC5C2-8345-43E2-8F97-72EEEBEEA0AB}
		{8D71494A-8CBA-4BFE-87E9-2B612EF9D836} = {05287DBE-02B2-4013-8D13-DA074FE56EA8}
		{30CBBF49-25AE-4EAB-B0F1-B4D186C1C07E} = {7FFC27FB-A2E6-40DC-8086-7F80AC667248}
		{8CF3969A-8BCD-4D7C-A6AB-E3FF9BE45358} = {7FFC27FB-A2E6-40DC-8086-7F80AC667248}
		{4AEA9A58-AF75-41B1-9DF3-1BFD94BC4E86} = {7FFC27FB-A2E6-40DC-8086-7F80AC667248}
		{82A5228C-AA79-4F67-BBE9-13ACD4E14157} = {7FFC27FB-A2E6-40DC-8086-7F80AC667248}
		{91505A4E-5349-4AD0-A873-E72A6E8111B4} = {30CBBF49-25AE-4EAB-B0F1-B4D186C1C07E}
		{8EDF4429-251A-416D-BB68-93F227191BCF} = {8CF3969A-8BCD-4D7C-A6AB-E3FF9BE45358}
		{EFBC4DF7-C1FD-4D3C-A0F3-4D301585DCD3} = {4AEA9A58-AF75-41B1-9DF3-1BFD94BC4E86}
		{394A2075-7991-44C6-8C41-D9B9FE4EA893} = {82A5228C-AA79-4F67-BBE9-13ACD4E14157}
	EndGlobalSection
	GlobalSection(ExtensibilityGlobals) = postSolution
		SolutionGuid = {32A9903E-CBA2-4CFF-8469-12146263387F}
	EndGlobalSection
EndGlobal
